
Microsoft Visual Studio Solution File, Format Version 12.00
# Visual Studio 15
VisualStudioVersion = 15.0.26228.4
MinimumVisualStudioVersion = 10.0.40219.1
Project("{2150E333-8FDC-42A3-9474-1A3956D46DE8}") = "src", "src", "{35A6633D-383C-4FDD-92C4-0C169BAD94BD}"
EndProject
Project("{2150E333-8FDC-42A3-9474-1A3956D46DE8}") = "Solution Items", "Solution Items", "{6973340F-57D8-4C2D-8D5B-4C594FBE417A}"
	ProjectSection(SolutionItems) = preProject
		global.json = global.json
	EndProjectSection
EndProject
Project("{9A19103F-16F7-4668-BE54-9A1E7A4F7556}") = "Qooba.Framework.Abstractions", "src\Qooba.Framework.Abstractions\Qooba.Framework.Abstractions.csproj", "{B6C550AF-E0E5-4E4A-BD49-B517A954BC6F}"
EndProject
Project("{9A19103F-16F7-4668-BE54-9A1E7A4F7556}") = "Qooba.Framework.DependencyInjection.Abstractions", "src\Qooba.Framework.DependencyInjection.Abstractions\Qooba.Framework.DependencyInjection.Abstractions.csproj", "{93E19E38-BF98-4064-9114-44CAA0B497C5}"
EndProject
Project("{2150E333-8FDC-42A3-9474-1A3956D46DE8}") = "DependencyInjection", "DependencyInjection", "{136B7382-1EFD-44C6-9F08-91CC498DDB90}"
EndProject
Project("{2150E333-8FDC-42A3-9474-1A3956D46DE8}") = "Bot", "Bot", "{BA5F342A-9FCF-4A6E-9D47-19592B669207}"
EndProject
Project("{9A19103F-16F7-4668-BE54-9A1E7A4F7556}") = "Qooba.Framework.Bot.Abstractions", "src\Qooba.Framework.Bot.Abstractions\Qooba.Framework.Bot.Abstractions.csproj", "{0D3E0E6F-3739-44A5-9418-C1CFF14167CB}"
EndProject
Project("{9A19103F-16F7-4668-BE54-9A1E7A4F7556}") = "Qooba.Framework.Bot", "src\Qooba.Framework.Bot\Qooba.Framework.Bot.csproj", "{524013C7-245F-4DEE-8F68-588ED615ED47}"
EndProject
Project("{9A19103F-16F7-4668-BE54-9A1E7A4F7556}") = "Qooba.Framework.Bot.Tests", "src\Qooba.Framework.Bot.Tests\Qooba.Framework.Bot.Tests.csproj", "{B7D0E595-6883-41F9-A613-1CD55578C4E6}"
EndProject
Project("{2150E333-8FDC-42A3-9474-1A3956D46DE8}") = "Logging", "Logging", "{1FA59BD0-6808-45E8-88C4-B830AB6E64BE}"
EndProject
Project("{9A19103F-16F7-4668-BE54-9A1E7A4F7556}") = "Qooba.Framework.Logging.Abstractions", "src\Qooba.Framework.Logging.Abstractions\Qooba.Framework.Logging.Abstractions.csproj", "{22CCFB9C-2F9D-48F7-961E-E62E6C110DF6}"
EndProject
Project("{2150E333-8FDC-42A3-9474-1A3956D46DE8}") = "Configuration", "Configuration", "{C9A57FF2-B42E-4240-9AA0-A8E1F56069E9}"
EndProject
Project("{9A19103F-16F7-4668-BE54-9A1E7A4F7556}") = "Qooba.Framework.Configuration.Abstractions", "src\Qooba.Framework.Configuration.Abstractions\Qooba.Framework.Configuration.Abstractions.csproj", "{805B72B1-F217-4DB9-9995-1235EF58B0A2}"
EndProject
Project("{9A19103F-16F7-4668-BE54-9A1E7A4F7556}") = "Qooba.Framework.Bot.Azure", "src\Qooba.Framework.Bot.Azure\Qooba.Framework.Bot.Azure.csproj", "{B3269F9C-51FF-4BEC-A8F8-CA5C0E613F7A}"
EndProject
Project("{9A19103F-16F7-4668-BE54-9A1E7A4F7556}") = "Qooba.Framework.Bot.Azure.Tests", "src\Qooba.Framework.Bot.Azure.Tests\Qooba.Framework.Bot.Azure.Tests.csproj", "{4C90A3C9-D804-4FA0-B8DF-2C722ED9E045}"
EndProject
Project("{2150E333-8FDC-42A3-9474-1A3956D46DE8}") = "Serialization", "Serialization", "{E316ADF0-1F5A-4130-9099-6310D4FDA3C4}"
EndProject
Project("{9A19103F-16F7-4668-BE54-9A1E7A4F7556}") = "Qooba.Framework.Serialization.Abstractions", "src\Qooba.Framework.Serialization.Abstractions\Qooba.Framework.Serialization.Abstractions.csproj", "{F57E2533-908A-4C4C-8D72-B4193C475BC8}"
EndProject
Project("{9A19103F-16F7-4668-BE54-9A1E7A4F7556}") = "Qooba.Framework.Serialization", "src\Qooba.Framework.Serialization\Qooba.Framework.Serialization.csproj", "{DACCEDA6-896B-42AD-96C0-6A8AD98DE7C0}"
EndProject
Project("{9A19103F-16F7-4668-BE54-9A1E7A4F7556}") = "Qooba.Framework", "src\Qooba.Framework\Qooba.Framework.csproj", "{6E6956AA-6C27-4050-8A88-5E5FC25DF5D3}"
EndProject
Project("{9A19103F-16F7-4668-BE54-9A1E7A4F7556}") = "Qooba.Framework.Logging.AzureApplicationInsights", "src\Qooba.Framework.Logging.AzureApplicationInsights\Qooba.Framework.Logging.AzureApplicationInsights.csproj", "{473CFA3F-4E37-405C-AFD6-E644551BE33D}"
EndProject
Project("{9A19103F-16F7-4668-BE54-9A1E7A4F7556}") = "Qooba.Framework.DependencyInjection.SimpleContainer", "src\Qooba.Framework.DependencyInjection.SimpleContainer\Qooba.Framework.DependencyInjection.SimpleContainer.csproj", "{5CF0C692-C320-4784-BDD0-E179C0FBF3F8}"
EndProject
Project("{9A19103F-16F7-4668-BE54-9A1E7A4F7556}") = "Qooba.Framework.Configuration", "src\Qooba.Framework.Configuration\Qooba.Framework.Configuration.csproj", "{8164F9FB-621A-47DD-839A-9A035F7DBC1E}"
EndProject
Global
	GlobalSection(SolutionConfigurationPlatforms) = preSolution
		Debug|Any CPU = Debug|Any CPU
		Debug|x64 = Debug|x64
		Debug|x86 = Debug|x86
		Release|Any CPU = Release|Any CPU
		Release|x64 = Release|x64
		Release|x86 = Release|x86
	EndGlobalSection
	GlobalSection(ProjectConfigurationPlatforms) = postSolution
		{B6C550AF-E0E5-4E4A-BD49-B517A954BC6F}.Debug|Any CPU.ActiveCfg = Debug|Any CPU
		{B6C550AF-E0E5-4E4A-BD49-B517A954BC6F}.Debug|Any CPU.Build.0 = Debug|Any CPU
		{B6C550AF-E0E5-4E4A-BD49-B517A954BC6F}.Debug|x64.ActiveCfg = Debug|Any CPU
		{B6C550AF-E0E5-4E4A-BD49-B517A954BC6F}.Debug|x64.Build.0 = Debug|Any CPU
		{B6C550AF-E0E5-4E4A-BD49-B517A954BC6F}.Debug|x86.ActiveCfg = Debug|Any CPU
		{B6C550AF-E0E5-4E4A-BD49-B517A954BC6F}.Debug|x86.Build.0 = Debug|Any CPU
		{B6C550AF-E0E5-4E4A-BD49-B517A954BC6F}.Release|Any CPU.ActiveCfg = Release|Any CPU
		{B6C550AF-E0E5-4E4A-BD49-B517A954BC6F}.Release|Any CPU.Build.0 = Release|Any CPU
		{B6C550AF-E0E5-4E4A-BD49-B517A954BC6F}.Release|x64.ActiveCfg = Release|Any CPU
		{B6C550AF-E0E5-4E4A-BD49-B517A954BC6F}.Release|x64.Build.0 = Release|Any CPU
		{B6C550AF-E0E5-4E4A-BD49-B517A954BC6F}.Release|x86.ActiveCfg = Release|Any CPU
		{B6C550AF-E0E5-4E4A-BD49-B517A954BC6F}.Release|x86.Build.0 = Release|Any CPU
		{93E19E38-BF98-4064-9114-44CAA0B497C5}.Debug|Any CPU.ActiveCfg = Debug|Any CPU
		{93E19E38-BF98-4064-9114-44CAA0B497C5}.Debug|Any CPU.Build.0 = Debug|Any CPU
		{93E19E38-BF98-4064-9114-44CAA0B497C5}.Debug|x64.ActiveCfg = Debug|Any CPU
		{93E19E38-BF98-4064-9114-44CAA0B497C5}.Debug|x64.Build.0 = Debug|Any CPU
		{93E19E38-BF98-4064-9114-44CAA0B497C5}.Debug|x86.ActiveCfg = Debug|Any CPU
		{93E19E38-BF98-4064-9114-44CAA0B497C5}.Debug|x86.Build.0 = Debug|Any CPU
		{93E19E38-BF98-4064-9114-44CAA0B497C5}.Release|Any CPU.ActiveCfg = Release|Any CPU
		{93E19E38-BF98-4064-9114-44CAA0B497C5}.Release|Any CPU.Build.0 = Release|Any CPU
		{93E19E38-BF98-4064-9114-44CAA0B497C5}.Release|x64.ActiveCfg = Release|Any CPU
		{93E19E38-BF98-4064-9114-44CAA0B497C5}.Release|x64.Build.0 = Release|Any CPU
		{93E19E38-BF98-4064-9114-44CAA0B497C5}.Release|x86.ActiveCfg = Release|Any CPU
		{93E19E38-BF98-4064-9114-44CAA0B497C5}.Release|x86.Build.0 = Release|Any CPU
		{0D3E0E6F-3739-44A5-9418-C1CFF14167CB}.Debug|Any CPU.ActiveCfg = Debug|Any CPU
		{0D3E0E6F-3739-44A5-9418-C1CFF14167CB}.Debug|Any CPU.Build.0 = Debug|Any CPU
		{0D3E0E6F-3739-44A5-9418-C1CFF14167CB}.Debug|x64.ActiveCfg = Debug|Any CPU
		{0D3E0E6F-3739-44A5-9418-C1CFF14167CB}.Debug|x64.Build.0 = Debug|Any CPU
		{0D3E0E6F-3739-44A5-9418-C1CFF14167CB}.Debug|x86.ActiveCfg = Debug|Any CPU
		{0D3E0E6F-3739-44A5-9418-C1CFF14167CB}.Debug|x86.Build.0 = Debug|Any CPU
		{0D3E0E6F-3739-44A5-9418-C1CFF14167CB}.Release|Any CPU.ActiveCfg = Release|Any CPU
		{0D3E0E6F-3739-44A5-9418-C1CFF14167CB}.Release|Any CPU.Build.0 = Release|Any CPU
		{0D3E0E6F-3739-44A5-9418-C1CFF14167CB}.Release|x64.ActiveCfg = Release|Any CPU
		{0D3E0E6F-3739-44A5-9418-C1CFF14167CB}.Release|x64.Build.0 = Release|Any CPU
		{0D3E0E6F-3739-44A5-9418-C1CFF14167CB}.Release|x86.ActiveCfg = Release|Any CPU
		{0D3E0E6F-3739-44A5-9418-C1CFF14167CB}.Release|x86.Build.0 = Release|Any CPU
		{524013C7-245F-4DEE-8F68-588ED615ED47}.Debug|Any CPU.ActiveCfg = Debug|Any CPU
		{524013C7-245F-4DEE-8F68-588ED615ED47}.Debug|Any CPU.Build.0 = Debug|Any CPU
		{524013C7-245F-4DEE-8F68-588ED615ED47}.Debug|x64.ActiveCfg = Debug|Any CPU
		{524013C7-245F-4DEE-8F68-588ED615ED47}.Debug|x64.Build.0 = Debug|Any CPU
		{524013C7-245F-4DEE-8F68-588ED615ED47}.Debug|x86.ActiveCfg = Debug|Any CPU
		{524013C7-245F-4DEE-8F68-588ED615ED47}.Debug|x86.Build.0 = Debug|Any CPU
		{524013C7-245F-4DEE-8F68-588ED615ED47}.Release|Any CPU.ActiveCfg = Release|Any CPU
		{524013C7-245F-4DEE-8F68-588ED615ED47}.Release|Any CPU.Build.0 = Release|Any CPU
		{524013C7-245F-4DEE-8F68-588ED615ED47}.Release|x64.ActiveCfg = Release|Any CPU
		{524013C7-245F-4DEE-8F68-588ED615ED47}.Release|x64.Build.0 = Release|Any CPU
		{524013C7-245F-4DEE-8F68-588ED615ED47}.Release|x86.ActiveCfg = Release|Any CPU
		{524013C7-245F-4DEE-8F68-588ED615ED47}.Release|x86.Build.0 = Release|Any CPU
		{B7D0E595-6883-41F9-A613-1CD55578C4E6}.Debug|Any CPU.ActiveCfg = Debug|Any CPU
		{B7D0E595-6883-41F9-A613-1CD55578C4E6}.Debug|Any CPU.Build.0 = Debug|Any CPU
		{B7D0E595-6883-41F9-A613-1CD55578C4E6}.Debug|x64.ActiveCfg = Debug|Any CPU
		{B7D0E595-6883-41F9-A613-1CD55578C4E6}.Debug|x64.Build.0 = Debug|Any CPU
		{B7D0E595-6883-41F9-A613-1CD55578C4E6}.Debug|x86.ActiveCfg = Debug|Any CPU
		{B7D0E595-6883-41F9-A613-1CD55578C4E6}.Debug|x86.Build.0 = Debug|Any CPU
		{B7D0E595-6883-41F9-A613-1CD55578C4E6}.Release|Any CPU.ActiveCfg = Release|Any CPU
		{B7D0E595-6883-41F9-A613-1CD55578C4E6}.Release|Any CPU.Build.0 = Release|Any CPU
		{B7D0E595-6883-41F9-A613-1CD55578C4E6}.Release|x64.ActiveCfg = Release|Any CPU
		{B7D0E595-6883-41F9-A613-1CD55578C4E6}.Release|x64.Build.0 = Release|Any CPU
		{B7D0E595-6883-41F9-A613-1CD55578C4E6}.Release|x86.ActiveCfg = Release|Any CPU
		{B7D0E595-6883-41F9-A613-1CD55578C4E6}.Release|x86.Build.0 = Release|Any CPU
		{22CCFB9C-2F9D-48F7-961E-E62E6C110DF6}.Debug|Any CPU.ActiveCfg = Debug|Any CPU
		{22CCFB9C-2F9D-48F7-961E-E62E6C110DF6}.Debug|Any CPU.Build.0 = Debug|Any CPU
		{22CCFB9C-2F9D-48F7-961E-E62E6C110DF6}.Debug|x64.ActiveCfg = Debug|Any CPU
		{22CCFB9C-2F9D-48F7-961E-E62E6C110DF6}.Debug|x64.Build.0 = Debug|Any CPU
		{22CCFB9C-2F9D-48F7-961E-E62E6C110DF6}.Debug|x86.ActiveCfg = Debug|Any CPU
		{22CCFB9C-2F9D-48F7-961E-E62E6C110DF6}.Debug|x86.Build.0 = Debug|Any CPU
		{22CCFB9C-2F9D-48F7-961E-E62E6C110DF6}.Release|Any CPU.ActiveCfg = Release|Any CPU
		{22CCFB9C-2F9D-48F7-961E-E62E6C110DF6}.Release|Any CPU.Build.0 = Release|Any CPU
		{22CCFB9C-2F9D-48F7-961E-E62E6C110DF6}.Release|x64.ActiveCfg = Release|Any CPU
		{22CCFB9C-2F9D-48F7-961E-E62E6C110DF6}.Release|x64.Build.0 = Release|Any CPU
		{22CCFB9C-2F9D-48F7-961E-E62E6C110DF6}.Release|x86.ActiveCfg = Release|Any CPU
		{22CCFB9C-2F9D-48F7-961E-E62E6C110DF6}.Release|x86.Build.0 = Release|Any CPU
		{805B72B1-F217-4DB9-9995-1235EF58B0A2}.Debug|Any CPU.ActiveCfg = Debug|Any CPU
		{805B72B1-F217-4DB9-9995-1235EF58B0A2}.Debug|Any CPU.Build.0 = Debug|Any CPU
		{805B72B1-F217-4DB9-9995-1235EF58B0A2}.Debug|x64.ActiveCfg = Debug|Any CPU
		{805B72B1-F217-4DB9-9995-1235EF58B0A2}.Debug|x64.Build.0 = Debug|Any CPU
		{805B72B1-F217-4DB9-9995-1235EF58B0A2}.Debug|x86.ActiveCfg = Debug|Any CPU
		{805B72B1-F217-4DB9-9995-1235EF58B0A2}.Debug|x86.Build.0 = Debug|Any CPU
		{805B72B1-F217-4DB9-9995-1235EF58B0A2}.Release|Any CPU.ActiveCfg = Release|Any CPU
		{805B72B1-F217-4DB9-9995-1235EF58B0A2}.Release|Any CPU.Build.0 = Release|Any CPU
		{805B72B1-F217-4DB9-9995-1235EF58B0A2}.Release|x64.ActiveCfg = Release|Any CPU
		{805B72B1-F217-4DB9-9995-1235EF58B0A2}.Release|x64.Build.0 = Release|Any CPU
		{805B72B1-F217-4DB9-9995-1235EF58B0A2}.Release|x86.ActiveCfg = Release|Any CPU
		{805B72B1-F217-4DB9-9995-1235EF58B0A2}.Release|x86.Build.0 = Release|Any CPU
		{B3269F9C-51FF-4BEC-A8F8-CA5C0E613F7A}.Debug|Any CPU.ActiveCfg = Debug|Any CPU
		{B3269F9C-51FF-4BEC-A8F8-CA5C0E613F7A}.Debug|Any CPU.Build.0 = Debug|Any CPU
		{B3269F9C-51FF-4BEC-A8F8-CA5C0E613F7A}.Debug|x64.ActiveCfg = Debug|Any CPU
		{B3269F9C-51FF-4BEC-A8F8-CA5C0E613F7A}.Debug|x64.Build.0 = Debug|Any CPU
		{B3269F9C-51FF-4BEC-A8F8-CA5C0E613F7A}.Debug|x86.ActiveCfg = Debug|Any CPU
		{B3269F9C-51FF-4BEC-A8F8-CA5C0E613F7A}.Debug|x86.Build.0 = Debug|Any CPU
		{B3269F9C-51FF-4BEC-A8F8-CA5C0E613F7A}.Release|Any CPU.ActiveCfg = Release|Any CPU
		{B3269F9C-51FF-4BEC-A8F8-CA5C0E613F7A}.Release|Any CPU.Build.0 = Release|Any CPU
		{B3269F9C-51FF-4BEC-A8F8-CA5C0E613F7A}.Release|x64.ActiveCfg = Release|Any CPU
		{B3269F9C-51FF-4BEC-A8F8-CA5C0E613F7A}.Release|x64.Build.0 = Release|Any CPU
		{B3269F9C-51FF-4BEC-A8F8-CA5C0E613F7A}.Release|x86.ActiveCfg = Release|Any CPU
		{B3269F9C-51FF-4BEC-A8F8-CA5C0E613F7A}.Release|x86.Build.0 = Release|Any CPU
		{4C90A3C9-D804-4FA0-B8DF-2C722ED9E045}.Debug|Any CPU.ActiveCfg = Debug|Any CPU
		{4C90A3C9-D804-4FA0-B8DF-2C722ED9E045}.Debug|Any CPU.Build.0 = Debug|Any CPU
		{4C90A3C9-D804-4FA0-B8DF-2C722ED9E045}.Debug|x64.ActiveCfg = Debug|Any CPU
		{4C90A3C9-D804-4FA0-B8DF-2C722ED9E045}.Debug|x64.Build.0 = Debug|Any CPU
		{4C90A3C9-D804-4FA0-B8DF-2C722ED9E045}.Debug|x86.ActiveCfg = Debug|Any CPU
		{4C90A3C9-D804-4FA0-B8DF-2C722ED9E045}.Debug|x86.Build.0 = Debug|Any CPU
		{4C90A3C9-D804-4FA0-B8DF-2C722ED9E045}.Release|Any CPU.ActiveCfg = Release|Any CPU
		{4C90A3C9-D804-4FA0-B8DF-2C722ED9E045}.Release|Any CPU.Build.0 = Release|Any CPU
		{4C90A3C9-D804-4FA0-B8DF-2C722ED9E045}.Release|x64.ActiveCfg = Release|Any CPU
		{4C90A3C9-D804-4FA0-B8DF-2C722ED9E045}.Release|x64.Build.0 = Release|Any CPU
		{4C90A3C9-D804-4FA0-B8DF-2C722ED9E045}.Release|x86.ActiveCfg = Release|Any CPU
		{4C90A3C9-D804-4FA0-B8DF-2C722ED9E045}.Release|x86.Build.0 = Release|Any CPU
		{F57E2533-908A-4C4C-8D72-B4193C475BC8}.Debug|Any CPU.ActiveCfg = Debug|Any CPU
		{F57E2533-908A-4C4C-8D72-B4193C475BC8}.Debug|Any CPU.Build.0 = Debug|Any CPU
		{F57E2533-908A-4C4C-8D72-B4193C475BC8}.Debug|x64.ActiveCfg = Debug|Any CPU
		{F57E2533-908A-4C4C-8D72-B4193C475BC8}.Debug|x64.Build.0 = Debug|Any CPU
		{F57E2533-908A-4C4C-8D72-B4193C475BC8}.Debug|x86.ActiveCfg = Debug|Any CPU
		{F57E2533-908A-4C4C-8D72-B4193C475BC8}.Debug|x86.Build.0 = Debug|Any CPU
		{F57E2533-908A-4C4C-8D72-B4193C475BC8}.Release|Any CPU.ActiveCfg = Release|Any CPU
		{F57E2533-908A-4C4C-8D72-B4193C475BC8}.Release|Any CPU.Build.0 = Release|Any CPU
		{F57E2533-908A-4C4C-8D72-B4193C475BC8}.Release|x64.ActiveCfg = Release|Any CPU
		{F57E2533-908A-4C4C-8D72-B4193C475BC8}.Release|x64.Build.0 = Release|Any CPU
		{F57E2533-908A-4C4C-8D72-B4193C475BC8}.Release|x86.ActiveCfg = Release|Any CPU
		{F57E2533-908A-4C4C-8D72-B4193C475BC8}.Release|x86.Build.0 = Release|Any CPU
		{DACCEDA6-896B-42AD-96C0-6A8AD98DE7C0}.Debug|Any CPU.ActiveCfg = Debug|Any CPU
		{DACCEDA6-896B-42AD-96C0-6A8AD98DE7C0}.Debug|Any CPU.Build.0 = Debug|Any CPU
		{DACCEDA6-896B-42AD-96C0-6A8AD98DE7C0}.Debug|x64.ActiveCfg = Debug|Any CPU
		{DACCEDA6-896B-42AD-96C0-6A8AD98DE7C0}.Debug|x64.Build.0 = Debug|Any CPU
		{DACCEDA6-896B-42AD-96C0-6A8AD98DE7C0}.Debug|x86.ActiveCfg = Debug|Any CPU
		{DACCEDA6-896B-42AD-96C0-6A8AD98DE7C0}.Debug|x86.Build.0 = Debug|Any CPU
		{DACCEDA6-896B-42AD-96C0-6A8AD98DE7C0}.Release|Any CPU.ActiveCfg = Release|Any CPU
		{DACCEDA6-896B-42AD-96C0-6A8AD98DE7C0}.Release|Any CPU.Build.0 = Release|Any CPU
		{DACCEDA6-896B-42AD-96C0-6A8AD98DE7C0}.Release|x64.ActiveCfg = Release|Any CPU
		{DACCEDA6-896B-42AD-96C0-6A8AD98DE7C0}.Release|x64.Build.0 = Release|Any CPU
		{DACCEDA6-896B-42AD-96C0-6A8AD98DE7C0}.Release|x86.ActiveCfg = Release|Any CPU
		{DACCEDA6-896B-42AD-96C0-6A8AD98DE7C0}.Release|x86.Build.0 = Release|Any CPU
		{6E6956AA-6C27-4050-8A88-5E5FC25DF5D3}.Debug|Any CPU.ActiveCfg = Debug|Any CPU
		{6E6956AA-6C27-4050-8A88-5E5FC25DF5D3}.Debug|Any CPU.Build.0 = Debug|Any CPU
		{6E6956AA-6C27-4050-8A88-5E5FC25DF5D3}.Debug|x64.ActiveCfg = Debug|Any CPU
		{6E6956AA-6C27-4050-8A88-5E5FC25DF5D3}.Debug|x64.Build.0 = Debug|Any CPU
		{6E6956AA-6C27-4050-8A88-5E5FC25DF5D3}.Debug|x86.ActiveCfg = Debug|Any CPU
		{6E6956AA-6C27-4050-8A88-5E5FC25DF5D3}.Debug|x86.Build.0 = Debug|Any CPU
		{6E6956AA-6C27-4050-8A88-5E5FC25DF5D3}.Release|Any CPU.ActiveCfg = Release|Any CPU
		{6E6956AA-6C27-4050-8A88-5E5FC25DF5D3}.Release|Any CPU.Build.0 = Release|Any CPU
		{6E6956AA-6C27-4050-8A88-5E5FC25DF5D3}.Release|x64.ActiveCfg = Release|Any CPU
		{6E6956AA-6C27-4050-8A88-5E5FC25DF5D3}.Release|x64.Build.0 = Release|Any CPU
		{6E6956AA-6C27-4050-8A88-5E5FC25DF5D3}.Release|x86.ActiveCfg = Release|Any CPU
		{6E6956AA-6C27-4050-8A88-5E5FC25DF5D3}.Release|x86.Build.0 = Release|Any CPU
		{473CFA3F-4E37-405C-AFD6-E644551BE33D}.Debug|Any CPU.ActiveCfg = Debug|Any CPU
		{473CFA3F-4E37-405C-AFD6-E644551BE33D}.Debug|Any CPU.Build.0 = Debug|Any CPU
		{473CFA3F-4E37-405C-AFD6-E644551BE33D}.Debug|x64.ActiveCfg = Debug|Any CPU
		{473CFA3F-4E37-405C-AFD6-E644551BE33D}.Debug|x64.Build.0 = Debug|Any CPU
		{473CFA3F-4E37-405C-AFD6-E644551BE33D}.Debug|x86.ActiveCfg = Debug|Any CPU
		{473CFA3F-4E37-405C-AFD6-E644551BE33D}.Debug|x86.Build.0 = Debug|Any CPU
		{473CFA3F-4E37-405C-AFD6-E644551BE33D}.Release|Any CPU.ActiveCfg = Release|Any CPU
		{473CFA3F-4E37-405C-AFD6-E644551BE33D}.Release|Any CPU.Build.0 = Release|Any CPU
		{473CFA3F-4E37-405C-AFD6-E644551BE33D}.Release|x64.ActiveCfg = Release|Any CPU
		{473CFA3F-4E37-405C-AFD6-E644551BE33D}.Release|x64.Build.0 = Release|Any CPU
		{473CFA3F-4E37-405C-AFD6-E644551BE33D}.Release|x86.ActiveCfg = Release|Any CPU
		{473CFA3F-4E37-405C-AFD6-E644551BE33D}.Release|x86.Build.0 = Release|Any CPU
		{5CF0C692-C320-4784-BDD0-E179C0FBF3F8}.Debug|Any CPU.ActiveCfg = Debug|Any CPU
		{5CF0C692-C320-4784-BDD0-E179C0FBF3F8}.Debug|Any CPU.Build.0 = Debug|Any CPU
		{5CF0C692-C320-4784-BDD0-E179C0FBF3F8}.Debug|x64.ActiveCfg = Debug|Any CPU
		{5CF0C692-C320-4784-BDD0-E179C0FBF3F8}.Debug|x64.Build.0 = Debug|Any CPU
		{5CF0C692-C320-4784-BDD0-E179C0FBF3F8}.Debug|x86.ActiveCfg = Debug|Any CPU
		{5CF0C692-C320-4784-BDD0-E179C0FBF3F8}.Debug|x86.Build.0 = Debug|Any CPU
		{5CF0C692-C320-4784-BDD0-E179C0FBF3F8}.Release|Any CPU.ActiveCfg = Release|Any CPU
		{5CF0C692-C320-4784-BDD0-E179C0FBF3F8}.Release|Any CPU.Build.0 = Release|Any CPU
		{5CF0C692-C320-4784-BDD0-E179C0FBF3F8}.Release|x64.ActiveCfg = Release|Any CPU
		{5CF0C692-C320-4784-BDD0-E179C0FBF3F8}.Release|x64.Build.0 = Release|Any CPU
		{5CF0C692-C320-4784-BDD0-E179C0FBF3F8}.Release|x86.ActiveCfg = Release|Any CPU
		{5CF0C692-C320-4784-BDD0-E179C0FBF3F8}.Release|x86.Build.0 = Release|Any CPU
		{8164F9FB-621A-47DD-839A-9A035F7DBC1E}.Debug|Any CPU.ActiveCfg = Debug|Any CPU
		{8164F9FB-621A-47DD-839A-9A035F7DBC1E}.Debug|Any CPU.Build.0 = Debug|Any CPU
		{8164F9FB-621A-47DD-839A-9A035F7DBC1E}.Debug|x64.ActiveCfg = Debug|Any CPU
		{8164F9FB-621A-47DD-839A-9A035F7DBC1E}.Debug|x64.Build.0 = Debug|Any CPU
		{8164F9FB-621A-47DD-839A-9A035F7DBC1E}.Debug|x86.ActiveCfg = Debug|Any CPU
		{8164F9FB-621A-47DD-839A-9A035F7DBC1E}.Debug|x86.Build.0 = Debug|Any CPU
		{8164F9FB-621A-47DD-839A-9A035F7DBC1E}.Release|Any CPU.ActiveCfg = Release|Any CPU
		{8164F9FB-621A-47DD-839A-9A035F7DBC1E}.Release|Any CPU.Build.0 = Release|Any CPU
		{8164F9FB-621A-47DD-839A-9A035F7DBC1E}.Release|x64.ActiveCfg = Release|Any CPU
		{8164F9FB-621A-47DD-839A-9A035F7DBC1E}.Release|x64.Build.0 = Release|Any CPU
		{8164F9FB-621A-47DD-839A-9A035F7DBC1E}.Release|x86.ActiveCfg = Release|Any CPU
		{8164F9FB-621A-47DD-839A-9A035F7DBC1E}.Release|x86.Build.0 = Release|Any CPU
	EndGlobalSection
	GlobalSection(SolutionProperties) = preSolution
		HideSolutionNode = FALSE
	EndGlobalSection
	GlobalSection(NestedProjects) = preSolution
		{B6C550AF-E0E5-4E4A-BD49-B517A954BC6F} = {35A6633D-383C-4FDD-92C4-0C169BAD94BD}
		{93E19E38-BF98-4064-9114-44CAA0B497C5} = {136B7382-1EFD-44C6-9F08-91CC498DDB90}
		{136B7382-1EFD-44C6-9F08-91CC498DDB90} = {35A6633D-383C-4FDD-92C4-0C169BAD94BD}
		{BA5F342A-9FCF-4A6E-9D47-19592B669207} = {35A6633D-383C-4FDD-92C4-0C169BAD94BD}
		{0D3E0E6F-3739-44A5-9418-C1CFF14167CB} = {BA5F342A-9FCF-4A6E-9D47-19592B669207}
		{524013C7-245F-4DEE-8F68-588ED615ED47} = {BA5F342A-9FCF-4A6E-9D47-19592B669207}
		{B7D0E595-6883-41F9-A613-1CD55578C4E6} = {BA5F342A-9FCF-4A6E-9D47-19592B669207}
		{1FA59BD0-6808-45E8-88C4-B830AB6E64BE} = {35A6633D-383C-4FDD-92C4-0C169BAD94BD}
		{22CCFB9C-2F9D-48F7-961E-E62E6C110DF6} = {1FA59BD0-6808-45E8-88C4-B830AB6E64BE}
		{C9A57FF2-B42E-4240-9AA0-A8E1F56069E9} = {35A6633D-383C-4FDD-92C4-0C169BAD94BD}
		{805B72B1-F217-4DB9-9995-1235EF58B0A2} = {C9A57FF2-B42E-4240-9AA0-A8E1F56069E9}
		{B3269F9C-51FF-4BEC-A8F8-CA5C0E613F7A} = {BA5F342A-9FCF-4A6E-9D47-19592B669207}
		{4C90A3C9-D804-4FA0-B8DF-2C722ED9E045} = {BA5F342A-9FCF-4A6E-9D47-19592B669207}
		{E316ADF0-1F5A-4130-9099-6310D4FDA3C4} = {35A6633D-383C-4FDD-92C4-0C169BAD94BD}
		{F57E2533-908A-4C4C-8D72-B4193C475BC8} = {E316ADF0-1F5A-4130-9099-6310D4FDA3C4}
		{DACCEDA6-896B-42AD-96C0-6A8AD98DE7C0} = {E316ADF0-1F5A-4130-9099-6310D4FDA3C4}
		{6E6956AA-6C27-4050-8A88-5E5FC25DF5D3} = {35A6633D-383C-4FDD-92C4-0C169BAD94BD}
		{473CFA3F-4E37-405C-AFD6-E644551BE33D} = {1FA59BD0-6808-45E8-88C4-B830AB6E64BE}
		{5CF0C692-C320-4784-BDD0-E179C0FBF3F8} = {136B7382-1EFD-44C6-9F08-91CC498DDB90}
		{8164F9FB-621A-47DD-839A-9A035F7DBC1E} = {C9A57FF2-B42E-4240-9AA0-A8E1F56069E9}
	EndGlobalSection
EndGlobal
