
Microsoft Visual Studio Solution File, Format Version 12.00
# Visual Studio 15
VisualStudioVersion = 15.0.26206.0
MinimumVisualStudioVersion = 10.0.40219.1
Project("{2150E333-8FDC-42A3-9474-1A3956D46DE8}") = "src", "src", "{35A6633D-383C-4FDD-92C4-0C169BAD94BD}"
EndProject
Project("{2150E333-8FDC-42A3-9474-1A3956D46DE8}") = "Solution Items", "Solution Items", "{6973340F-57D8-4C2D-8D5B-4C594FBE417A}"
	ProjectSection(SolutionItems) = preProject
		global.json = global.json
	EndProjectSection
EndProject
Project("{9A19103F-16F7-4668-BE54-9A1E7A4F7556}") = "Qooba.Framework.Abstractions", "src\Qooba.Framework.Abstractions\Qooba.Framework.Abstractions.csproj", "{B6C550AF-E0E5-4E4A-BD49-B517A954BC6F}"
EndProject
Project("{2150E333-8FDC-42A3-9474-1A3956D46DE8}") = "DependencyInjection", "DependencyInjection", "{136B7382-1EFD-44C6-9F08-91CC498DDB90}"
EndProject
Project("{2150E333-8FDC-42A3-9474-1A3956D46DE8}") = "Expressions", "Expressions", "{B30E925F-DEB0-42CE-9C6D-1463D48DD4BB}"
EndProject
Project("{9A19103F-16F7-4668-BE54-9A1E7A4F7556}") = "Qooba.Framework.Expressions.Abstractions", "src\Qooba.Framework.Expressions.Abstractions\Qooba.Framework.Expressions.Abstractions.csproj", "{0CB779A3-6045-4B48-8966-6C9081F56C07}"
EndProject
Project("{9A19103F-16F7-4668-BE54-9A1E7A4F7556}") = "Qooba.Framework.Expressions", "src\Qooba.Framework.Expressions\Qooba.Framework.Expressions.csproj", "{DE9D1890-B8BF-4811-A7C9-ED5B8CDBA4B9}"
EndProject
Global
	GlobalSection(SolutionConfigurationPlatforms) = preSolution
		Debug|Any CPU = Debug|Any CPU
		Debug|x64 = Debug|x64
		Debug|x86 = Debug|x86
		Release|Any CPU = Release|Any CPU
		Release|x64 = Release|x64
		Release|x86 = Release|x86
	EndGlobalSection
	GlobalSection(ProjectConfigurationPlatforms) = postSolution
		{B6C550AF-E0E5-4E4A-BD49-B517A954BC6F}.Debug|Any CPU.ActiveCfg = Debug|Any CPU
		{B6C550AF-E0E5-4E4A-BD49-B517A954BC6F}.Debug|Any CPU.Build.0 = Debug|Any CPU
		{B6C550AF-E0E5-4E4A-BD49-B517A954BC6F}.Debug|x64.ActiveCfg = Debug|x64
		{B6C550AF-E0E5-4E4A-BD49-B517A954BC6F}.Debug|x64.Build.0 = Debug|x64
		{B6C550AF-E0E5-4E4A-BD49-B517A954BC6F}.Debug|x86.ActiveCfg = Debug|x86
		{B6C550AF-E0E5-4E4A-BD49-B517A954BC6F}.Debug|x86.Build.0 = Debug|x86
		{B6C550AF-E0E5-4E4A-BD49-B517A954BC6F}.Release|Any CPU.ActiveCfg = Release|Any CPU
		{B6C550AF-E0E5-4E4A-BD49-B517A954BC6F}.Release|Any CPU.Build.0 = Release|Any CPU
		{B6C550AF-E0E5-4E4A-BD49-B517A954BC6F}.Release|x64.ActiveCfg = Release|x64
		{B6C550AF-E0E5-4E4A-BD49-B517A954BC6F}.Release|x64.Build.0 = Release|x64
		{B6C550AF-E0E5-4E4A-BD49-B517A954BC6F}.Release|x86.ActiveCfg = Release|x86
		{B6C550AF-E0E5-4E4A-BD49-B517A954BC6F}.Release|x86.Build.0 = Release|x86
		{93E19E38-BF98-4064-9114-44CAA0B497C5}.Debug|Any CPU.ActiveCfg = Debug|Any CPU
		{93E19E38-BF98-4064-9114-44CAA0B497C5}.Debug|Any CPU.Build.0 = Debug|Any CPU
		{93E19E38-BF98-4064-9114-44CAA0B497C5}.Debug|x64.ActiveCfg = Debug|x64
		{93E19E38-BF98-4064-9114-44CAA0B497C5}.Debug|x64.Build.0 = Debug|x64
		{93E19E38-BF98-4064-9114-44CAA0B497C5}.Debug|x86.ActiveCfg = Debug|x86
		{93E19E38-BF98-4064-9114-44CAA0B497C5}.Debug|x86.Build.0 = Debug|x86
		{93E19E38-BF98-4064-9114-44CAA0B497C5}.Release|Any CPU.ActiveCfg = Release|Any CPU
		{93E19E38-BF98-4064-9114-44CAA0B497C5}.Release|Any CPU.Build.0 = Release|Any CPU
		{93E19E38-BF98-4064-9114-44CAA0B497C5}.Release|x64.ActiveCfg = Release|x64
		{93E19E38-BF98-4064-9114-44CAA0B497C5}.Release|x64.Build.0 = Release|x64
		{93E19E38-BF98-4064-9114-44CAA0B497C5}.Release|x86.ActiveCfg = Release|x86
		{93E19E38-BF98-4064-9114-44CAA0B497C5}.Release|x86.Build.0 = Release|x86
		{0CB779A3-6045-4B48-8966-6C9081F56C07}.Debug|Any CPU.ActiveCfg = Debug|Any CPU
		{0CB779A3-6045-4B48-8966-6C9081F56C07}.Debug|Any CPU.Build.0 = Debug|Any CPU
		{0CB779A3-6045-4B48-8966-6C9081F56C07}.Debug|x64.ActiveCfg = Debug|x64
		{0CB779A3-6045-4B48-8966-6C9081F56C07}.Debug|x64.Build.0 = Debug|x64
		{0CB779A3-6045-4B48-8966-6C9081F56C07}.Debug|x86.ActiveCfg = Debug|x86
		{0CB779A3-6045-4B48-8966-6C9081F56C07}.Debug|x86.Build.0 = Debug|x86
		{0CB779A3-6045-4B48-8966-6C9081F56C07}.Release|Any CPU.ActiveCfg = Release|Any CPU
		{0CB779A3-6045-4B48-8966-6C9081F56C07}.Release|Any CPU.Build.0 = Release|Any CPU
		{0CB779A3-6045-4B48-8966-6C9081F56C07}.Release|x64.ActiveCfg = Release|x64
		{0CB779A3-6045-4B48-8966-6C9081F56C07}.Release|x64.Build.0 = Release|x64
		{0CB779A3-6045-4B48-8966-6C9081F56C07}.Release|x86.ActiveCfg = Release|x86
		{0CB779A3-6045-4B48-8966-6C9081F56C07}.Release|x86.Build.0 = Release|x86
		{DE9D1890-B8BF-4811-A7C9-ED5B8CDBA4B9}.Debug|Any CPU.ActiveCfg = Debug|Any CPU
		{DE9D1890-B8BF-4811-A7C9-ED5B8CDBA4B9}.Debug|Any CPU.Build.0 = Debug|Any CPU
		{DE9D1890-B8BF-4811-A7C9-ED5B8CDBA4B9}.Debug|x64.ActiveCfg = Debug|x64
		{DE9D1890-B8BF-4811-A7C9-ED5B8CDBA4B9}.Debug|x64.Build.0 = Debug|x64
		{DE9D1890-B8BF-4811-A7C9-ED5B8CDBA4B9}.Debug|x86.ActiveCfg = Debug|x86
		{DE9D1890-B8BF-4811-A7C9-ED5B8CDBA4B9}.Debug|x86.Build.0 = Debug|x86
		{DE9D1890-B8BF-4811-A7C9-ED5B8CDBA4B9}.Release|Any CPU.ActiveCfg = Release|Any CPU
		{DE9D1890-B8BF-4811-A7C9-ED5B8CDBA4B9}.Release|Any CPU.Build.0 = Release|Any CPU
		{DE9D1890-B8BF-4811-A7C9-ED5B8CDBA4B9}.Release|x64.ActiveCfg = Release|x64
		{DE9D1890-B8BF-4811-A7C9-ED5B8CDBA4B9}.Release|x64.Build.0 = Release|x64
		{DE9D1890-B8BF-4811-A7C9-ED5B8CDBA4B9}.Release|x86.ActiveCfg = Release|x86
		{DE9D1890-B8BF-4811-A7C9-ED5B8CDBA4B9}.Release|x86.Build.0 = Release|x86
	EndGlobalSection
	GlobalSection(SolutionProperties) = preSolution
		HideSolutionNode = FALSE
	EndGlobalSection
	GlobalSection(NestedProjects) = preSolution
		{B6C550AF-E0E5-4E4A-BD49-B517A954BC6F} = {35A6633D-383C-4FDD-92C4-0C169BAD94BD}
		{93E19E38-BF98-4064-9114-44CAA0B497C5} = {136B7382-1EFD-44C6-9F08-91CC498DDB90}
		{136B7382-1EFD-44C6-9F08-91CC498DDB90} = {35A6633D-383C-4FDD-92C4-0C169BAD94BD}
		{B30E925F-DEB0-42CE-9C6D-1463D48DD4BB} = {35A6633D-383C-4FDD-92C4-0C169BAD94BD}
		{0CB779A3-6045-4B48-8966-6C9081F56C07} = {B30E925F-DEB0-42CE-9C6D-1463D48DD4BB}
		{DE9D1890-B8BF-4811-A7C9-ED5B8CDBA4B9} = {B30E925F-DEB0-42CE-9C6D-1463D48DD4BB}
	EndGlobalSection
EndGlobal
