
Microsoft Visual Studio Solution File, Format Version 12.00
# Visual Studio 15
VisualStudioVersion = 15.0.26228.4
MinimumVisualStudioVersion = 10.0.40219.1
Project("{2150E333-8FDC-42A3-9474-1A3956D46DE8}") = "src", "src", "{35A6633D-383C-4FDD-92C4-0C169BAD94BD}"
EndProject
Project("{2150E333-8FDC-42A3-9474-1A3956D46DE8}") = "Solution Items", "Solution Items", "{6973340F-57D8-4C2D-8D5B-4C594FBE417A}"
	ProjectSection(SolutionItems) = preProject
		global.json = global.json
	EndProjectSection
EndProject
Project("{9A19103F-16F7-4668-BE54-9A1E7A4F7556}") = "Qooba.Framework", "src\Qooba.Framework\Qooba.Framework.csproj", "{A7A64EFF-4848-42A4-BBCF-69F0BEA5999F}"
EndProject
Project("{9A19103F-16F7-4668-BE54-9A1E7A4F7556}") = "Qooba.Framework.Abstractions", "src\Qooba.Framework.Abstractions\Qooba.Framework.Abstractions.csproj", "{B6C550AF-E0E5-4E4A-BD49-B517A954BC6F}"
EndProject
Project("{9A19103F-16F7-4668-BE54-9A1E7A4F7556}") = "Qooba.Framework.DependencyInjection.Abstractions", "src\Qooba.Framework.DependencyInjection.Abstractions\Qooba.Framework.DependencyInjection.Abstractions.csproj", "{93E19E38-BF98-4064-9114-44CAA0B497C5}"
EndProject
Project("{9A19103F-16F7-4668-BE54-9A1E7A4F7556}") = "Qooba.Framework.DependencyInjection.SimpleContainer", "src\Qooba.Framework.DependencyInjection.SimpleContainer\Qooba.Framework.DependencyInjection.SimpleContainer.csproj", "{2FF2659D-8B29-4448-BA91-1569451D4575}"
EndProject
Project("{2150E333-8FDC-42A3-9474-1A3956D46DE8}") = "tests", "tests", "{B53DD7F3-5B5F-4B4A-8774-51FC3E2E8B5D}"
EndProject
Project("{2150E333-8FDC-42A3-9474-1A3956D46DE8}") = "DependencyInjection", "DependencyInjection", "{136B7382-1EFD-44C6-9F08-91CC498DDB90}"
EndProject
Project("{9A19103F-16F7-4668-BE54-9A1E7A4F7556}") = "Qooba.Framework.DependencyInjection.ContainerFactory", "src\Qooba.Framework.DependencyInjection.ContainerFactory\Qooba.Framework.DependencyInjection.ContainerFactory.csproj", "{02F52D3D-9224-4466-966C-C1FABC393DCC}"
EndProject
Project("{2150E333-8FDC-42A3-9474-1A3956D46DE8}") = "UnitOfWork", "UnitOfWork", "{BAA32A7F-6560-4430-8897-CEF60390C162}"
EndProject
Project("{9A19103F-16F7-4668-BE54-9A1E7A4F7556}") = "Qooba.Framework.UnitOfWork.EntityFramework", "src\Qooba.Framework.UnitOfWork.EntityFramework\Qooba.Framework.UnitOfWork.EntityFramework.csproj", "{1D2B3AF7-6B6E-46A2-A24D-A22E893609A2}"
EndProject
Project("{9A19103F-16F7-4668-BE54-9A1E7A4F7556}") = "Qooba.Framework.UnitOfWork.Abstractions", "src\Qooba.Framework.UnitOfWork.Abstractions\Qooba.Framework.UnitOfWork.Abstractions.csproj", "{EBD89277-B02D-4B91-85F4-29110BF46647}"
EndProject
Project("{2150E333-8FDC-42A3-9474-1A3956D46DE8}") = "Specification", "Specification", "{09E75E4E-ACDE-41EF-B506-DDE77B42EE9C}"
EndProject
Project("{9A19103F-16F7-4668-BE54-9A1E7A4F7556}") = "Qooba.Framework.Specification.Abstractions", "src\Qooba.Framework.Specification.Abstractions\Qooba.Framework.Specification.Abstractions.csproj", "{0972CCDD-2C9A-4156-B6F7-99BB965D0A8D}"
EndProject
Project("{9A19103F-16F7-4668-BE54-9A1E7A4F7556}") = "Qooba.Framework.Specification", "src\Qooba.Framework.Specification\Qooba.Framework.Specification.csproj", "{1772A0A9-5279-4F3A-B9F9-CB5983AF4A79}"
EndProject
Project("{9A19103F-16F7-4668-BE54-9A1E7A4F7556}") = "Qooba.Framework.Expressions", "src\Qooba.Framework.Expressions\Qooba.Framework.Expressions.csproj", "{7AB08A19-31DE-4202-B261-AC806B4265FA}"
EndProject
Project("{2150E333-8FDC-42A3-9474-1A3956D46DE8}") = "Expressions", "Expressions", "{8F822956-A873-4744-9414-E6E21A9B1CB3}"
EndProject
Project("{9A19103F-16F7-4668-BE54-9A1E7A4F7556}") = "Qooba.Framework.Expressions.Abstractions", "src\Qooba.Framework.Expressions.Abstractions\Qooba.Framework.Expressions.Abstractions.csproj", "{89B29B3A-DA77-4EF6-8E80-601DB2C44EC1}"
EndProject
Project("{9A19103F-16F7-4668-BE54-9A1E7A4F7556}") = "Qooba.Framework.Serialization.Abstractions", "src\Qooba.Framework.Serialization.Abstractions\Qooba.Framework.Serialization.Abstractions.csproj", "{001619DA-6D74-44CC-892A-C4568A487911}"
EndProject
Project("{9A19103F-16F7-4668-BE54-9A1E7A4F7556}") = "Qooba.Framework.Serialization", "src\Qooba.Framework.Serialization\Qooba.Framework.Serialization.csproj", "{CE9AF30F-BA9C-4CBA-986B-3430B9A15D6F}"
EndProject
Project("{2150E333-8FDC-42A3-9474-1A3956D46DE8}") = "Serialization", "Serialization", "{40BE223D-12E2-447E-9B3C-60BC4774F7E0}"
EndProject
Project("{2150E333-8FDC-42A3-9474-1A3956D46DE8}") = "Configuration", "Configuration", "{75A1A333-3134-4204-8082-24AB0BF766A2}"
EndProject
Project("{9A19103F-16F7-4668-BE54-9A1E7A4F7556}") = "Qooba.Framework.Configuration.Abstractions", "src\Qooba.Framework.Configuration.Abstractions\Qooba.Framework.Configuration.Abstractions.csproj", "{6BE337A3-46E3-47C1-9053-F17B9B332D9A}"
EndProject
Project("{9A19103F-16F7-4668-BE54-9A1E7A4F7556}") = "Qooba.Framework.Configuration", "src\Qooba.Framework.Configuration\Qooba.Framework.Configuration.csproj", "{FF884139-48F7-4E28-A562-A561074302F4}"
EndProject
Project("{2150E333-8FDC-42A3-9474-1A3956D46DE8}") = "Azure", "Azure", "{AE0F42C8-BEE2-4408-8A5D-4436ACBD09B2}"
EndProject
Project("{9A19103F-16F7-4668-BE54-9A1E7A4F7556}") = "Qooba.Framework.DependencyInjection.DefaultContainer", "src\Qooba.Framework.DependencyInjection.DefaultContainer\Qooba.Framework.DependencyInjection.DefaultContainer.csproj", "{12474C07-9605-4F20-ADD9-3DD66F92005E}"
EndProject
Project("{2150E333-8FDC-42A3-9474-1A3956D46DE8}") = "Mapping", "Mapping", "{A547140B-6887-4A06-85A8-CEB43D75B586}"
EndProject
Project("{9A19103F-16F7-4668-BE54-9A1E7A4F7556}") = "Qooba.Framework.Mapping.Abstractions", "src\Qooba.Framework.Mapping.Abstractions\Qooba.Framework.Mapping.Abstractions.csproj", "{C430B9DC-4829-4BF0-BAAE-7E0ADBF1D059}"
EndProject
Project("{9A19103F-16F7-4668-BE54-9A1E7A4F7556}") = "Qooba.Framework.Mapping", "src\Qooba.Framework.Mapping\Qooba.Framework.Mapping.csproj", "{75C32B77-FCB3-4E99-BF7B-AE54A37BE4B1}"
EndProject
Project("{2150E333-8FDC-42A3-9474-1A3956D46DE8}") = "Web", "Web", "{D5B6B8E8-BFDA-496F-969E-99256469EC29}"
EndProject
Project("{9A19103F-16F7-4668-BE54-9A1E7A4F7556}") = "Qooba.Framework.Web.Abstractions", "src\Qooba.Framework.Web.Abstractions\Qooba.Framework.Web.Abstractions.csproj", "{13CC5DCF-AB8F-499E-8FF3-1B159EE0AB0A}"
EndProject
Project("{9A19103F-16F7-4668-BE54-9A1E7A4F7556}") = "Qooba.Framework.Web", "src\Qooba.Framework.Web\Qooba.Framework.Web.csproj", "{92E009F9-DF61-4706-AEA6-48F5E8F3202D}"
EndProject
Project("{2150E333-8FDC-42A3-9474-1A3956D46DE8}") = "Authentication", "Authentication", "{9B87CF8F-0A0A-4DB0-9ED3-7BE4E7ACD387}"
EndProject
Project("{9A19103F-16F7-4668-BE54-9A1E7A4F7556}") = "Qooba.Framework.Authentication.OAuth", "src\Qooba.Framework.Authentication.OAuth\Qooba.Framework.Authentication.OAuth.csproj", "{8A71DE1C-3F3D-4755-86FB-4135D17DFC0F}"
EndProject
Project("{9A19103F-16F7-4668-BE54-9A1E7A4F7556}") = "Qooba.Framework.Authentication.OAuth.Abstractions", "src\Qooba.Framework.Authentication.OAuth.Abstractions\Qooba.Framework.Authentication.OAuth.Abstractions.csproj", "{4EF4FA8B-AAFA-4C3C-B9D6-1DCAB92B6A41}"
EndProject
Project("{9A19103F-16F7-4668-BE54-9A1E7A4F7556}") = "Qooba.Framework.Authentication", "src\Qooba.Framework.Authentication\Qooba.Framework.Authentication.csproj", "{0D15069D-F6A6-41AA-97D6-C1DE38D8886C}"
EndProject
Project("{9A19103F-16F7-4668-BE54-9A1E7A4F7556}") = "Qooba.Framework.Authentication.Abstractions", "src\Qooba.Framework.Authentication.Abstractions\Qooba.Framework.Authentication.Abstractions.csproj", "{1F3838B0-CDA4-46F7-8283-57DF87D18D5E}"
EndProject
Project("{2150E333-8FDC-42A3-9474-1A3956D46DE8}") = "Cqrs", "Cqrs", "{CE8A1246-0D5C-47BB-BDF0-D2DDC810C551}"
EndProject
Project("{9A19103F-16F7-4668-BE54-9A1E7A4F7556}") = "Qooba.Framework.Cqrs.Abstractions", "src\Qooba.Framework.Cqrs.Abstractions\Qooba.Framework.Cqrs.Abstractions.csproj", "{6209B874-183D-4241-B9C4-B3FB12644E4E}"
EndProject
Project("{9A19103F-16F7-4668-BE54-9A1E7A4F7556}") = "Qooba.Framework.Cqrs", "src\Qooba.Framework.Cqrs\Qooba.Framework.Cqrs.csproj", "{5A4AEA36-63DE-4F6A-BC83-AD11ABBA3C56}"
EndProject
Project("{2150E333-8FDC-42A3-9474-1A3956D46DE8}") = "ServiceFabric", "ServiceFabric", "{B09ACC34-62DF-4863-B347-02765810FE6F}"
EndProject
Project("{9A19103F-16F7-4668-BE54-9A1E7A4F7556}") = "Qooba.Framework.ServiceFabric.Abstractions", "src\Qooba.Framework.ServiceFabric.Abstractions\Qooba.Framework.ServiceFabric.Abstractions.csproj", "{67036459-F365-4A57-9B1E-C4C450FAF6B1}"
EndProject
Project("{9A19103F-16F7-4668-BE54-9A1E7A4F7556}") = "Qooba.Framework.ServiceFabric", "src\Qooba.Framework.ServiceFabric\Qooba.Framework.ServiceFabric.csproj", "{B65ACF84-B592-4EC8-AC14-545DDE26176D}"
EndProject
Project("{9A19103F-16F7-4668-BE54-9A1E7A4F7556}") = "Qooba.Framework.Azure.IoT.Abstractions", "src\Qooba.Framework.Azure.IoT.Abstractions\Qooba.Framework.Azure.IoT.Abstractions.csproj", "{07DC5455-98D8-411B-AC53-7C3169160390}"
EndProject
Project("{9A19103F-16F7-4668-BE54-9A1E7A4F7556}") = "Qooba.Framework.Azure.IoT", "src\Qooba.Framework.Azure.IoT\Qooba.Framework.Azure.IoT.csproj", "{1CF2ED7D-DB3D-47BD-8140-364DE5F36602}"
EndProject
Project("{9A19103F-16F7-4668-BE54-9A1E7A4F7556}") = "Qooba.Framework.Azure.Storage", "src\Qooba.Framework.Azure.Storage\Qooba.Framework.Azure.Storage.csproj", "{06D55D98-8255-4987-83FB-448F96933CB0}"
EndProject
Project("{9A19103F-16F7-4668-BE54-9A1E7A4F7556}") = "Qooba.Framework.Azure.Storage.Abstractions", "src\Qooba.Framework.Azure.Storage.Abstractions\Qooba.Framework.Azure.Storage.Abstractions.csproj", "{5AFDDCB3-C08D-40FC-B847-B53CB58C805E}"
EndProject
Project("{2150E333-8FDC-42A3-9474-1A3956D46DE8}") = "Services", "Services", "{3FDD1F78-0457-46E1-8960-5D284D0538BD}"
EndProject
Project("{9A19103F-16F7-4668-BE54-9A1E7A4F7556}") = "Qooba.Framework.Services.Abstractions", "src\Qooba.Framework.Services.Abstractions\Qooba.Framework.Services.Abstractions.csproj", "{6CD67713-7FCB-4753-87CA-8C0AFBEB6C3C}"
EndProject
Project("{9A19103F-16F7-4668-BE54-9A1E7A4F7556}") = "Qooba.Framework.Services", "src\Qooba.Framework.Services\Qooba.Framework.Services.csproj", "{0628E74A-CFA1-4791-B3B5-F55EC46A66FD}"
EndProject
Project("{9A19103F-16F7-4668-BE54-9A1E7A4F7556}") = "Qooba.Framework.Azure.Search", "src\Qooba.Framework.Azure.Search\Qooba.Framework.Azure.Search.csproj", "{8BE7F76E-5CC9-40EA-AC13-A381EB3ED3F5}"
EndProject
Project("{9A19103F-16F7-4668-BE54-9A1E7A4F7556}") = "Qooba.Framework.Azure.Search.Abstractions", "src\Qooba.Framework.Azure.Search.Abstractions\Qooba.Framework.Azure.Search.Abstractions.csproj", "{1FA3138A-4E3E-47C1-9C42-30F755739D16}"
EndProject
Project("{9A19103F-16F7-4668-BE54-9A1E7A4F7556}") = "Qooba.Framework.Azure.DocumentDb", "src\Qooba.Framework.Azure.DocumentDb\Qooba.Framework.Azure.DocumentDb.csproj", "{F7463122-AF39-49BD-B2DC-2E12FB6C280F}"
EndProject
Project("{9A19103F-16F7-4668-BE54-9A1E7A4F7556}") = "Qooba.Framework.Azure.DocumentDb.Abstractions", "src\Qooba.Framework.Azure.DocumentDb.Abstractions\Qooba.Framework.Azure.DocumentDb.Abstractions.csproj", "{CFDA7972-313C-439E-8536-61B7CD0EB014}"
EndProject
Project("{9A19103F-16F7-4668-BE54-9A1E7A4F7556}") = "Qooba.Framework.Azure.Functions", "src\Qooba.Framework.Azure.Functions\Qooba.Framework.Azure.Functions.csproj", "{4869C58D-F291-4C4F-83FF-D49FBA8B6BA0}"
EndProject
Project("{9A19103F-16F7-4668-BE54-9A1E7A4F7556}") = "Qooba.Framework.Azure.Functions.Abstractions", "src\Qooba.Framework.Azure.Functions.Abstractions\Qooba.Framework.Azure.Functions.Abstractions.csproj", "{4EF66B34-0BD9-40FA-940D-57319BE700EF}"
EndProject
Project("{9A19103F-16F7-4668-BE54-9A1E7A4F7556}") = "Qooba.Framework.Configuration.AppConfiguration", "src\Qooba.Framework.Configuration.AppConfiguration\Qooba.Framework.Configuration.AppConfiguration.csproj", "{4F193CA5-B295-4F0D-9A10-BBBE4DEC33D8}"
EndProject
Project("{2150E333-8FDC-42A3-9474-1A3956D46DE8}") = "ServerlessFabric", "ServerlessFabric", "{07CB3093-206F-4D8A-8090-E60BE291656B}"
EndProject
Project("{9A19103F-16F7-4668-BE54-9A1E7A4F7556}") = "Qooba.Framework.ServerlessFabric", "src\Qooba.Framework.ServerlessFabric\Qooba.Framework.ServerlessFabric.csproj", "{574C54FD-00CF-4312-9ECA-67DF087A1BBE}"
EndProject
Project("{9A19103F-16F7-4668-BE54-9A1E7A4F7556}") = "Qooba.Framework.ServerlessFabric.Abstractions", "src\Qooba.Framework.ServerlessFabric.Abstractions\Qooba.Framework.ServerlessFabric.Abstractions.csproj", "{88ECA4BA-609D-4C4F-84FF-246DA1F354F7}"
EndProject
Project("{9A19103F-16F7-4668-BE54-9A1E7A4F7556}") = "Qooba.Framework.ServerlessFabric.Client", "src\Qooba.Framework.ServerlessFabric.Client\Qooba.Framework.ServerlessFabric.Client.csproj", "{3A9C090B-F524-4A84-9540-77A5D4287C41}"
EndProject
Project("{2150E333-8FDC-42A3-9474-1A3956D46DE8}") = "Db", "Db", "{19ADEC53-F91D-475C-82C4-81E6B60B5C8C}"
EndProject
Project("{9A19103F-16F7-4668-BE54-9A1E7A4F7556}") = "Qooba.Framework.Db.Abstractions", "src\Qooba.Framework.Db.Abstractions\Qooba.Framework.Db.Abstractions.csproj", "{D3BCA22D-137B-4566-8A26-76CA83993E3D}"
EndProject
Project("{9A19103F-16F7-4668-BE54-9A1E7A4F7556}") = "Qooba.Framework.Db", "src\Qooba.Framework.Db\Qooba.Framework.Db.csproj", "{6BEDA995-287D-47D9-BF02-FBCEB365C287}"
EndProject
Project("{9A19103F-16F7-4668-BE54-9A1E7A4F7556}") = "Qooba.Framework.Db.Tests", "src\Qooba.Framework.Db.Tests\Qooba.Framework.Db.Tests.csproj", "{602DCA07-2F13-440F-A89C-126FBF89D278}"
EndProject
Project("{9A19103F-16F7-4668-BE54-9A1E7A4F7556}") = "Qooba.Framework.Mapping.Tests", "src\Qooba.Framework.Mapping.Tests\Qooba.Framework.Mapping.Tests.csproj", "{1AD1DB43-434B-49B9-8D6B-212C111FC675}"
EndProject
Project("{9A19103F-16F7-4668-BE54-9A1E7A4F7556}") = "Qooba.Framework.DependencyInjection.AutofacContainer", "src\Qooba.Framework.DependencyInjection.AutofacContainer\Qooba.Framework.DependencyInjection.AutofacContainer.csproj", "{AA797FC1-5CE2-4745-9F2E-4FD39A91D6E0}"
EndProject
Project("{9A19103F-16F7-4668-BE54-9A1E7A4F7556}") = "Qooba.Framework.Web.Bootstrapper", "src\Qooba.Framework.Web.Bootstrapper\Qooba.Framework.Web.Bootstrapper.csproj", "{5E90384A-06BE-4D79-BCBB-B81805E1B222}"
EndProject
Project("{9A19103F-16F7-4668-BE54-9A1E7A4F7556}") = "Qooba.Framework.Tests", "test\Qooba.Framework.Tests\Qooba.Framework.Tests.csproj", "{7D611513-0F4F-42F3-A356-2CF1785C281B}"
EndProject
Project("{2150E333-8FDC-42A3-9474-1A3956D46DE8}") = "Bot", "Bot", "{4F6514A9-8C84-4D7B-8FA4-BDA46DAF9DC8}"
EndProject
Project("{9A19103F-16F7-4668-BE54-9A1E7A4F7556}") = "Qooba.Framework.Bot.Abstractions", "src\Qooba.Framework.Bot.Abstractions\Qooba.Framework.Bot.Abstractions.csproj", "{E47A3605-C142-4908-B99B-04079E4197A3}"
EndProject
Project("{9A19103F-16F7-4668-BE54-9A1E7A4F7556}") = "Qooba.Framework.Bot", "src\Qooba.Framework.Bot\Qooba.Framework.Bot.csproj", "{767BF545-6104-4EE3-A38B-358989B54824}"
EndProject
Project("{9A19103F-16F7-4668-BE54-9A1E7A4F7556}") = "Qooba.Framework.Bot.Builder.Abstractions", "src\Qooba.Framework.Bot.Builder.Abstractions\Qooba.Framework.Bot.Builder.Abstractions.csproj", "{3E1694BA-4DDE-4ADB-9B77-377570905FE4}"
EndProject
Project("{9A19103F-16F7-4668-BE54-9A1E7A4F7556}") = "Qooba.Framework.Bot.Builder", "src\Qooba.Framework.Bot.Builder\Qooba.Framework.Bot.Builder.csproj", "{20515369-DFD4-4C65-9CF3-44BE4E65566D}"
EndProject
Project("{9A19103F-16F7-4668-BE54-9A1E7A4F7556}") = "Qooba.Framework.Bot.Connector.Abstractions", "src\Qooba.Framework.Bot.Connector.Abstractions\Qooba.Framework.Bot.Connector.Abstractions.csproj", "{44E704EA-C01D-4B35-9A4A-D72E087DF73E}"
EndProject
Project("{9A19103F-16F7-4668-BE54-9A1E7A4F7556}") = "Qooba.Framework.Bot.State.Abstractions", "src\Qooba.Framework.Bot.State.Abstractions\Qooba.Framework.Bot.State.Abstractions.csproj", "{4C5BC51E-2E6B-4DBF-B4E7-0FFA01256CE1}"
EndProject
Project("{9A19103F-16F7-4668-BE54-9A1E7A4F7556}") = "Qooba.Framework.Bot.State.Tests", "src\Qooba.Framework.Bot.State.Tests\Qooba.Framework.Bot.State.Tests.csproj", "{45A5B933-6FF3-4609-B834-3C4A9DA77189}"
EndProject
Project("{9A19103F-16F7-4668-BE54-9A1E7A4F7556}") = "Qooba.Framework.Bot.Builder.Tests", "src\Qooba.Framework.Bot.Builder.Tests\Qooba.Framework.Bot.Builder.Tests.csproj", "{A417EF18-7394-4505-A1C2-D77E52D6AC0A}"
EndProject
Project("{9A19103F-16F7-4668-BE54-9A1E7A4F7556}") = "Qooba.Framework.Bot.Tests", "src\Qooba.Framework.Bot.Tests\Qooba.Framework.Bot.Tests.csproj", "{D14D79D0-3E07-4934-9AE9-E0B0A10BF453}"
EndProject
Project("{2150E333-8FDC-42A3-9474-1A3956D46DE8}") = "Logging", "Logging", "{00DA0173-6DE5-451E-95C8-5ECDEB50040A}"
EndProject
Project("{9A19103F-16F7-4668-BE54-9A1E7A4F7556}") = "Qooba.Framework.Logging.Abstractions", "src\Qooba.Framework.Logging.Abstractions\Qooba.Framework.Logging.Abstractions.csproj", "{92EC9378-22B5-4A7E-83F0-9EAEAAD23A73}"
EndProject
Project("{9A19103F-16F7-4668-BE54-9A1E7A4F7556}") = "Qooba.Framework.DependencyInjection.SimpleContainer.Tests", "src\Qooba.Framework.DependencyInjection.SimpleContainer.Tests\Qooba.Framework.DependencyInjection.SimpleContainer.Tests.csproj", "{EE1E7E82-A9F0-45A1-ABBB-04DBBAC0C157}"
EndProject
Global
	GlobalSection(SolutionConfigurationPlatforms) = preSolution
		Debug|Any CPU = Debug|Any CPU
		Debug|x64 = Debug|x64
		Debug|x86 = Debug|x86
		Release|Any CPU = Release|Any CPU
		Release|x64 = Release|x64
		Release|x86 = Release|x86
	EndGlobalSection
	GlobalSection(ProjectConfigurationPlatforms) = postSolution
		{A7A64EFF-4848-42A4-BBCF-69F0BEA5999F}.Debug|Any CPU.ActiveCfg = Debug|Any CPU
		{A7A64EFF-4848-42A4-BBCF-69F0BEA5999F}.Debug|Any CPU.Build.0 = Debug|Any CPU
		{A7A64EFF-4848-42A4-BBCF-69F0BEA5999F}.Debug|x64.ActiveCfg = Debug|Any CPU
		{A7A64EFF-4848-42A4-BBCF-69F0BEA5999F}.Debug|x64.Build.0 = Debug|Any CPU
		{A7A64EFF-4848-42A4-BBCF-69F0BEA5999F}.Debug|x86.ActiveCfg = Debug|Any CPU
		{A7A64EFF-4848-42A4-BBCF-69F0BEA5999F}.Debug|x86.Build.0 = Debug|Any CPU
		{A7A64EFF-4848-42A4-BBCF-69F0BEA5999F}.Release|Any CPU.ActiveCfg = Release|Any CPU
		{A7A64EFF-4848-42A4-BBCF-69F0BEA5999F}.Release|Any CPU.Build.0 = Release|Any CPU
		{A7A64EFF-4848-42A4-BBCF-69F0BEA5999F}.Release|x64.ActiveCfg = Release|Any CPU
		{A7A64EFF-4848-42A4-BBCF-69F0BEA5999F}.Release|x64.Build.0 = Release|Any CPU
		{A7A64EFF-4848-42A4-BBCF-69F0BEA5999F}.Release|x86.ActiveCfg = Release|Any CPU
		{A7A64EFF-4848-42A4-BBCF-69F0BEA5999F}.Release|x86.Build.0 = Release|Any CPU
		{B6C550AF-E0E5-4E4A-BD49-B517A954BC6F}.Debug|Any CPU.ActiveCfg = Debug|Any CPU
		{B6C550AF-E0E5-4E4A-BD49-B517A954BC6F}.Debug|Any CPU.Build.0 = Debug|Any CPU
		{B6C550AF-E0E5-4E4A-BD49-B517A954BC6F}.Debug|x64.ActiveCfg = Debug|Any CPU
		{B6C550AF-E0E5-4E4A-BD49-B517A954BC6F}.Debug|x64.Build.0 = Debug|Any CPU
		{B6C550AF-E0E5-4E4A-BD49-B517A954BC6F}.Debug|x86.ActiveCfg = Debug|Any CPU
		{B6C550AF-E0E5-4E4A-BD49-B517A954BC6F}.Debug|x86.Build.0 = Debug|Any CPU
		{B6C550AF-E0E5-4E4A-BD49-B517A954BC6F}.Release|Any CPU.ActiveCfg = Release|Any CPU
		{B6C550AF-E0E5-4E4A-BD49-B517A954BC6F}.Release|Any CPU.Build.0 = Release|Any CPU
		{B6C550AF-E0E5-4E4A-BD49-B517A954BC6F}.Release|x64.ActiveCfg = Release|Any CPU
		{B6C550AF-E0E5-4E4A-BD49-B517A954BC6F}.Release|x64.Build.0 = Release|Any CPU
		{B6C550AF-E0E5-4E4A-BD49-B517A954BC6F}.Release|x86.ActiveCfg = Release|Any CPU
		{B6C550AF-E0E5-4E4A-BD49-B517A954BC6F}.Release|x86.Build.0 = Release|Any CPU
		{93E19E38-BF98-4064-9114-44CAA0B497C5}.Debug|Any CPU.ActiveCfg = Debug|Any CPU
		{93E19E38-BF98-4064-9114-44CAA0B497C5}.Debug|Any CPU.Build.0 = Debug|Any CPU
		{93E19E38-BF98-4064-9114-44CAA0B497C5}.Debug|x64.ActiveCfg = Debug|Any CPU
		{93E19E38-BF98-4064-9114-44CAA0B497C5}.Debug|x64.Build.0 = Debug|Any CPU
		{93E19E38-BF98-4064-9114-44CAA0B497C5}.Debug|x86.ActiveCfg = Debug|Any CPU
		{93E19E38-BF98-4064-9114-44CAA0B497C5}.Debug|x86.Build.0 = Debug|Any CPU
		{93E19E38-BF98-4064-9114-44CAA0B497C5}.Release|Any CPU.ActiveCfg = Release|Any CPU
		{93E19E38-BF98-4064-9114-44CAA0B497C5}.Release|Any CPU.Build.0 = Release|Any CPU
		{93E19E38-BF98-4064-9114-44CAA0B497C5}.Release|x64.ActiveCfg = Release|Any CPU
		{93E19E38-BF98-4064-9114-44CAA0B497C5}.Release|x64.Build.0 = Release|Any CPU
		{93E19E38-BF98-4064-9114-44CAA0B497C5}.Release|x86.ActiveCfg = Release|Any CPU
		{93E19E38-BF98-4064-9114-44CAA0B497C5}.Release|x86.Build.0 = Release|Any CPU
		{2FF2659D-8B29-4448-BA91-1569451D4575}.Debug|Any CPU.ActiveCfg = Debug|Any CPU
		{2FF2659D-8B29-4448-BA91-1569451D4575}.Debug|Any CPU.Build.0 = Debug|Any CPU
		{2FF2659D-8B29-4448-BA91-1569451D4575}.Debug|x64.ActiveCfg = Debug|Any CPU
		{2FF2659D-8B29-4448-BA91-1569451D4575}.Debug|x64.Build.0 = Debug|Any CPU
		{2FF2659D-8B29-4448-BA91-1569451D4575}.Debug|x86.ActiveCfg = Debug|Any CPU
		{2FF2659D-8B29-4448-BA91-1569451D4575}.Debug|x86.Build.0 = Debug|Any CPU
		{2FF2659D-8B29-4448-BA91-1569451D4575}.Release|Any CPU.ActiveCfg = Release|Any CPU
		{2FF2659D-8B29-4448-BA91-1569451D4575}.Release|Any CPU.Build.0 = Release|Any CPU
		{2FF2659D-8B29-4448-BA91-1569451D4575}.Release|x64.ActiveCfg = Release|Any CPU
		{2FF2659D-8B29-4448-BA91-1569451D4575}.Release|x64.Build.0 = Release|Any CPU
		{2FF2659D-8B29-4448-BA91-1569451D4575}.Release|x86.ActiveCfg = Release|Any CPU
		{2FF2659D-8B29-4448-BA91-1569451D4575}.Release|x86.Build.0 = Release|Any CPU
		{02F52D3D-9224-4466-966C-C1FABC393DCC}.Debug|Any CPU.ActiveCfg = Debug|Any CPU
		{02F52D3D-9224-4466-966C-C1FABC393DCC}.Debug|Any CPU.Build.0 = Debug|Any CPU
		{02F52D3D-9224-4466-966C-C1FABC393DCC}.Debug|x64.ActiveCfg = Debug|Any CPU
		{02F52D3D-9224-4466-966C-C1FABC393DCC}.Debug|x64.Build.0 = Debug|Any CPU
		{02F52D3D-9224-4466-966C-C1FABC393DCC}.Debug|x86.ActiveCfg = Debug|Any CPU
		{02F52D3D-9224-4466-966C-C1FABC393DCC}.Debug|x86.Build.0 = Debug|Any CPU
		{02F52D3D-9224-4466-966C-C1FABC393DCC}.Release|Any CPU.ActiveCfg = Release|Any CPU
		{02F52D3D-9224-4466-966C-C1FABC393DCC}.Release|Any CPU.Build.0 = Release|Any CPU
		{02F52D3D-9224-4466-966C-C1FABC393DCC}.Release|x64.ActiveCfg = Release|Any CPU
		{02F52D3D-9224-4466-966C-C1FABC393DCC}.Release|x64.Build.0 = Release|Any CPU
		{02F52D3D-9224-4466-966C-C1FABC393DCC}.Release|x86.ActiveCfg = Release|Any CPU
		{02F52D3D-9224-4466-966C-C1FABC393DCC}.Release|x86.Build.0 = Release|Any CPU
		{1D2B3AF7-6B6E-46A2-A24D-A22E893609A2}.Debug|Any CPU.ActiveCfg = Debug|Any CPU
		{1D2B3AF7-6B6E-46A2-A24D-A22E893609A2}.Debug|Any CPU.Build.0 = Debug|Any CPU
		{1D2B3AF7-6B6E-46A2-A24D-A22E893609A2}.Debug|x64.ActiveCfg = Debug|Any CPU
		{1D2B3AF7-6B6E-46A2-A24D-A22E893609A2}.Debug|x64.Build.0 = Debug|Any CPU
		{1D2B3AF7-6B6E-46A2-A24D-A22E893609A2}.Debug|x86.ActiveCfg = Debug|Any CPU
		{1D2B3AF7-6B6E-46A2-A24D-A22E893609A2}.Debug|x86.Build.0 = Debug|Any CPU
		{1D2B3AF7-6B6E-46A2-A24D-A22E893609A2}.Release|Any CPU.ActiveCfg = Release|Any CPU
		{1D2B3AF7-6B6E-46A2-A24D-A22E893609A2}.Release|Any CPU.Build.0 = Release|Any CPU
		{1D2B3AF7-6B6E-46A2-A24D-A22E893609A2}.Release|x64.ActiveCfg = Release|Any CPU
		{1D2B3AF7-6B6E-46A2-A24D-A22E893609A2}.Release|x64.Build.0 = Release|Any CPU
		{1D2B3AF7-6B6E-46A2-A24D-A22E893609A2}.Release|x86.ActiveCfg = Release|Any CPU
		{1D2B3AF7-6B6E-46A2-A24D-A22E893609A2}.Release|x86.Build.0 = Release|Any CPU
		{EBD89277-B02D-4B91-85F4-29110BF46647}.Debug|Any CPU.ActiveCfg = Debug|Any CPU
		{EBD89277-B02D-4B91-85F4-29110BF46647}.Debug|Any CPU.Build.0 = Debug|Any CPU
		{EBD89277-B02D-4B91-85F4-29110BF46647}.Debug|x64.ActiveCfg = Debug|Any CPU
		{EBD89277-B02D-4B91-85F4-29110BF46647}.Debug|x64.Build.0 = Debug|Any CPU
		{EBD89277-B02D-4B91-85F4-29110BF46647}.Debug|x86.ActiveCfg = Debug|Any CPU
		{EBD89277-B02D-4B91-85F4-29110BF46647}.Debug|x86.Build.0 = Debug|Any CPU
		{EBD89277-B02D-4B91-85F4-29110BF46647}.Release|Any CPU.ActiveCfg = Release|Any CPU
		{EBD89277-B02D-4B91-85F4-29110BF46647}.Release|Any CPU.Build.0 = Release|Any CPU
		{EBD89277-B02D-4B91-85F4-29110BF46647}.Release|x64.ActiveCfg = Release|Any CPU
		{EBD89277-B02D-4B91-85F4-29110BF46647}.Release|x64.Build.0 = Release|Any CPU
		{EBD89277-B02D-4B91-85F4-29110BF46647}.Release|x86.ActiveCfg = Release|Any CPU
		{EBD89277-B02D-4B91-85F4-29110BF46647}.Release|x86.Build.0 = Release|Any CPU
		{0972CCDD-2C9A-4156-B6F7-99BB965D0A8D}.Debug|Any CPU.ActiveCfg = Debug|Any CPU
		{0972CCDD-2C9A-4156-B6F7-99BB965D0A8D}.Debug|Any CPU.Build.0 = Debug|Any CPU
		{0972CCDD-2C9A-4156-B6F7-99BB965D0A8D}.Debug|x64.ActiveCfg = Debug|Any CPU
		{0972CCDD-2C9A-4156-B6F7-99BB965D0A8D}.Debug|x64.Build.0 = Debug|Any CPU
		{0972CCDD-2C9A-4156-B6F7-99BB965D0A8D}.Debug|x86.ActiveCfg = Debug|Any CPU
		{0972CCDD-2C9A-4156-B6F7-99BB965D0A8D}.Debug|x86.Build.0 = Debug|Any CPU
		{0972CCDD-2C9A-4156-B6F7-99BB965D0A8D}.Release|Any CPU.ActiveCfg = Release|Any CPU
		{0972CCDD-2C9A-4156-B6F7-99BB965D0A8D}.Release|Any CPU.Build.0 = Release|Any CPU
		{0972CCDD-2C9A-4156-B6F7-99BB965D0A8D}.Release|x64.ActiveCfg = Release|Any CPU
		{0972CCDD-2C9A-4156-B6F7-99BB965D0A8D}.Release|x64.Build.0 = Release|Any CPU
		{0972CCDD-2C9A-4156-B6F7-99BB965D0A8D}.Release|x86.ActiveCfg = Release|Any CPU
		{0972CCDD-2C9A-4156-B6F7-99BB965D0A8D}.Release|x86.Build.0 = Release|Any CPU
		{1772A0A9-5279-4F3A-B9F9-CB5983AF4A79}.Debug|Any CPU.ActiveCfg = Debug|Any CPU
		{1772A0A9-5279-4F3A-B9F9-CB5983AF4A79}.Debug|Any CPU.Build.0 = Debug|Any CPU
		{1772A0A9-5279-4F3A-B9F9-CB5983AF4A79}.Debug|x64.ActiveCfg = Debug|Any CPU
		{1772A0A9-5279-4F3A-B9F9-CB5983AF4A79}.Debug|x64.Build.0 = Debug|Any CPU
		{1772A0A9-5279-4F3A-B9F9-CB5983AF4A79}.Debug|x86.ActiveCfg = Debug|Any CPU
		{1772A0A9-5279-4F3A-B9F9-CB5983AF4A79}.Debug|x86.Build.0 = Debug|Any CPU
		{1772A0A9-5279-4F3A-B9F9-CB5983AF4A79}.Release|Any CPU.ActiveCfg = Release|Any CPU
		{1772A0A9-5279-4F3A-B9F9-CB5983AF4A79}.Release|Any CPU.Build.0 = Release|Any CPU
		{1772A0A9-5279-4F3A-B9F9-CB5983AF4A79}.Release|x64.ActiveCfg = Release|Any CPU
		{1772A0A9-5279-4F3A-B9F9-CB5983AF4A79}.Release|x64.Build.0 = Release|Any CPU
		{1772A0A9-5279-4F3A-B9F9-CB5983AF4A79}.Release|x86.ActiveCfg = Release|Any CPU
		{1772A0A9-5279-4F3A-B9F9-CB5983AF4A79}.Release|x86.Build.0 = Release|Any CPU
		{7AB08A19-31DE-4202-B261-AC806B4265FA}.Debug|Any CPU.ActiveCfg = Debug|Any CPU
		{7AB08A19-31DE-4202-B261-AC806B4265FA}.Debug|Any CPU.Build.0 = Debug|Any CPU
		{7AB08A19-31DE-4202-B261-AC806B4265FA}.Debug|x64.ActiveCfg = Debug|Any CPU
		{7AB08A19-31DE-4202-B261-AC806B4265FA}.Debug|x64.Build.0 = Debug|Any CPU
		{7AB08A19-31DE-4202-B261-AC806B4265FA}.Debug|x86.ActiveCfg = Debug|Any CPU
		{7AB08A19-31DE-4202-B261-AC806B4265FA}.Debug|x86.Build.0 = Debug|Any CPU
		{7AB08A19-31DE-4202-B261-AC806B4265FA}.Release|Any CPU.ActiveCfg = Release|Any CPU
		{7AB08A19-31DE-4202-B261-AC806B4265FA}.Release|Any CPU.Build.0 = Release|Any CPU
		{7AB08A19-31DE-4202-B261-AC806B4265FA}.Release|x64.ActiveCfg = Release|Any CPU
		{7AB08A19-31DE-4202-B261-AC806B4265FA}.Release|x64.Build.0 = Release|Any CPU
		{7AB08A19-31DE-4202-B261-AC806B4265FA}.Release|x86.ActiveCfg = Release|Any CPU
		{7AB08A19-31DE-4202-B261-AC806B4265FA}.Release|x86.Build.0 = Release|Any CPU
		{89B29B3A-DA77-4EF6-8E80-601DB2C44EC1}.Debug|Any CPU.ActiveCfg = Debug|Any CPU
		{89B29B3A-DA77-4EF6-8E80-601DB2C44EC1}.Debug|Any CPU.Build.0 = Debug|Any CPU
		{89B29B3A-DA77-4EF6-8E80-601DB2C44EC1}.Debug|x64.ActiveCfg = Debug|Any CPU
		{89B29B3A-DA77-4EF6-8E80-601DB2C44EC1}.Debug|x64.Build.0 = Debug|Any CPU
		{89B29B3A-DA77-4EF6-8E80-601DB2C44EC1}.Debug|x86.ActiveCfg = Debug|Any CPU
		{89B29B3A-DA77-4EF6-8E80-601DB2C44EC1}.Debug|x86.Build.0 = Debug|Any CPU
		{89B29B3A-DA77-4EF6-8E80-601DB2C44EC1}.Release|Any CPU.ActiveCfg = Release|Any CPU
		{89B29B3A-DA77-4EF6-8E80-601DB2C44EC1}.Release|Any CPU.Build.0 = Release|Any CPU
		{89B29B3A-DA77-4EF6-8E80-601DB2C44EC1}.Release|x64.ActiveCfg = Release|Any CPU
		{89B29B3A-DA77-4EF6-8E80-601DB2C44EC1}.Release|x64.Build.0 = Release|Any CPU
		{89B29B3A-DA77-4EF6-8E80-601DB2C44EC1}.Release|x86.ActiveCfg = Release|Any CPU
		{89B29B3A-DA77-4EF6-8E80-601DB2C44EC1}.Release|x86.Build.0 = Release|Any CPU
		{001619DA-6D74-44CC-892A-C4568A487911}.Debug|Any CPU.ActiveCfg = Debug|Any CPU
		{001619DA-6D74-44CC-892A-C4568A487911}.Debug|Any CPU.Build.0 = Debug|Any CPU
		{001619DA-6D74-44CC-892A-C4568A487911}.Debug|x64.ActiveCfg = Debug|Any CPU
		{001619DA-6D74-44CC-892A-C4568A487911}.Debug|x64.Build.0 = Debug|Any CPU
		{001619DA-6D74-44CC-892A-C4568A487911}.Debug|x86.ActiveCfg = Debug|Any CPU
		{001619DA-6D74-44CC-892A-C4568A487911}.Debug|x86.Build.0 = Debug|Any CPU
		{001619DA-6D74-44CC-892A-C4568A487911}.Release|Any CPU.ActiveCfg = Release|Any CPU
		{001619DA-6D74-44CC-892A-C4568A487911}.Release|Any CPU.Build.0 = Release|Any CPU
		{001619DA-6D74-44CC-892A-C4568A487911}.Release|x64.ActiveCfg = Release|Any CPU
		{001619DA-6D74-44CC-892A-C4568A487911}.Release|x64.Build.0 = Release|Any CPU
		{001619DA-6D74-44CC-892A-C4568A487911}.Release|x86.ActiveCfg = Release|Any CPU
		{001619DA-6D74-44CC-892A-C4568A487911}.Release|x86.Build.0 = Release|Any CPU
		{CE9AF30F-BA9C-4CBA-986B-3430B9A15D6F}.Debug|Any CPU.ActiveCfg = Debug|Any CPU
		{CE9AF30F-BA9C-4CBA-986B-3430B9A15D6F}.Debug|Any CPU.Build.0 = Debug|Any CPU
		{CE9AF30F-BA9C-4CBA-986B-3430B9A15D6F}.Debug|x64.ActiveCfg = Debug|Any CPU
		{CE9AF30F-BA9C-4CBA-986B-3430B9A15D6F}.Debug|x64.Build.0 = Debug|Any CPU
		{CE9AF30F-BA9C-4CBA-986B-3430B9A15D6F}.Debug|x86.ActiveCfg = Debug|Any CPU
		{CE9AF30F-BA9C-4CBA-986B-3430B9A15D6F}.Debug|x86.Build.0 = Debug|Any CPU
		{CE9AF30F-BA9C-4CBA-986B-3430B9A15D6F}.Release|Any CPU.ActiveCfg = Release|Any CPU
		{CE9AF30F-BA9C-4CBA-986B-3430B9A15D6F}.Release|Any CPU.Build.0 = Release|Any CPU
		{CE9AF30F-BA9C-4CBA-986B-3430B9A15D6F}.Release|x64.ActiveCfg = Release|Any CPU
		{CE9AF30F-BA9C-4CBA-986B-3430B9A15D6F}.Release|x64.Build.0 = Release|Any CPU
		{CE9AF30F-BA9C-4CBA-986B-3430B9A15D6F}.Release|x86.ActiveCfg = Release|Any CPU
		{CE9AF30F-BA9C-4CBA-986B-3430B9A15D6F}.Release|x86.Build.0 = Release|Any CPU
		{6BE337A3-46E3-47C1-9053-F17B9B332D9A}.Debug|Any CPU.ActiveCfg = Debug|Any CPU
		{6BE337A3-46E3-47C1-9053-F17B9B332D9A}.Debug|Any CPU.Build.0 = Debug|Any CPU
		{6BE337A3-46E3-47C1-9053-F17B9B332D9A}.Debug|x64.ActiveCfg = Debug|Any CPU
		{6BE337A3-46E3-47C1-9053-F17B9B332D9A}.Debug|x64.Build.0 = Debug|Any CPU
		{6BE337A3-46E3-47C1-9053-F17B9B332D9A}.Debug|x86.ActiveCfg = Debug|Any CPU
		{6BE337A3-46E3-47C1-9053-F17B9B332D9A}.Debug|x86.Build.0 = Debug|Any CPU
		{6BE337A3-46E3-47C1-9053-F17B9B332D9A}.Release|Any CPU.ActiveCfg = Release|Any CPU
		{6BE337A3-46E3-47C1-9053-F17B9B332D9A}.Release|Any CPU.Build.0 = Release|Any CPU
		{6BE337A3-46E3-47C1-9053-F17B9B332D9A}.Release|x64.ActiveCfg = Release|Any CPU
		{6BE337A3-46E3-47C1-9053-F17B9B332D9A}.Release|x64.Build.0 = Release|Any CPU
		{6BE337A3-46E3-47C1-9053-F17B9B332D9A}.Release|x86.ActiveCfg = Release|Any CPU
		{6BE337A3-46E3-47C1-9053-F17B9B332D9A}.Release|x86.Build.0 = Release|Any CPU
		{FF884139-48F7-4E28-A562-A561074302F4}.Debug|Any CPU.ActiveCfg = Debug|Any CPU
		{FF884139-48F7-4E28-A562-A561074302F4}.Debug|Any CPU.Build.0 = Debug|Any CPU
		{FF884139-48F7-4E28-A562-A561074302F4}.Debug|x64.ActiveCfg = Debug|Any CPU
		{FF884139-48F7-4E28-A562-A561074302F4}.Debug|x64.Build.0 = Debug|Any CPU
		{FF884139-48F7-4E28-A562-A561074302F4}.Debug|x86.ActiveCfg = Debug|Any CPU
		{FF884139-48F7-4E28-A562-A561074302F4}.Debug|x86.Build.0 = Debug|Any CPU
		{FF884139-48F7-4E28-A562-A561074302F4}.Release|Any CPU.ActiveCfg = Release|Any CPU
		{FF884139-48F7-4E28-A562-A561074302F4}.Release|Any CPU.Build.0 = Release|Any CPU
		{FF884139-48F7-4E28-A562-A561074302F4}.Release|x64.ActiveCfg = Release|Any CPU
		{FF884139-48F7-4E28-A562-A561074302F4}.Release|x64.Build.0 = Release|Any CPU
		{FF884139-48F7-4E28-A562-A561074302F4}.Release|x86.ActiveCfg = Release|Any CPU
		{FF884139-48F7-4E28-A562-A561074302F4}.Release|x86.Build.0 = Release|Any CPU
		{12474C07-9605-4F20-ADD9-3DD66F92005E}.Debug|Any CPU.ActiveCfg = Debug|Any CPU
		{12474C07-9605-4F20-ADD9-3DD66F92005E}.Debug|Any CPU.Build.0 = Debug|Any CPU
		{12474C07-9605-4F20-ADD9-3DD66F92005E}.Debug|x64.ActiveCfg = Debug|Any CPU
		{12474C07-9605-4F20-ADD9-3DD66F92005E}.Debug|x64.Build.0 = Debug|Any CPU
		{12474C07-9605-4F20-ADD9-3DD66F92005E}.Debug|x86.ActiveCfg = Debug|Any CPU
		{12474C07-9605-4F20-ADD9-3DD66F92005E}.Debug|x86.Build.0 = Debug|Any CPU
		{12474C07-9605-4F20-ADD9-3DD66F92005E}.Release|Any CPU.ActiveCfg = Release|Any CPU
		{12474C07-9605-4F20-ADD9-3DD66F92005E}.Release|Any CPU.Build.0 = Release|Any CPU
		{12474C07-9605-4F20-ADD9-3DD66F92005E}.Release|x64.ActiveCfg = Release|Any CPU
		{12474C07-9605-4F20-ADD9-3DD66F92005E}.Release|x64.Build.0 = Release|Any CPU
		{12474C07-9605-4F20-ADD9-3DD66F92005E}.Release|x86.ActiveCfg = Release|Any CPU
		{12474C07-9605-4F20-ADD9-3DD66F92005E}.Release|x86.Build.0 = Release|Any CPU
		{C430B9DC-4829-4BF0-BAAE-7E0ADBF1D059}.Debug|Any CPU.ActiveCfg = Debug|Any CPU
		{C430B9DC-4829-4BF0-BAAE-7E0ADBF1D059}.Debug|Any CPU.Build.0 = Debug|Any CPU
		{C430B9DC-4829-4BF0-BAAE-7E0ADBF1D059}.Debug|x64.ActiveCfg = Debug|Any CPU
		{C430B9DC-4829-4BF0-BAAE-7E0ADBF1D059}.Debug|x64.Build.0 = Debug|Any CPU
		{C430B9DC-4829-4BF0-BAAE-7E0ADBF1D059}.Debug|x86.ActiveCfg = Debug|Any CPU
		{C430B9DC-4829-4BF0-BAAE-7E0ADBF1D059}.Debug|x86.Build.0 = Debug|Any CPU
		{C430B9DC-4829-4BF0-BAAE-7E0ADBF1D059}.Release|Any CPU.ActiveCfg = Release|Any CPU
		{C430B9DC-4829-4BF0-BAAE-7E0ADBF1D059}.Release|Any CPU.Build.0 = Release|Any CPU
		{C430B9DC-4829-4BF0-BAAE-7E0ADBF1D059}.Release|x64.ActiveCfg = Release|Any CPU
		{C430B9DC-4829-4BF0-BAAE-7E0ADBF1D059}.Release|x64.Build.0 = Release|Any CPU
		{C430B9DC-4829-4BF0-BAAE-7E0ADBF1D059}.Release|x86.ActiveCfg = Release|Any CPU
		{C430B9DC-4829-4BF0-BAAE-7E0ADBF1D059}.Release|x86.Build.0 = Release|Any CPU
		{75C32B77-FCB3-4E99-BF7B-AE54A37BE4B1}.Debug|Any CPU.ActiveCfg = Debug|Any CPU
		{75C32B77-FCB3-4E99-BF7B-AE54A37BE4B1}.Debug|Any CPU.Build.0 = Debug|Any CPU
		{75C32B77-FCB3-4E99-BF7B-AE54A37BE4B1}.Debug|x64.ActiveCfg = Debug|Any CPU
		{75C32B77-FCB3-4E99-BF7B-AE54A37BE4B1}.Debug|x64.Build.0 = Debug|Any CPU
		{75C32B77-FCB3-4E99-BF7B-AE54A37BE4B1}.Debug|x86.ActiveCfg = Debug|Any CPU
		{75C32B77-FCB3-4E99-BF7B-AE54A37BE4B1}.Debug|x86.Build.0 = Debug|Any CPU
		{75C32B77-FCB3-4E99-BF7B-AE54A37BE4B1}.Release|Any CPU.ActiveCfg = Release|Any CPU
		{75C32B77-FCB3-4E99-BF7B-AE54A37BE4B1}.Release|Any CPU.Build.0 = Release|Any CPU
		{75C32B77-FCB3-4E99-BF7B-AE54A37BE4B1}.Release|x64.ActiveCfg = Release|Any CPU
		{75C32B77-FCB3-4E99-BF7B-AE54A37BE4B1}.Release|x64.Build.0 = Release|Any CPU
		{75C32B77-FCB3-4E99-BF7B-AE54A37BE4B1}.Release|x86.ActiveCfg = Release|Any CPU
		{75C32B77-FCB3-4E99-BF7B-AE54A37BE4B1}.Release|x86.Build.0 = Release|Any CPU
		{13CC5DCF-AB8F-499E-8FF3-1B159EE0AB0A}.Debug|Any CPU.ActiveCfg = Debug|Any CPU
		{13CC5DCF-AB8F-499E-8FF3-1B159EE0AB0A}.Debug|Any CPU.Build.0 = Debug|Any CPU
		{13CC5DCF-AB8F-499E-8FF3-1B159EE0AB0A}.Debug|x64.ActiveCfg = Debug|Any CPU
		{13CC5DCF-AB8F-499E-8FF3-1B159EE0AB0A}.Debug|x64.Build.0 = Debug|Any CPU
		{13CC5DCF-AB8F-499E-8FF3-1B159EE0AB0A}.Debug|x86.ActiveCfg = Debug|Any CPU
		{13CC5DCF-AB8F-499E-8FF3-1B159EE0AB0A}.Debug|x86.Build.0 = Debug|Any CPU
		{13CC5DCF-AB8F-499E-8FF3-1B159EE0AB0A}.Release|Any CPU.ActiveCfg = Release|Any CPU
		{13CC5DCF-AB8F-499E-8FF3-1B159EE0AB0A}.Release|Any CPU.Build.0 = Release|Any CPU
		{13CC5DCF-AB8F-499E-8FF3-1B159EE0AB0A}.Release|x64.ActiveCfg = Release|Any CPU
		{13CC5DCF-AB8F-499E-8FF3-1B159EE0AB0A}.Release|x64.Build.0 = Release|Any CPU
		{13CC5DCF-AB8F-499E-8FF3-1B159EE0AB0A}.Release|x86.ActiveCfg = Release|Any CPU
		{13CC5DCF-AB8F-499E-8FF3-1B159EE0AB0A}.Release|x86.Build.0 = Release|Any CPU
		{92E009F9-DF61-4706-AEA6-48F5E8F3202D}.Debug|Any CPU.ActiveCfg = Debug|Any CPU
		{92E009F9-DF61-4706-AEA6-48F5E8F3202D}.Debug|Any CPU.Build.0 = Debug|Any CPU
		{92E009F9-DF61-4706-AEA6-48F5E8F3202D}.Debug|x64.ActiveCfg = Debug|Any CPU
		{92E009F9-DF61-4706-AEA6-48F5E8F3202D}.Debug|x64.Build.0 = Debug|Any CPU
		{92E009F9-DF61-4706-AEA6-48F5E8F3202D}.Debug|x86.ActiveCfg = Debug|Any CPU
		{92E009F9-DF61-4706-AEA6-48F5E8F3202D}.Debug|x86.Build.0 = Debug|Any CPU
		{92E009F9-DF61-4706-AEA6-48F5E8F3202D}.Release|Any CPU.ActiveCfg = Release|Any CPU
		{92E009F9-DF61-4706-AEA6-48F5E8F3202D}.Release|Any CPU.Build.0 = Release|Any CPU
		{92E009F9-DF61-4706-AEA6-48F5E8F3202D}.Release|x64.ActiveCfg = Release|Any CPU
		{92E009F9-DF61-4706-AEA6-48F5E8F3202D}.Release|x64.Build.0 = Release|Any CPU
		{92E009F9-DF61-4706-AEA6-48F5E8F3202D}.Release|x86.ActiveCfg = Release|Any CPU
		{92E009F9-DF61-4706-AEA6-48F5E8F3202D}.Release|x86.Build.0 = Release|Any CPU
		{8A71DE1C-3F3D-4755-86FB-4135D17DFC0F}.Debug|Any CPU.ActiveCfg = Debug|Any CPU
		{8A71DE1C-3F3D-4755-86FB-4135D17DFC0F}.Debug|Any CPU.Build.0 = Debug|Any CPU
		{8A71DE1C-3F3D-4755-86FB-4135D17DFC0F}.Debug|x64.ActiveCfg = Debug|Any CPU
		{8A71DE1C-3F3D-4755-86FB-4135D17DFC0F}.Debug|x64.Build.0 = Debug|Any CPU
		{8A71DE1C-3F3D-4755-86FB-4135D17DFC0F}.Debug|x86.ActiveCfg = Debug|Any CPU
		{8A71DE1C-3F3D-4755-86FB-4135D17DFC0F}.Debug|x86.Build.0 = Debug|Any CPU
		{8A71DE1C-3F3D-4755-86FB-4135D17DFC0F}.Release|Any CPU.ActiveCfg = Release|Any CPU
		{8A71DE1C-3F3D-4755-86FB-4135D17DFC0F}.Release|Any CPU.Build.0 = Release|Any CPU
		{8A71DE1C-3F3D-4755-86FB-4135D17DFC0F}.Release|x64.ActiveCfg = Release|Any CPU
		{8A71DE1C-3F3D-4755-86FB-4135D17DFC0F}.Release|x64.Build.0 = Release|Any CPU
		{8A71DE1C-3F3D-4755-86FB-4135D17DFC0F}.Release|x86.ActiveCfg = Release|Any CPU
		{8A71DE1C-3F3D-4755-86FB-4135D17DFC0F}.Release|x86.Build.0 = Release|Any CPU
		{4EF4FA8B-AAFA-4C3C-B9D6-1DCAB92B6A41}.Debug|Any CPU.ActiveCfg = Debug|Any CPU
		{4EF4FA8B-AAFA-4C3C-B9D6-1DCAB92B6A41}.Debug|Any CPU.Build.0 = Debug|Any CPU
		{4EF4FA8B-AAFA-4C3C-B9D6-1DCAB92B6A41}.Debug|x64.ActiveCfg = Debug|Any CPU
		{4EF4FA8B-AAFA-4C3C-B9D6-1DCAB92B6A41}.Debug|x64.Build.0 = Debug|Any CPU
		{4EF4FA8B-AAFA-4C3C-B9D6-1DCAB92B6A41}.Debug|x86.ActiveCfg = Debug|Any CPU
		{4EF4FA8B-AAFA-4C3C-B9D6-1DCAB92B6A41}.Debug|x86.Build.0 = Debug|Any CPU
		{4EF4FA8B-AAFA-4C3C-B9D6-1DCAB92B6A41}.Release|Any CPU.ActiveCfg = Release|Any CPU
		{4EF4FA8B-AAFA-4C3C-B9D6-1DCAB92B6A41}.Release|Any CPU.Build.0 = Release|Any CPU
		{4EF4FA8B-AAFA-4C3C-B9D6-1DCAB92B6A41}.Release|x64.ActiveCfg = Release|Any CPU
		{4EF4FA8B-AAFA-4C3C-B9D6-1DCAB92B6A41}.Release|x64.Build.0 = Release|Any CPU
		{4EF4FA8B-AAFA-4C3C-B9D6-1DCAB92B6A41}.Release|x86.ActiveCfg = Release|Any CPU
		{4EF4FA8B-AAFA-4C3C-B9D6-1DCAB92B6A41}.Release|x86.Build.0 = Release|Any CPU
		{0D15069D-F6A6-41AA-97D6-C1DE38D8886C}.Debug|Any CPU.ActiveCfg = Debug|Any CPU
		{0D15069D-F6A6-41AA-97D6-C1DE38D8886C}.Debug|Any CPU.Build.0 = Debug|Any CPU
		{0D15069D-F6A6-41AA-97D6-C1DE38D8886C}.Debug|x64.ActiveCfg = Debug|Any CPU
		{0D15069D-F6A6-41AA-97D6-C1DE38D8886C}.Debug|x64.Build.0 = Debug|Any CPU
		{0D15069D-F6A6-41AA-97D6-C1DE38D8886C}.Debug|x86.ActiveCfg = Debug|Any CPU
		{0D15069D-F6A6-41AA-97D6-C1DE38D8886C}.Debug|x86.Build.0 = Debug|Any CPU
		{0D15069D-F6A6-41AA-97D6-C1DE38D8886C}.Release|Any CPU.ActiveCfg = Release|Any CPU
		{0D15069D-F6A6-41AA-97D6-C1DE38D8886C}.Release|Any CPU.Build.0 = Release|Any CPU
		{0D15069D-F6A6-41AA-97D6-C1DE38D8886C}.Release|x64.ActiveCfg = Release|Any CPU
		{0D15069D-F6A6-41AA-97D6-C1DE38D8886C}.Release|x64.Build.0 = Release|Any CPU
		{0D15069D-F6A6-41AA-97D6-C1DE38D8886C}.Release|x86.ActiveCfg = Release|Any CPU
		{0D15069D-F6A6-41AA-97D6-C1DE38D8886C}.Release|x86.Build.0 = Release|Any CPU
		{1F3838B0-CDA4-46F7-8283-57DF87D18D5E}.Debug|Any CPU.ActiveCfg = Debug|Any CPU
		{1F3838B0-CDA4-46F7-8283-57DF87D18D5E}.Debug|Any CPU.Build.0 = Debug|Any CPU
		{1F3838B0-CDA4-46F7-8283-57DF87D18D5E}.Debug|x64.ActiveCfg = Debug|Any CPU
		{1F3838B0-CDA4-46F7-8283-57DF87D18D5E}.Debug|x64.Build.0 = Debug|Any CPU
		{1F3838B0-CDA4-46F7-8283-57DF87D18D5E}.Debug|x86.ActiveCfg = Debug|Any CPU
		{1F3838B0-CDA4-46F7-8283-57DF87D18D5E}.Debug|x86.Build.0 = Debug|Any CPU
		{1F3838B0-CDA4-46F7-8283-57DF87D18D5E}.Release|Any CPU.ActiveCfg = Release|Any CPU
		{1F3838B0-CDA4-46F7-8283-57DF87D18D5E}.Release|Any CPU.Build.0 = Release|Any CPU
		{1F3838B0-CDA4-46F7-8283-57DF87D18D5E}.Release|x64.ActiveCfg = Release|Any CPU
		{1F3838B0-CDA4-46F7-8283-57DF87D18D5E}.Release|x64.Build.0 = Release|Any CPU
		{1F3838B0-CDA4-46F7-8283-57DF87D18D5E}.Release|x86.ActiveCfg = Release|Any CPU
		{1F3838B0-CDA4-46F7-8283-57DF87D18D5E}.Release|x86.Build.0 = Release|Any CPU
		{6209B874-183D-4241-B9C4-B3FB12644E4E}.Debug|Any CPU.ActiveCfg = Debug|Any CPU
		{6209B874-183D-4241-B9C4-B3FB12644E4E}.Debug|Any CPU.Build.0 = Debug|Any CPU
		{6209B874-183D-4241-B9C4-B3FB12644E4E}.Debug|x64.ActiveCfg = Debug|Any CPU
		{6209B874-183D-4241-B9C4-B3FB12644E4E}.Debug|x64.Build.0 = Debug|Any CPU
		{6209B874-183D-4241-B9C4-B3FB12644E4E}.Debug|x86.ActiveCfg = Debug|Any CPU
		{6209B874-183D-4241-B9C4-B3FB12644E4E}.Debug|x86.Build.0 = Debug|Any CPU
		{6209B874-183D-4241-B9C4-B3FB12644E4E}.Release|Any CPU.ActiveCfg = Release|Any CPU
		{6209B874-183D-4241-B9C4-B3FB12644E4E}.Release|Any CPU.Build.0 = Release|Any CPU
		{6209B874-183D-4241-B9C4-B3FB12644E4E}.Release|x64.ActiveCfg = Release|Any CPU
		{6209B874-183D-4241-B9C4-B3FB12644E4E}.Release|x64.Build.0 = Release|Any CPU
		{6209B874-183D-4241-B9C4-B3FB12644E4E}.Release|x86.ActiveCfg = Release|Any CPU
		{6209B874-183D-4241-B9C4-B3FB12644E4E}.Release|x86.Build.0 = Release|Any CPU
		{5A4AEA36-63DE-4F6A-BC83-AD11ABBA3C56}.Debug|Any CPU.ActiveCfg = Debug|Any CPU
		{5A4AEA36-63DE-4F6A-BC83-AD11ABBA3C56}.Debug|Any CPU.Build.0 = Debug|Any CPU
		{5A4AEA36-63DE-4F6A-BC83-AD11ABBA3C56}.Debug|x64.ActiveCfg = Debug|Any CPU
		{5A4AEA36-63DE-4F6A-BC83-AD11ABBA3C56}.Debug|x64.Build.0 = Debug|Any CPU
		{5A4AEA36-63DE-4F6A-BC83-AD11ABBA3C56}.Debug|x86.ActiveCfg = Debug|Any CPU
		{5A4AEA36-63DE-4F6A-BC83-AD11ABBA3C56}.Debug|x86.Build.0 = Debug|Any CPU
		{5A4AEA36-63DE-4F6A-BC83-AD11ABBA3C56}.Release|Any CPU.ActiveCfg = Release|Any CPU
		{5A4AEA36-63DE-4F6A-BC83-AD11ABBA3C56}.Release|Any CPU.Build.0 = Release|Any CPU
		{5A4AEA36-63DE-4F6A-BC83-AD11ABBA3C56}.Release|x64.ActiveCfg = Release|Any CPU
		{5A4AEA36-63DE-4F6A-BC83-AD11ABBA3C56}.Release|x64.Build.0 = Release|Any CPU
		{5A4AEA36-63DE-4F6A-BC83-AD11ABBA3C56}.Release|x86.ActiveCfg = Release|Any CPU
		{5A4AEA36-63DE-4F6A-BC83-AD11ABBA3C56}.Release|x86.Build.0 = Release|Any CPU
		{67036459-F365-4A57-9B1E-C4C450FAF6B1}.Debug|Any CPU.ActiveCfg = Debug|Any CPU
		{67036459-F365-4A57-9B1E-C4C450FAF6B1}.Debug|Any CPU.Build.0 = Debug|Any CPU
		{67036459-F365-4A57-9B1E-C4C450FAF6B1}.Debug|x64.ActiveCfg = Debug|Any CPU
		{67036459-F365-4A57-9B1E-C4C450FAF6B1}.Debug|x64.Build.0 = Debug|Any CPU
		{67036459-F365-4A57-9B1E-C4C450FAF6B1}.Debug|x86.ActiveCfg = Debug|Any CPU
		{67036459-F365-4A57-9B1E-C4C450FAF6B1}.Debug|x86.Build.0 = Debug|Any CPU
		{67036459-F365-4A57-9B1E-C4C450FAF6B1}.Release|Any CPU.ActiveCfg = Release|Any CPU
		{67036459-F365-4A57-9B1E-C4C450FAF6B1}.Release|Any CPU.Build.0 = Release|Any CPU
		{67036459-F365-4A57-9B1E-C4C450FAF6B1}.Release|x64.ActiveCfg = Release|Any CPU
		{67036459-F365-4A57-9B1E-C4C450FAF6B1}.Release|x64.Build.0 = Release|Any CPU
		{67036459-F365-4A57-9B1E-C4C450FAF6B1}.Release|x86.ActiveCfg = Release|Any CPU
		{67036459-F365-4A57-9B1E-C4C450FAF6B1}.Release|x86.Build.0 = Release|Any CPU
		{B65ACF84-B592-4EC8-AC14-545DDE26176D}.Debug|Any CPU.ActiveCfg = Debug|Any CPU
		{B65ACF84-B592-4EC8-AC14-545DDE26176D}.Debug|Any CPU.Build.0 = Debug|Any CPU
		{B65ACF84-B592-4EC8-AC14-545DDE26176D}.Debug|x64.ActiveCfg = Debug|Any CPU
		{B65ACF84-B592-4EC8-AC14-545DDE26176D}.Debug|x64.Build.0 = Debug|Any CPU
		{B65ACF84-B592-4EC8-AC14-545DDE26176D}.Debug|x86.ActiveCfg = Debug|Any CPU
		{B65ACF84-B592-4EC8-AC14-545DDE26176D}.Debug|x86.Build.0 = Debug|Any CPU
		{B65ACF84-B592-4EC8-AC14-545DDE26176D}.Release|Any CPU.ActiveCfg = Release|Any CPU
		{B65ACF84-B592-4EC8-AC14-545DDE26176D}.Release|Any CPU.Build.0 = Release|Any CPU
		{B65ACF84-B592-4EC8-AC14-545DDE26176D}.Release|x64.ActiveCfg = Release|Any CPU
		{B65ACF84-B592-4EC8-AC14-545DDE26176D}.Release|x64.Build.0 = Release|Any CPU
		{B65ACF84-B592-4EC8-AC14-545DDE26176D}.Release|x86.ActiveCfg = Release|Any CPU
		{B65ACF84-B592-4EC8-AC14-545DDE26176D}.Release|x86.Build.0 = Release|Any CPU
		{07DC5455-98D8-411B-AC53-7C3169160390}.Debug|Any CPU.ActiveCfg = Debug|Any CPU
		{07DC5455-98D8-411B-AC53-7C3169160390}.Debug|Any CPU.Build.0 = Debug|Any CPU
		{07DC5455-98D8-411B-AC53-7C3169160390}.Debug|x64.ActiveCfg = Debug|Any CPU
		{07DC5455-98D8-411B-AC53-7C3169160390}.Debug|x64.Build.0 = Debug|Any CPU
		{07DC5455-98D8-411B-AC53-7C3169160390}.Debug|x86.ActiveCfg = Debug|Any CPU
		{07DC5455-98D8-411B-AC53-7C3169160390}.Debug|x86.Build.0 = Debug|Any CPU
		{07DC5455-98D8-411B-AC53-7C3169160390}.Release|Any CPU.ActiveCfg = Release|Any CPU
		{07DC5455-98D8-411B-AC53-7C3169160390}.Release|Any CPU.Build.0 = Release|Any CPU
		{07DC5455-98D8-411B-AC53-7C3169160390}.Release|x64.ActiveCfg = Release|Any CPU
		{07DC5455-98D8-411B-AC53-7C3169160390}.Release|x64.Build.0 = Release|Any CPU
		{07DC5455-98D8-411B-AC53-7C3169160390}.Release|x86.ActiveCfg = Release|Any CPU
		{07DC5455-98D8-411B-AC53-7C3169160390}.Release|x86.Build.0 = Release|Any CPU
		{1CF2ED7D-DB3D-47BD-8140-364DE5F36602}.Debug|Any CPU.ActiveCfg = Debug|Any CPU
		{1CF2ED7D-DB3D-47BD-8140-364DE5F36602}.Debug|Any CPU.Build.0 = Debug|Any CPU
		{1CF2ED7D-DB3D-47BD-8140-364DE5F36602}.Debug|x64.ActiveCfg = Debug|Any CPU
		{1CF2ED7D-DB3D-47BD-8140-364DE5F36602}.Debug|x64.Build.0 = Debug|Any CPU
		{1CF2ED7D-DB3D-47BD-8140-364DE5F36602}.Debug|x86.ActiveCfg = Debug|Any CPU
		{1CF2ED7D-DB3D-47BD-8140-364DE5F36602}.Debug|x86.Build.0 = Debug|Any CPU
		{1CF2ED7D-DB3D-47BD-8140-364DE5F36602}.Release|Any CPU.ActiveCfg = Release|Any CPU
		{1CF2ED7D-DB3D-47BD-8140-364DE5F36602}.Release|Any CPU.Build.0 = Release|Any CPU
		{1CF2ED7D-DB3D-47BD-8140-364DE5F36602}.Release|x64.ActiveCfg = Release|Any CPU
		{1CF2ED7D-DB3D-47BD-8140-364DE5F36602}.Release|x64.Build.0 = Release|Any CPU
		{1CF2ED7D-DB3D-47BD-8140-364DE5F36602}.Release|x86.ActiveCfg = Release|Any CPU
		{1CF2ED7D-DB3D-47BD-8140-364DE5F36602}.Release|x86.Build.0 = Release|Any CPU
		{06D55D98-8255-4987-83FB-448F96933CB0}.Debug|Any CPU.ActiveCfg = Debug|Any CPU
		{06D55D98-8255-4987-83FB-448F96933CB0}.Debug|Any CPU.Build.0 = Debug|Any CPU
		{06D55D98-8255-4987-83FB-448F96933CB0}.Debug|x64.ActiveCfg = Debug|Any CPU
		{06D55D98-8255-4987-83FB-448F96933CB0}.Debug|x64.Build.0 = Debug|Any CPU
		{06D55D98-8255-4987-83FB-448F96933CB0}.Debug|x86.ActiveCfg = Debug|Any CPU
		{06D55D98-8255-4987-83FB-448F96933CB0}.Debug|x86.Build.0 = Debug|Any CPU
		{06D55D98-8255-4987-83FB-448F96933CB0}.Release|Any CPU.ActiveCfg = Release|Any CPU
		{06D55D98-8255-4987-83FB-448F96933CB0}.Release|Any CPU.Build.0 = Release|Any CPU
		{06D55D98-8255-4987-83FB-448F96933CB0}.Release|x64.ActiveCfg = Release|Any CPU
		{06D55D98-8255-4987-83FB-448F96933CB0}.Release|x64.Build.0 = Release|Any CPU
		{06D55D98-8255-4987-83FB-448F96933CB0}.Release|x86.ActiveCfg = Release|Any CPU
		{06D55D98-8255-4987-83FB-448F96933CB0}.Release|x86.Build.0 = Release|Any CPU
		{5AFDDCB3-C08D-40FC-B847-B53CB58C805E}.Debug|Any CPU.ActiveCfg = Debug|Any CPU
		{5AFDDCB3-C08D-40FC-B847-B53CB58C805E}.Debug|Any CPU.Build.0 = Debug|Any CPU
		{5AFDDCB3-C08D-40FC-B847-B53CB58C805E}.Debug|x64.ActiveCfg = Debug|Any CPU
		{5AFDDCB3-C08D-40FC-B847-B53CB58C805E}.Debug|x64.Build.0 = Debug|Any CPU
		{5AFDDCB3-C08D-40FC-B847-B53CB58C805E}.Debug|x86.ActiveCfg = Debug|Any CPU
		{5AFDDCB3-C08D-40FC-B847-B53CB58C805E}.Debug|x86.Build.0 = Debug|Any CPU
		{5AFDDCB3-C08D-40FC-B847-B53CB58C805E}.Release|Any CPU.ActiveCfg = Release|Any CPU
		{5AFDDCB3-C08D-40FC-B847-B53CB58C805E}.Release|Any CPU.Build.0 = Release|Any CPU
		{5AFDDCB3-C08D-40FC-B847-B53CB58C805E}.Release|x64.ActiveCfg = Release|Any CPU
		{5AFDDCB3-C08D-40FC-B847-B53CB58C805E}.Release|x64.Build.0 = Release|Any CPU
		{5AFDDCB3-C08D-40FC-B847-B53CB58C805E}.Release|x86.ActiveCfg = Release|Any CPU
		{5AFDDCB3-C08D-40FC-B847-B53CB58C805E}.Release|x86.Build.0 = Release|Any CPU
		{6CD67713-7FCB-4753-87CA-8C0AFBEB6C3C}.Debug|Any CPU.ActiveCfg = Debug|Any CPU
		{6CD67713-7FCB-4753-87CA-8C0AFBEB6C3C}.Debug|Any CPU.Build.0 = Debug|Any CPU
		{6CD67713-7FCB-4753-87CA-8C0AFBEB6C3C}.Debug|x64.ActiveCfg = Debug|Any CPU
		{6CD67713-7FCB-4753-87CA-8C0AFBEB6C3C}.Debug|x64.Build.0 = Debug|Any CPU
		{6CD67713-7FCB-4753-87CA-8C0AFBEB6C3C}.Debug|x86.ActiveCfg = Debug|Any CPU
		{6CD67713-7FCB-4753-87CA-8C0AFBEB6C3C}.Debug|x86.Build.0 = Debug|Any CPU
		{6CD67713-7FCB-4753-87CA-8C0AFBEB6C3C}.Release|Any CPU.ActiveCfg = Release|Any CPU
		{6CD67713-7FCB-4753-87CA-8C0AFBEB6C3C}.Release|Any CPU.Build.0 = Release|Any CPU
		{6CD67713-7FCB-4753-87CA-8C0AFBEB6C3C}.Release|x64.ActiveCfg = Release|Any CPU
		{6CD67713-7FCB-4753-87CA-8C0AFBEB6C3C}.Release|x64.Build.0 = Release|Any CPU
		{6CD67713-7FCB-4753-87CA-8C0AFBEB6C3C}.Release|x86.ActiveCfg = Release|Any CPU
		{6CD67713-7FCB-4753-87CA-8C0AFBEB6C3C}.Release|x86.Build.0 = Release|Any CPU
		{0628E74A-CFA1-4791-B3B5-F55EC46A66FD}.Debug|Any CPU.ActiveCfg = Debug|Any CPU
		{0628E74A-CFA1-4791-B3B5-F55EC46A66FD}.Debug|Any CPU.Build.0 = Debug|Any CPU
		{0628E74A-CFA1-4791-B3B5-F55EC46A66FD}.Debug|x64.ActiveCfg = Debug|Any CPU
		{0628E74A-CFA1-4791-B3B5-F55EC46A66FD}.Debug|x64.Build.0 = Debug|Any CPU
		{0628E74A-CFA1-4791-B3B5-F55EC46A66FD}.Debug|x86.ActiveCfg = Debug|Any CPU
		{0628E74A-CFA1-4791-B3B5-F55EC46A66FD}.Debug|x86.Build.0 = Debug|Any CPU
		{0628E74A-CFA1-4791-B3B5-F55EC46A66FD}.Release|Any CPU.ActiveCfg = Release|Any CPU
		{0628E74A-CFA1-4791-B3B5-F55EC46A66FD}.Release|Any CPU.Build.0 = Release|Any CPU
		{0628E74A-CFA1-4791-B3B5-F55EC46A66FD}.Release|x64.ActiveCfg = Release|Any CPU
		{0628E74A-CFA1-4791-B3B5-F55EC46A66FD}.Release|x64.Build.0 = Release|Any CPU
		{0628E74A-CFA1-4791-B3B5-F55EC46A66FD}.Release|x86.ActiveCfg = Release|Any CPU
		{0628E74A-CFA1-4791-B3B5-F55EC46A66FD}.Release|x86.Build.0 = Release|Any CPU
		{8BE7F76E-5CC9-40EA-AC13-A381EB3ED3F5}.Debug|Any CPU.ActiveCfg = Debug|Any CPU
		{8BE7F76E-5CC9-40EA-AC13-A381EB3ED3F5}.Debug|Any CPU.Build.0 = Debug|Any CPU
		{8BE7F76E-5CC9-40EA-AC13-A381EB3ED3F5}.Debug|x64.ActiveCfg = Debug|Any CPU
		{8BE7F76E-5CC9-40EA-AC13-A381EB3ED3F5}.Debug|x64.Build.0 = Debug|Any CPU
		{8BE7F76E-5CC9-40EA-AC13-A381EB3ED3F5}.Debug|x86.ActiveCfg = Debug|Any CPU
		{8BE7F76E-5CC9-40EA-AC13-A381EB3ED3F5}.Debug|x86.Build.0 = Debug|Any CPU
		{8BE7F76E-5CC9-40EA-AC13-A381EB3ED3F5}.Release|Any CPU.ActiveCfg = Release|Any CPU
		{8BE7F76E-5CC9-40EA-AC13-A381EB3ED3F5}.Release|Any CPU.Build.0 = Release|Any CPU
		{8BE7F76E-5CC9-40EA-AC13-A381EB3ED3F5}.Release|x64.ActiveCfg = Release|Any CPU
		{8BE7F76E-5CC9-40EA-AC13-A381EB3ED3F5}.Release|x64.Build.0 = Release|Any CPU
		{8BE7F76E-5CC9-40EA-AC13-A381EB3ED3F5}.Release|x86.ActiveCfg = Release|Any CPU
		{8BE7F76E-5CC9-40EA-AC13-A381EB3ED3F5}.Release|x86.Build.0 = Release|Any CPU
		{1FA3138A-4E3E-47C1-9C42-30F755739D16}.Debug|Any CPU.ActiveCfg = Debug|Any CPU
		{1FA3138A-4E3E-47C1-9C42-30F755739D16}.Debug|Any CPU.Build.0 = Debug|Any CPU
		{1FA3138A-4E3E-47C1-9C42-30F755739D16}.Debug|x64.ActiveCfg = Debug|Any CPU
		{1FA3138A-4E3E-47C1-9C42-30F755739D16}.Debug|x64.Build.0 = Debug|Any CPU
		{1FA3138A-4E3E-47C1-9C42-30F755739D16}.Debug|x86.ActiveCfg = Debug|Any CPU
		{1FA3138A-4E3E-47C1-9C42-30F755739D16}.Debug|x86.Build.0 = Debug|Any CPU
		{1FA3138A-4E3E-47C1-9C42-30F755739D16}.Release|Any CPU.ActiveCfg = Release|Any CPU
		{1FA3138A-4E3E-47C1-9C42-30F755739D16}.Release|Any CPU.Build.0 = Release|Any CPU
		{1FA3138A-4E3E-47C1-9C42-30F755739D16}.Release|x64.ActiveCfg = Release|Any CPU
		{1FA3138A-4E3E-47C1-9C42-30F755739D16}.Release|x64.Build.0 = Release|Any CPU
		{1FA3138A-4E3E-47C1-9C42-30F755739D16}.Release|x86.ActiveCfg = Release|Any CPU
		{1FA3138A-4E3E-47C1-9C42-30F755739D16}.Release|x86.Build.0 = Release|Any CPU
		{F7463122-AF39-49BD-B2DC-2E12FB6C280F}.Debug|Any CPU.ActiveCfg = Debug|Any CPU
		{F7463122-AF39-49BD-B2DC-2E12FB6C280F}.Debug|Any CPU.Build.0 = Debug|Any CPU
		{F7463122-AF39-49BD-B2DC-2E12FB6C280F}.Debug|x64.ActiveCfg = Debug|Any CPU
		{F7463122-AF39-49BD-B2DC-2E12FB6C280F}.Debug|x64.Build.0 = Debug|Any CPU
		{F7463122-AF39-49BD-B2DC-2E12FB6C280F}.Debug|x86.ActiveCfg = Debug|Any CPU
		{F7463122-AF39-49BD-B2DC-2E12FB6C280F}.Debug|x86.Build.0 = Debug|Any CPU
		{F7463122-AF39-49BD-B2DC-2E12FB6C280F}.Release|Any CPU.ActiveCfg = Release|Any CPU
		{F7463122-AF39-49BD-B2DC-2E12FB6C280F}.Release|Any CPU.Build.0 = Release|Any CPU
		{F7463122-AF39-49BD-B2DC-2E12FB6C280F}.Release|x64.ActiveCfg = Release|Any CPU
		{F7463122-AF39-49BD-B2DC-2E12FB6C280F}.Release|x64.Build.0 = Release|Any CPU
		{F7463122-AF39-49BD-B2DC-2E12FB6C280F}.Release|x86.ActiveCfg = Release|Any CPU
		{F7463122-AF39-49BD-B2DC-2E12FB6C280F}.Release|x86.Build.0 = Release|Any CPU
		{CFDA7972-313C-439E-8536-61B7CD0EB014}.Debug|Any CPU.ActiveCfg = Debug|Any CPU
		{CFDA7972-313C-439E-8536-61B7CD0EB014}.Debug|Any CPU.Build.0 = Debug|Any CPU
		{CFDA7972-313C-439E-8536-61B7CD0EB014}.Debug|x64.ActiveCfg = Debug|Any CPU
		{CFDA7972-313C-439E-8536-61B7CD0EB014}.Debug|x64.Build.0 = Debug|Any CPU
		{CFDA7972-313C-439E-8536-61B7CD0EB014}.Debug|x86.ActiveCfg = Debug|Any CPU
		{CFDA7972-313C-439E-8536-61B7CD0EB014}.Debug|x86.Build.0 = Debug|Any CPU
		{CFDA7972-313C-439E-8536-61B7CD0EB014}.Release|Any CPU.ActiveCfg = Release|Any CPU
		{CFDA7972-313C-439E-8536-61B7CD0EB014}.Release|Any CPU.Build.0 = Release|Any CPU
		{CFDA7972-313C-439E-8536-61B7CD0EB014}.Release|x64.ActiveCfg = Release|Any CPU
		{CFDA7972-313C-439E-8536-61B7CD0EB014}.Release|x64.Build.0 = Release|Any CPU
		{CFDA7972-313C-439E-8536-61B7CD0EB014}.Release|x86.ActiveCfg = Release|Any CPU
		{CFDA7972-313C-439E-8536-61B7CD0EB014}.Release|x86.Build.0 = Release|Any CPU
		{4869C58D-F291-4C4F-83FF-D49FBA8B6BA0}.Debug|Any CPU.ActiveCfg = Debug|Any CPU
		{4869C58D-F291-4C4F-83FF-D49FBA8B6BA0}.Debug|Any CPU.Build.0 = Debug|Any CPU
		{4869C58D-F291-4C4F-83FF-D49FBA8B6BA0}.Debug|x64.ActiveCfg = Debug|Any CPU
		{4869C58D-F291-4C4F-83FF-D49FBA8B6BA0}.Debug|x64.Build.0 = Debug|Any CPU
		{4869C58D-F291-4C4F-83FF-D49FBA8B6BA0}.Debug|x86.ActiveCfg = Debug|Any CPU
		{4869C58D-F291-4C4F-83FF-D49FBA8B6BA0}.Debug|x86.Build.0 = Debug|Any CPU
		{4869C58D-F291-4C4F-83FF-D49FBA8B6BA0}.Release|Any CPU.ActiveCfg = Release|Any CPU
		{4869C58D-F291-4C4F-83FF-D49FBA8B6BA0}.Release|Any CPU.Build.0 = Release|Any CPU
		{4869C58D-F291-4C4F-83FF-D49FBA8B6BA0}.Release|x64.ActiveCfg = Release|Any CPU
		{4869C58D-F291-4C4F-83FF-D49FBA8B6BA0}.Release|x64.Build.0 = Release|Any CPU
		{4869C58D-F291-4C4F-83FF-D49FBA8B6BA0}.Release|x86.ActiveCfg = Release|Any CPU
		{4869C58D-F291-4C4F-83FF-D49FBA8B6BA0}.Release|x86.Build.0 = Release|Any CPU
		{4EF66B34-0BD9-40FA-940D-57319BE700EF}.Debug|Any CPU.ActiveCfg = Debug|Any CPU
		{4EF66B34-0BD9-40FA-940D-57319BE700EF}.Debug|Any CPU.Build.0 = Debug|Any CPU
		{4EF66B34-0BD9-40FA-940D-57319BE700EF}.Debug|x64.ActiveCfg = Debug|Any CPU
		{4EF66B34-0BD9-40FA-940D-57319BE700EF}.Debug|x64.Build.0 = Debug|Any CPU
		{4EF66B34-0BD9-40FA-940D-57319BE700EF}.Debug|x86.ActiveCfg = Debug|Any CPU
		{4EF66B34-0BD9-40FA-940D-57319BE700EF}.Debug|x86.Build.0 = Debug|Any CPU
		{4EF66B34-0BD9-40FA-940D-57319BE700EF}.Release|Any CPU.ActiveCfg = Release|Any CPU
		{4EF66B34-0BD9-40FA-940D-57319BE700EF}.Release|Any CPU.Build.0 = Release|Any CPU
		{4EF66B34-0BD9-40FA-940D-57319BE700EF}.Release|x64.ActiveCfg = Release|Any CPU
		{4EF66B34-0BD9-40FA-940D-57319BE700EF}.Release|x64.Build.0 = Release|Any CPU
		{4EF66B34-0BD9-40FA-940D-57319BE700EF}.Release|x86.ActiveCfg = Release|Any CPU
		{4EF66B34-0BD9-40FA-940D-57319BE700EF}.Release|x86.Build.0 = Release|Any CPU
		{4F193CA5-B295-4F0D-9A10-BBBE4DEC33D8}.Debug|Any CPU.ActiveCfg = Debug|Any CPU
		{4F193CA5-B295-4F0D-9A10-BBBE4DEC33D8}.Debug|Any CPU.Build.0 = Debug|Any CPU
		{4F193CA5-B295-4F0D-9A10-BBBE4DEC33D8}.Debug|x64.ActiveCfg = Debug|Any CPU
		{4F193CA5-B295-4F0D-9A10-BBBE4DEC33D8}.Debug|x64.Build.0 = Debug|Any CPU
		{4F193CA5-B295-4F0D-9A10-BBBE4DEC33D8}.Debug|x86.ActiveCfg = Debug|Any CPU
		{4F193CA5-B295-4F0D-9A10-BBBE4DEC33D8}.Debug|x86.Build.0 = Debug|Any CPU
		{4F193CA5-B295-4F0D-9A10-BBBE4DEC33D8}.Release|Any CPU.ActiveCfg = Release|Any CPU
		{4F193CA5-B295-4F0D-9A10-BBBE4DEC33D8}.Release|Any CPU.Build.0 = Release|Any CPU
		{4F193CA5-B295-4F0D-9A10-BBBE4DEC33D8}.Release|x64.ActiveCfg = Release|Any CPU
		{4F193CA5-B295-4F0D-9A10-BBBE4DEC33D8}.Release|x64.Build.0 = Release|Any CPU
		{4F193CA5-B295-4F0D-9A10-BBBE4DEC33D8}.Release|x86.ActiveCfg = Release|Any CPU
		{4F193CA5-B295-4F0D-9A10-BBBE4DEC33D8}.Release|x86.Build.0 = Release|Any CPU
		{574C54FD-00CF-4312-9ECA-67DF087A1BBE}.Debug|Any CPU.ActiveCfg = Debug|Any CPU
		{574C54FD-00CF-4312-9ECA-67DF087A1BBE}.Debug|Any CPU.Build.0 = Debug|Any CPU
		{574C54FD-00CF-4312-9ECA-67DF087A1BBE}.Debug|x64.ActiveCfg = Debug|Any CPU
		{574C54FD-00CF-4312-9ECA-67DF087A1BBE}.Debug|x64.Build.0 = Debug|Any CPU
		{574C54FD-00CF-4312-9ECA-67DF087A1BBE}.Debug|x86.ActiveCfg = Debug|Any CPU
		{574C54FD-00CF-4312-9ECA-67DF087A1BBE}.Debug|x86.Build.0 = Debug|Any CPU
		{574C54FD-00CF-4312-9ECA-67DF087A1BBE}.Release|Any CPU.ActiveCfg = Release|Any CPU
		{574C54FD-00CF-4312-9ECA-67DF087A1BBE}.Release|Any CPU.Build.0 = Release|Any CPU
		{574C54FD-00CF-4312-9ECA-67DF087A1BBE}.Release|x64.ActiveCfg = Release|Any CPU
		{574C54FD-00CF-4312-9ECA-67DF087A1BBE}.Release|x64.Build.0 = Release|Any CPU
		{574C54FD-00CF-4312-9ECA-67DF087A1BBE}.Release|x86.ActiveCfg = Release|Any CPU
		{574C54FD-00CF-4312-9ECA-67DF087A1BBE}.Release|x86.Build.0 = Release|Any CPU
		{88ECA4BA-609D-4C4F-84FF-246DA1F354F7}.Debug|Any CPU.ActiveCfg = Debug|Any CPU
		{88ECA4BA-609D-4C4F-84FF-246DA1F354F7}.Debug|Any CPU.Build.0 = Debug|Any CPU
		{88ECA4BA-609D-4C4F-84FF-246DA1F354F7}.Debug|x64.ActiveCfg = Debug|Any CPU
		{88ECA4BA-609D-4C4F-84FF-246DA1F354F7}.Debug|x64.Build.0 = Debug|Any CPU
		{88ECA4BA-609D-4C4F-84FF-246DA1F354F7}.Debug|x86.ActiveCfg = Debug|Any CPU
		{88ECA4BA-609D-4C4F-84FF-246DA1F354F7}.Debug|x86.Build.0 = Debug|Any CPU
		{88ECA4BA-609D-4C4F-84FF-246DA1F354F7}.Release|Any CPU.ActiveCfg = Release|Any CPU
		{88ECA4BA-609D-4C4F-84FF-246DA1F354F7}.Release|Any CPU.Build.0 = Release|Any CPU
		{88ECA4BA-609D-4C4F-84FF-246DA1F354F7}.Release|x64.ActiveCfg = Release|Any CPU
		{88ECA4BA-609D-4C4F-84FF-246DA1F354F7}.Release|x64.Build.0 = Release|Any CPU
		{88ECA4BA-609D-4C4F-84FF-246DA1F354F7}.Release|x86.ActiveCfg = Release|Any CPU
		{88ECA4BA-609D-4C4F-84FF-246DA1F354F7}.Release|x86.Build.0 = Release|Any CPU
		{3A9C090B-F524-4A84-9540-77A5D4287C41}.Debug|Any CPU.ActiveCfg = Debug|Any CPU
		{3A9C090B-F524-4A84-9540-77A5D4287C41}.Debug|Any CPU.Build.0 = Debug|Any CPU
		{3A9C090B-F524-4A84-9540-77A5D4287C41}.Debug|x64.ActiveCfg = Debug|Any CPU
		{3A9C090B-F524-4A84-9540-77A5D4287C41}.Debug|x64.Build.0 = Debug|Any CPU
		{3A9C090B-F524-4A84-9540-77A5D4287C41}.Debug|x86.ActiveCfg = Debug|Any CPU
		{3A9C090B-F524-4A84-9540-77A5D4287C41}.Debug|x86.Build.0 = Debug|Any CPU
		{3A9C090B-F524-4A84-9540-77A5D4287C41}.Release|Any CPU.ActiveCfg = Release|Any CPU
		{3A9C090B-F524-4A84-9540-77A5D4287C41}.Release|Any CPU.Build.0 = Release|Any CPU
		{3A9C090B-F524-4A84-9540-77A5D4287C41}.Release|x64.ActiveCfg = Release|Any CPU
		{3A9C090B-F524-4A84-9540-77A5D4287C41}.Release|x64.Build.0 = Release|Any CPU
		{3A9C090B-F524-4A84-9540-77A5D4287C41}.Release|x86.ActiveCfg = Release|Any CPU
		{3A9C090B-F524-4A84-9540-77A5D4287C41}.Release|x86.Build.0 = Release|Any CPU
		{D3BCA22D-137B-4566-8A26-76CA83993E3D}.Debug|Any CPU.ActiveCfg = Debug|Any CPU
		{D3BCA22D-137B-4566-8A26-76CA83993E3D}.Debug|Any CPU.Build.0 = Debug|Any CPU
		{D3BCA22D-137B-4566-8A26-76CA83993E3D}.Debug|x64.ActiveCfg = Debug|Any CPU
		{D3BCA22D-137B-4566-8A26-76CA83993E3D}.Debug|x64.Build.0 = Debug|Any CPU
		{D3BCA22D-137B-4566-8A26-76CA83993E3D}.Debug|x86.ActiveCfg = Debug|Any CPU
		{D3BCA22D-137B-4566-8A26-76CA83993E3D}.Debug|x86.Build.0 = Debug|Any CPU
		{D3BCA22D-137B-4566-8A26-76CA83993E3D}.Release|Any CPU.ActiveCfg = Release|Any CPU
		{D3BCA22D-137B-4566-8A26-76CA83993E3D}.Release|Any CPU.Build.0 = Release|Any CPU
		{D3BCA22D-137B-4566-8A26-76CA83993E3D}.Release|x64.ActiveCfg = Release|Any CPU
		{D3BCA22D-137B-4566-8A26-76CA83993E3D}.Release|x64.Build.0 = Release|Any CPU
		{D3BCA22D-137B-4566-8A26-76CA83993E3D}.Release|x86.ActiveCfg = Release|Any CPU
		{D3BCA22D-137B-4566-8A26-76CA83993E3D}.Release|x86.Build.0 = Release|Any CPU
		{6BEDA995-287D-47D9-BF02-FBCEB365C287}.Debug|Any CPU.ActiveCfg = Debug|Any CPU
		{6BEDA995-287D-47D9-BF02-FBCEB365C287}.Debug|Any CPU.Build.0 = Debug|Any CPU
		{6BEDA995-287D-47D9-BF02-FBCEB365C287}.Debug|x64.ActiveCfg = Debug|Any CPU
		{6BEDA995-287D-47D9-BF02-FBCEB365C287}.Debug|x64.Build.0 = Debug|Any CPU
		{6BEDA995-287D-47D9-BF02-FBCEB365C287}.Debug|x86.ActiveCfg = Debug|Any CPU
		{6BEDA995-287D-47D9-BF02-FBCEB365C287}.Debug|x86.Build.0 = Debug|Any CPU
		{6BEDA995-287D-47D9-BF02-FBCEB365C287}.Release|Any CPU.ActiveCfg = Release|Any CPU
		{6BEDA995-287D-47D9-BF02-FBCEB365C287}.Release|Any CPU.Build.0 = Release|Any CPU
		{6BEDA995-287D-47D9-BF02-FBCEB365C287}.Release|x64.ActiveCfg = Release|Any CPU
		{6BEDA995-287D-47D9-BF02-FBCEB365C287}.Release|x64.Build.0 = Release|Any CPU
		{6BEDA995-287D-47D9-BF02-FBCEB365C287}.Release|x86.ActiveCfg = Release|Any CPU
		{6BEDA995-287D-47D9-BF02-FBCEB365C287}.Release|x86.Build.0 = Release|Any CPU
		{602DCA07-2F13-440F-A89C-126FBF89D278}.Debug|Any CPU.ActiveCfg = Debug|Any CPU
		{602DCA07-2F13-440F-A89C-126FBF89D278}.Debug|Any CPU.Build.0 = Debug|Any CPU
		{602DCA07-2F13-440F-A89C-126FBF89D278}.Debug|x64.ActiveCfg = Debug|Any CPU
		{602DCA07-2F13-440F-A89C-126FBF89D278}.Debug|x64.Build.0 = Debug|Any CPU
		{602DCA07-2F13-440F-A89C-126FBF89D278}.Debug|x86.ActiveCfg = Debug|Any CPU
		{602DCA07-2F13-440F-A89C-126FBF89D278}.Debug|x86.Build.0 = Debug|Any CPU
		{602DCA07-2F13-440F-A89C-126FBF89D278}.Release|Any CPU.ActiveCfg = Release|Any CPU
		{602DCA07-2F13-440F-A89C-126FBF89D278}.Release|Any CPU.Build.0 = Release|Any CPU
		{602DCA07-2F13-440F-A89C-126FBF89D278}.Release|x64.ActiveCfg = Release|Any CPU
		{602DCA07-2F13-440F-A89C-126FBF89D278}.Release|x64.Build.0 = Release|Any CPU
		{602DCA07-2F13-440F-A89C-126FBF89D278}.Release|x86.ActiveCfg = Release|Any CPU
		{602DCA07-2F13-440F-A89C-126FBF89D278}.Release|x86.Build.0 = Release|Any CPU
		{1AD1DB43-434B-49B9-8D6B-212C111FC675}.Debug|Any CPU.ActiveCfg = Debug|Any CPU
		{1AD1DB43-434B-49B9-8D6B-212C111FC675}.Debug|Any CPU.Build.0 = Debug|Any CPU
		{1AD1DB43-434B-49B9-8D6B-212C111FC675}.Debug|x64.ActiveCfg = Debug|Any CPU
		{1AD1DB43-434B-49B9-8D6B-212C111FC675}.Debug|x64.Build.0 = Debug|Any CPU
		{1AD1DB43-434B-49B9-8D6B-212C111FC675}.Debug|x86.ActiveCfg = Debug|Any CPU
		{1AD1DB43-434B-49B9-8D6B-212C111FC675}.Debug|x86.Build.0 = Debug|Any CPU
		{1AD1DB43-434B-49B9-8D6B-212C111FC675}.Release|Any CPU.ActiveCfg = Release|Any CPU
		{1AD1DB43-434B-49B9-8D6B-212C111FC675}.Release|Any CPU.Build.0 = Release|Any CPU
		{1AD1DB43-434B-49B9-8D6B-212C111FC675}.Release|x64.ActiveCfg = Release|Any CPU
		{1AD1DB43-434B-49B9-8D6B-212C111FC675}.Release|x64.Build.0 = Release|Any CPU
		{1AD1DB43-434B-49B9-8D6B-212C111FC675}.Release|x86.ActiveCfg = Release|Any CPU
		{1AD1DB43-434B-49B9-8D6B-212C111FC675}.Release|x86.Build.0 = Release|Any CPU
		{AA797FC1-5CE2-4745-9F2E-4FD39A91D6E0}.Debug|Any CPU.ActiveCfg = Debug|Any CPU
		{AA797FC1-5CE2-4745-9F2E-4FD39A91D6E0}.Debug|Any CPU.Build.0 = Debug|Any CPU
		{AA797FC1-5CE2-4745-9F2E-4FD39A91D6E0}.Debug|x64.ActiveCfg = Debug|Any CPU
		{AA797FC1-5CE2-4745-9F2E-4FD39A91D6E0}.Debug|x64.Build.0 = Debug|Any CPU
		{AA797FC1-5CE2-4745-9F2E-4FD39A91D6E0}.Debug|x86.ActiveCfg = Debug|Any CPU
		{AA797FC1-5CE2-4745-9F2E-4FD39A91D6E0}.Debug|x86.Build.0 = Debug|Any CPU
		{AA797FC1-5CE2-4745-9F2E-4FD39A91D6E0}.Release|Any CPU.ActiveCfg = Release|Any CPU
		{AA797FC1-5CE2-4745-9F2E-4FD39A91D6E0}.Release|Any CPU.Build.0 = Release|Any CPU
		{AA797FC1-5CE2-4745-9F2E-4FD39A91D6E0}.Release|x64.ActiveCfg = Release|Any CPU
		{AA797FC1-5CE2-4745-9F2E-4FD39A91D6E0}.Release|x64.Build.0 = Release|Any CPU
		{AA797FC1-5CE2-4745-9F2E-4FD39A91D6E0}.Release|x86.ActiveCfg = Release|Any CPU
		{AA797FC1-5CE2-4745-9F2E-4FD39A91D6E0}.Release|x86.Build.0 = Release|Any CPU
		{5E90384A-06BE-4D79-BCBB-B81805E1B222}.Debug|Any CPU.ActiveCfg = Debug|Any CPU
		{5E90384A-06BE-4D79-BCBB-B81805E1B222}.Debug|Any CPU.Build.0 = Debug|Any CPU
		{5E90384A-06BE-4D79-BCBB-B81805E1B222}.Debug|x64.ActiveCfg = Debug|Any CPU
		{5E90384A-06BE-4D79-BCBB-B81805E1B222}.Debug|x64.Build.0 = Debug|Any CPU
		{5E90384A-06BE-4D79-BCBB-B81805E1B222}.Debug|x86.ActiveCfg = Debug|Any CPU
		{5E90384A-06BE-4D79-BCBB-B81805E1B222}.Debug|x86.Build.0 = Debug|Any CPU
		{5E90384A-06BE-4D79-BCBB-B81805E1B222}.Release|Any CPU.ActiveCfg = Release|Any CPU
		{5E90384A-06BE-4D79-BCBB-B81805E1B222}.Release|Any CPU.Build.0 = Release|Any CPU
		{5E90384A-06BE-4D79-BCBB-B81805E1B222}.Release|x64.ActiveCfg = Release|Any CPU
		{5E90384A-06BE-4D79-BCBB-B81805E1B222}.Release|x64.Build.0 = Release|Any CPU
		{5E90384A-06BE-4D79-BCBB-B81805E1B222}.Release|x86.ActiveCfg = Release|Any CPU
		{5E90384A-06BE-4D79-BCBB-B81805E1B222}.Release|x86.Build.0 = Release|Any CPU
		{7D611513-0F4F-42F3-A356-2CF1785C281B}.Debug|Any CPU.ActiveCfg = Debug|Any CPU
		{7D611513-0F4F-42F3-A356-2CF1785C281B}.Debug|Any CPU.Build.0 = Debug|Any CPU
		{7D611513-0F4F-42F3-A356-2CF1785C281B}.Debug|x64.ActiveCfg = Debug|Any CPU
		{7D611513-0F4F-42F3-A356-2CF1785C281B}.Debug|x64.Build.0 = Debug|Any CPU
		{7D611513-0F4F-42F3-A356-2CF1785C281B}.Debug|x86.ActiveCfg = Debug|Any CPU
		{7D611513-0F4F-42F3-A356-2CF1785C281B}.Debug|x86.Build.0 = Debug|Any CPU
		{7D611513-0F4F-42F3-A356-2CF1785C281B}.Release|Any CPU.ActiveCfg = Release|Any CPU
		{7D611513-0F4F-42F3-A356-2CF1785C281B}.Release|Any CPU.Build.0 = Release|Any CPU
		{7D611513-0F4F-42F3-A356-2CF1785C281B}.Release|x64.ActiveCfg = Release|Any CPU
		{7D611513-0F4F-42F3-A356-2CF1785C281B}.Release|x64.Build.0 = Release|Any CPU
		{7D611513-0F4F-42F3-A356-2CF1785C281B}.Release|x86.ActiveCfg = Release|Any CPU
		{7D611513-0F4F-42F3-A356-2CF1785C281B}.Release|x86.Build.0 = Release|Any CPU
		{E47A3605-C142-4908-B99B-04079E4197A3}.Debug|Any CPU.ActiveCfg = Debug|Any CPU
		{E47A3605-C142-4908-B99B-04079E4197A3}.Debug|Any CPU.Build.0 = Debug|Any CPU
		{E47A3605-C142-4908-B99B-04079E4197A3}.Debug|x64.ActiveCfg = Debug|Any CPU
		{E47A3605-C142-4908-B99B-04079E4197A3}.Debug|x64.Build.0 = Debug|Any CPU
		{E47A3605-C142-4908-B99B-04079E4197A3}.Debug|x86.ActiveCfg = Debug|Any CPU
		{E47A3605-C142-4908-B99B-04079E4197A3}.Debug|x86.Build.0 = Debug|Any CPU
		{E47A3605-C142-4908-B99B-04079E4197A3}.Release|Any CPU.ActiveCfg = Release|Any CPU
		{E47A3605-C142-4908-B99B-04079E4197A3}.Release|Any CPU.Build.0 = Release|Any CPU
		{E47A3605-C142-4908-B99B-04079E4197A3}.Release|x64.ActiveCfg = Release|Any CPU
		{E47A3605-C142-4908-B99B-04079E4197A3}.Release|x64.Build.0 = Release|Any CPU
		{E47A3605-C142-4908-B99B-04079E4197A3}.Release|x86.ActiveCfg = Release|Any CPU
		{E47A3605-C142-4908-B99B-04079E4197A3}.Release|x86.Build.0 = Release|Any CPU
		{767BF545-6104-4EE3-A38B-358989B54824}.Debug|Any CPU.ActiveCfg = Debug|Any CPU
		{767BF545-6104-4EE3-A38B-358989B54824}.Debug|Any CPU.Build.0 = Debug|Any CPU
		{767BF545-6104-4EE3-A38B-358989B54824}.Debug|x64.ActiveCfg = Debug|Any CPU
		{767BF545-6104-4EE3-A38B-358989B54824}.Debug|x64.Build.0 = Debug|Any CPU
		{767BF545-6104-4EE3-A38B-358989B54824}.Debug|x86.ActiveCfg = Debug|Any CPU
		{767BF545-6104-4EE3-A38B-358989B54824}.Debug|x86.Build.0 = Debug|Any CPU
		{767BF545-6104-4EE3-A38B-358989B54824}.Release|Any CPU.ActiveCfg = Release|Any CPU
		{767BF545-6104-4EE3-A38B-358989B54824}.Release|Any CPU.Build.0 = Release|Any CPU
		{767BF545-6104-4EE3-A38B-358989B54824}.Release|x64.ActiveCfg = Release|Any CPU
		{767BF545-6104-4EE3-A38B-358989B54824}.Release|x64.Build.0 = Release|Any CPU
		{767BF545-6104-4EE3-A38B-358989B54824}.Release|x86.ActiveCfg = Release|Any CPU
		{767BF545-6104-4EE3-A38B-358989B54824}.Release|x86.Build.0 = Release|Any CPU
		{3E1694BA-4DDE-4ADB-9B77-377570905FE4}.Debug|Any CPU.ActiveCfg = Debug|Any CPU
		{3E1694BA-4DDE-4ADB-9B77-377570905FE4}.Debug|Any CPU.Build.0 = Debug|Any CPU
		{3E1694BA-4DDE-4ADB-9B77-377570905FE4}.Debug|x64.ActiveCfg = Debug|Any CPU
		{3E1694BA-4DDE-4ADB-9B77-377570905FE4}.Debug|x64.Build.0 = Debug|Any CPU
		{3E1694BA-4DDE-4ADB-9B77-377570905FE4}.Debug|x86.ActiveCfg = Debug|Any CPU
		{3E1694BA-4DDE-4ADB-9B77-377570905FE4}.Debug|x86.Build.0 = Debug|Any CPU
		{3E1694BA-4DDE-4ADB-9B77-377570905FE4}.Release|Any CPU.ActiveCfg = Release|Any CPU
		{3E1694BA-4DDE-4ADB-9B77-377570905FE4}.Release|Any CPU.Build.0 = Release|Any CPU
		{3E1694BA-4DDE-4ADB-9B77-377570905FE4}.Release|x64.ActiveCfg = Release|Any CPU
		{3E1694BA-4DDE-4ADB-9B77-377570905FE4}.Release|x64.Build.0 = Release|Any CPU
		{3E1694BA-4DDE-4ADB-9B77-377570905FE4}.Release|x86.ActiveCfg = Release|Any CPU
		{3E1694BA-4DDE-4ADB-9B77-377570905FE4}.Release|x86.Build.0 = Release|Any CPU
		{20515369-DFD4-4C65-9CF3-44BE4E65566D}.Debug|Any CPU.ActiveCfg = Debug|Any CPU
		{20515369-DFD4-4C65-9CF3-44BE4E65566D}.Debug|Any CPU.Build.0 = Debug|Any CPU
		{20515369-DFD4-4C65-9CF3-44BE4E65566D}.Debug|x64.ActiveCfg = Debug|Any CPU
		{20515369-DFD4-4C65-9CF3-44BE4E65566D}.Debug|x64.Build.0 = Debug|Any CPU
		{20515369-DFD4-4C65-9CF3-44BE4E65566D}.Debug|x86.ActiveCfg = Debug|Any CPU
		{20515369-DFD4-4C65-9CF3-44BE4E65566D}.Debug|x86.Build.0 = Debug|Any CPU
		{20515369-DFD4-4C65-9CF3-44BE4E65566D}.Release|Any CPU.ActiveCfg = Release|Any CPU
		{20515369-DFD4-4C65-9CF3-44BE4E65566D}.Release|Any CPU.Build.0 = Release|Any CPU
		{20515369-DFD4-4C65-9CF3-44BE4E65566D}.Release|x64.ActiveCfg = Release|Any CPU
		{20515369-DFD4-4C65-9CF3-44BE4E65566D}.Release|x64.Build.0 = Release|Any CPU
		{20515369-DFD4-4C65-9CF3-44BE4E65566D}.Release|x86.ActiveCfg = Release|Any CPU
		{20515369-DFD4-4C65-9CF3-44BE4E65566D}.Release|x86.Build.0 = Release|Any CPU
		{44E704EA-C01D-4B35-9A4A-D72E087DF73E}.Debug|Any CPU.ActiveCfg = Debug|Any CPU
		{44E704EA-C01D-4B35-9A4A-D72E087DF73E}.Debug|Any CPU.Build.0 = Debug|Any CPU
		{44E704EA-C01D-4B35-9A4A-D72E087DF73E}.Debug|x64.ActiveCfg = Debug|Any CPU
		{44E704EA-C01D-4B35-9A4A-D72E087DF73E}.Debug|x64.Build.0 = Debug|Any CPU
		{44E704EA-C01D-4B35-9A4A-D72E087DF73E}.Debug|x86.ActiveCfg = Debug|Any CPU
		{44E704EA-C01D-4B35-9A4A-D72E087DF73E}.Debug|x86.Build.0 = Debug|Any CPU
		{44E704EA-C01D-4B35-9A4A-D72E087DF73E}.Release|Any CPU.ActiveCfg = Release|Any CPU
		{44E704EA-C01D-4B35-9A4A-D72E087DF73E}.Release|Any CPU.Build.0 = Release|Any CPU
		{44E704EA-C01D-4B35-9A4A-D72E087DF73E}.Release|x64.ActiveCfg = Release|Any CPU
		{44E704EA-C01D-4B35-9A4A-D72E087DF73E}.Release|x64.Build.0 = Release|Any CPU
		{44E704EA-C01D-4B35-9A4A-D72E087DF73E}.Release|x86.ActiveCfg = Release|Any CPU
		{44E704EA-C01D-4B35-9A4A-D72E087DF73E}.Release|x86.Build.0 = Release|Any CPU
		{4C5BC51E-2E6B-4DBF-B4E7-0FFA01256CE1}.Debug|Any CPU.ActiveCfg = Debug|Any CPU
		{4C5BC51E-2E6B-4DBF-B4E7-0FFA01256CE1}.Debug|Any CPU.Build.0 = Debug|Any CPU
		{4C5BC51E-2E6B-4DBF-B4E7-0FFA01256CE1}.Debug|x64.ActiveCfg = Debug|Any CPU
		{4C5BC51E-2E6B-4DBF-B4E7-0FFA01256CE1}.Debug|x64.Build.0 = Debug|Any CPU
		{4C5BC51E-2E6B-4DBF-B4E7-0FFA01256CE1}.Debug|x86.ActiveCfg = Debug|Any CPU
		{4C5BC51E-2E6B-4DBF-B4E7-0FFA01256CE1}.Debug|x86.Build.0 = Debug|Any CPU
		{4C5BC51E-2E6B-4DBF-B4E7-0FFA01256CE1}.Release|Any CPU.ActiveCfg = Release|Any CPU
		{4C5BC51E-2E6B-4DBF-B4E7-0FFA01256CE1}.Release|Any CPU.Build.0 = Release|Any CPU
		{4C5BC51E-2E6B-4DBF-B4E7-0FFA01256CE1}.Release|x64.ActiveCfg = Release|Any CPU
		{4C5BC51E-2E6B-4DBF-B4E7-0FFA01256CE1}.Release|x64.Build.0 = Release|Any CPU
		{4C5BC51E-2E6B-4DBF-B4E7-0FFA01256CE1}.Release|x86.ActiveCfg = Release|Any CPU
		{4C5BC51E-2E6B-4DBF-B4E7-0FFA01256CE1}.Release|x86.Build.0 = Release|Any CPU
		{45A5B933-6FF3-4609-B834-3C4A9DA77189}.Debug|Any CPU.ActiveCfg = Debug|Any CPU
		{45A5B933-6FF3-4609-B834-3C4A9DA77189}.Debug|Any CPU.Build.0 = Debug|Any CPU
		{45A5B933-6FF3-4609-B834-3C4A9DA77189}.Debug|x64.ActiveCfg = Debug|Any CPU
		{45A5B933-6FF3-4609-B834-3C4A9DA77189}.Debug|x64.Build.0 = Debug|Any CPU
		{45A5B933-6FF3-4609-B834-3C4A9DA77189}.Debug|x86.ActiveCfg = Debug|Any CPU
		{45A5B933-6FF3-4609-B834-3C4A9DA77189}.Debug|x86.Build.0 = Debug|Any CPU
		{45A5B933-6FF3-4609-B834-3C4A9DA77189}.Release|Any CPU.ActiveCfg = Release|Any CPU
		{45A5B933-6FF3-4609-B834-3C4A9DA77189}.Release|Any CPU.Build.0 = Release|Any CPU
		{45A5B933-6FF3-4609-B834-3C4A9DA77189}.Release|x64.ActiveCfg = Release|Any CPU
		{45A5B933-6FF3-4609-B834-3C4A9DA77189}.Release|x64.Build.0 = Release|Any CPU
		{45A5B933-6FF3-4609-B834-3C4A9DA77189}.Release|x86.ActiveCfg = Release|Any CPU
		{45A5B933-6FF3-4609-B834-3C4A9DA77189}.Release|x86.Build.0 = Release|Any CPU
		{A417EF18-7394-4505-A1C2-D77E52D6AC0A}.Debug|Any CPU.ActiveCfg = Debug|Any CPU
		{A417EF18-7394-4505-A1C2-D77E52D6AC0A}.Debug|Any CPU.Build.0 = Debug|Any CPU
		{A417EF18-7394-4505-A1C2-D77E52D6AC0A}.Debug|x64.ActiveCfg = Debug|Any CPU
		{A417EF18-7394-4505-A1C2-D77E52D6AC0A}.Debug|x64.Build.0 = Debug|Any CPU
		{A417EF18-7394-4505-A1C2-D77E52D6AC0A}.Debug|x86.ActiveCfg = Debug|Any CPU
		{A417EF18-7394-4505-A1C2-D77E52D6AC0A}.Debug|x86.Build.0 = Debug|Any CPU
		{A417EF18-7394-4505-A1C2-D77E52D6AC0A}.Release|Any CPU.ActiveCfg = Release|Any CPU
		{A417EF18-7394-4505-A1C2-D77E52D6AC0A}.Release|Any CPU.Build.0 = Release|Any CPU
		{A417EF18-7394-4505-A1C2-D77E52D6AC0A}.Release|x64.ActiveCfg = Release|Any CPU
		{A417EF18-7394-4505-A1C2-D77E52D6AC0A}.Release|x64.Build.0 = Release|Any CPU
		{A417EF18-7394-4505-A1C2-D77E52D6AC0A}.Release|x86.ActiveCfg = Release|Any CPU
		{A417EF18-7394-4505-A1C2-D77E52D6AC0A}.Release|x86.Build.0 = Release|Any CPU
		{D14D79D0-3E07-4934-9AE9-E0B0A10BF453}.Debug|Any CPU.ActiveCfg = Debug|Any CPU
		{D14D79D0-3E07-4934-9AE9-E0B0A10BF453}.Debug|Any CPU.Build.0 = Debug|Any CPU
		{D14D79D0-3E07-4934-9AE9-E0B0A10BF453}.Debug|x64.ActiveCfg = Debug|Any CPU
		{D14D79D0-3E07-4934-9AE9-E0B0A10BF453}.Debug|x64.Build.0 = Debug|Any CPU
		{D14D79D0-3E07-4934-9AE9-E0B0A10BF453}.Debug|x86.ActiveCfg = Debug|Any CPU
		{D14D79D0-3E07-4934-9AE9-E0B0A10BF453}.Debug|x86.Build.0 = Debug|Any CPU
		{D14D79D0-3E07-4934-9AE9-E0B0A10BF453}.Release|Any CPU.ActiveCfg = Release|Any CPU
		{D14D79D0-3E07-4934-9AE9-E0B0A10BF453}.Release|Any CPU.Build.0 = Release|Any CPU
		{D14D79D0-3E07-4934-9AE9-E0B0A10BF453}.Release|x64.ActiveCfg = Release|Any CPU
		{D14D79D0-3E07-4934-9AE9-E0B0A10BF453}.Release|x64.Build.0 = Release|Any CPU
		{D14D79D0-3E07-4934-9AE9-E0B0A10BF453}.Release|x86.ActiveCfg = Release|Any CPU
		{D14D79D0-3E07-4934-9AE9-E0B0A10BF453}.Release|x86.Build.0 = Release|Any CPU
		{92EC9378-22B5-4A7E-83F0-9EAEAAD23A73}.Debug|Any CPU.ActiveCfg = Debug|Any CPU
		{92EC9378-22B5-4A7E-83F0-9EAEAAD23A73}.Debug|Any CPU.Build.0 = Debug|Any CPU
		{92EC9378-22B5-4A7E-83F0-9EAEAAD23A73}.Debug|x64.ActiveCfg = Debug|Any CPU
		{92EC9378-22B5-4A7E-83F0-9EAEAAD23A73}.Debug|x64.Build.0 = Debug|Any CPU
		{92EC9378-22B5-4A7E-83F0-9EAEAAD23A73}.Debug|x86.ActiveCfg = Debug|Any CPU
		{92EC9378-22B5-4A7E-83F0-9EAEAAD23A73}.Debug|x86.Build.0 = Debug|Any CPU
		{92EC9378-22B5-4A7E-83F0-9EAEAAD23A73}.Release|Any CPU.ActiveCfg = Release|Any CPU
		{92EC9378-22B5-4A7E-83F0-9EAEAAD23A73}.Release|Any CPU.Build.0 = Release|Any CPU
		{92EC9378-22B5-4A7E-83F0-9EAEAAD23A73}.Release|x64.ActiveCfg = Release|Any CPU
		{92EC9378-22B5-4A7E-83F0-9EAEAAD23A73}.Release|x64.Build.0 = Release|Any CPU
		{92EC9378-22B5-4A7E-83F0-9EAEAAD23A73}.Release|x86.ActiveCfg = Release|Any CPU
		{92EC9378-22B5-4A7E-83F0-9EAEAAD23A73}.Release|x86.Build.0 = Release|Any CPU
		{EE1E7E82-A9F0-45A1-ABBB-04DBBAC0C157}.Debug|Any CPU.ActiveCfg = Debug|Any CPU
		{EE1E7E82-A9F0-45A1-ABBB-04DBBAC0C157}.Debug|Any CPU.Build.0 = Debug|Any CPU
		{EE1E7E82-A9F0-45A1-ABBB-04DBBAC0C157}.Debug|x64.ActiveCfg = Debug|Any CPU
		{EE1E7E82-A9F0-45A1-ABBB-04DBBAC0C157}.Debug|x64.Build.0 = Debug|Any CPU
		{EE1E7E82-A9F0-45A1-ABBB-04DBBAC0C157}.Debug|x86.ActiveCfg = Debug|Any CPU
		{EE1E7E82-A9F0-45A1-ABBB-04DBBAC0C157}.Debug|x86.Build.0 = Debug|Any CPU
		{EE1E7E82-A9F0-45A1-ABBB-04DBBAC0C157}.Release|Any CPU.ActiveCfg = Release|Any CPU
		{EE1E7E82-A9F0-45A1-ABBB-04DBBAC0C157}.Release|Any CPU.Build.0 = Release|Any CPU
		{EE1E7E82-A9F0-45A1-ABBB-04DBBAC0C157}.Release|x64.ActiveCfg = Release|Any CPU
		{EE1E7E82-A9F0-45A1-ABBB-04DBBAC0C157}.Release|x64.Build.0 = Release|Any CPU
		{EE1E7E82-A9F0-45A1-ABBB-04DBBAC0C157}.Release|x86.ActiveCfg = Release|Any CPU
		{EE1E7E82-A9F0-45A1-ABBB-04DBBAC0C157}.Release|x86.Build.0 = Release|Any CPU
	EndGlobalSection
	GlobalSection(SolutionProperties) = preSolution
		HideSolutionNode = FALSE
	EndGlobalSection
	GlobalSection(NestedProjects) = preSolution
		{A7A64EFF-4848-42A4-BBCF-69F0BEA5999F} = {35A6633D-383C-4FDD-92C4-0C169BAD94BD}
		{B6C550AF-E0E5-4E4A-BD49-B517A954BC6F} = {35A6633D-383C-4FDD-92C4-0C169BAD94BD}
		{93E19E38-BF98-4064-9114-44CAA0B497C5} = {136B7382-1EFD-44C6-9F08-91CC498DDB90}
		{2FF2659D-8B29-4448-BA91-1569451D4575} = {136B7382-1EFD-44C6-9F08-91CC498DDB90}
		{136B7382-1EFD-44C6-9F08-91CC498DDB90} = {35A6633D-383C-4FDD-92C4-0C169BAD94BD}
		{02F52D3D-9224-4466-966C-C1FABC393DCC} = {136B7382-1EFD-44C6-9F08-91CC498DDB90}
		{BAA32A7F-6560-4430-8897-CEF60390C162} = {35A6633D-383C-4FDD-92C4-0C169BAD94BD}
		{1D2B3AF7-6B6E-46A2-A24D-A22E893609A2} = {BAA32A7F-6560-4430-8897-CEF60390C162}
		{EBD89277-B02D-4B91-85F4-29110BF46647} = {BAA32A7F-6560-4430-8897-CEF60390C162}
		{09E75E4E-ACDE-41EF-B506-DDE77B42EE9C} = {35A6633D-383C-4FDD-92C4-0C169BAD94BD}
		{0972CCDD-2C9A-4156-B6F7-99BB965D0A8D} = {09E75E4E-ACDE-41EF-B506-DDE77B42EE9C}
		{1772A0A9-5279-4F3A-B9F9-CB5983AF4A79} = {09E75E4E-ACDE-41EF-B506-DDE77B42EE9C}
		{7AB08A19-31DE-4202-B261-AC806B4265FA} = {8F822956-A873-4744-9414-E6E21A9B1CB3}
		{8F822956-A873-4744-9414-E6E21A9B1CB3} = {35A6633D-383C-4FDD-92C4-0C169BAD94BD}
		{89B29B3A-DA77-4EF6-8E80-601DB2C44EC1} = {8F822956-A873-4744-9414-E6E21A9B1CB3}
		{001619DA-6D74-44CC-892A-C4568A487911} = {40BE223D-12E2-447E-9B3C-60BC4774F7E0}
		{CE9AF30F-BA9C-4CBA-986B-3430B9A15D6F} = {40BE223D-12E2-447E-9B3C-60BC4774F7E0}
		{40BE223D-12E2-447E-9B3C-60BC4774F7E0} = {35A6633D-383C-4FDD-92C4-0C169BAD94BD}
		{75A1A333-3134-4204-8082-24AB0BF766A2} = {35A6633D-383C-4FDD-92C4-0C169BAD94BD}
		{6BE337A3-46E3-47C1-9053-F17B9B332D9A} = {75A1A333-3134-4204-8082-24AB0BF766A2}
		{FF884139-48F7-4E28-A562-A561074302F4} = {75A1A333-3134-4204-8082-24AB0BF766A2}
		{AE0F42C8-BEE2-4408-8A5D-4436ACBD09B2} = {35A6633D-383C-4FDD-92C4-0C169BAD94BD}
		{12474C07-9605-4F20-ADD9-3DD66F92005E} = {136B7382-1EFD-44C6-9F08-91CC498DDB90}
		{A547140B-6887-4A06-85A8-CEB43D75B586} = {35A6633D-383C-4FDD-92C4-0C169BAD94BD}
		{C430B9DC-4829-4BF0-BAAE-7E0ADBF1D059} = {A547140B-6887-4A06-85A8-CEB43D75B586}
		{75C32B77-FCB3-4E99-BF7B-AE54A37BE4B1} = {A547140B-6887-4A06-85A8-CEB43D75B586}
		{D5B6B8E8-BFDA-496F-969E-99256469EC29} = {35A6633D-383C-4FDD-92C4-0C169BAD94BD}
		{13CC5DCF-AB8F-499E-8FF3-1B159EE0AB0A} = {D5B6B8E8-BFDA-496F-969E-99256469EC29}
		{92E009F9-DF61-4706-AEA6-48F5E8F3202D} = {D5B6B8E8-BFDA-496F-969E-99256469EC29}
		{9B87CF8F-0A0A-4DB0-9ED3-7BE4E7ACD387} = {35A6633D-383C-4FDD-92C4-0C169BAD94BD}
		{8A71DE1C-3F3D-4755-86FB-4135D17DFC0F} = {9B87CF8F-0A0A-4DB0-9ED3-7BE4E7ACD387}
		{4EF4FA8B-AAFA-4C3C-B9D6-1DCAB92B6A41} = {9B87CF8F-0A0A-4DB0-9ED3-7BE4E7ACD387}
		{0D15069D-F6A6-41AA-97D6-C1DE38D8886C} = {9B87CF8F-0A0A-4DB0-9ED3-7BE4E7ACD387}
		{1F3838B0-CDA4-46F7-8283-57DF87D18D5E} = {9B87CF8F-0A0A-4DB0-9ED3-7BE4E7ACD387}
		{CE8A1246-0D5C-47BB-BDF0-D2DDC810C551} = {35A6633D-383C-4FDD-92C4-0C169BAD94BD}
		{6209B874-183D-4241-B9C4-B3FB12644E4E} = {CE8A1246-0D5C-47BB-BDF0-D2DDC810C551}
		{5A4AEA36-63DE-4F6A-BC83-AD11ABBA3C56} = {CE8A1246-0D5C-47BB-BDF0-D2DDC810C551}
		{B09ACC34-62DF-4863-B347-02765810FE6F} = {35A6633D-383C-4FDD-92C4-0C169BAD94BD}
		{67036459-F365-4A57-9B1E-C4C450FAF6B1} = {B09ACC34-62DF-4863-B347-02765810FE6F}
		{B65ACF84-B592-4EC8-AC14-545DDE26176D} = {B09ACC34-62DF-4863-B347-02765810FE6F}
		{07DC5455-98D8-411B-AC53-7C3169160390} = {AE0F42C8-BEE2-4408-8A5D-4436ACBD09B2}
		{1CF2ED7D-DB3D-47BD-8140-364DE5F36602} = {AE0F42C8-BEE2-4408-8A5D-4436ACBD09B2}
		{06D55D98-8255-4987-83FB-448F96933CB0} = {AE0F42C8-BEE2-4408-8A5D-4436ACBD09B2}
		{5AFDDCB3-C08D-40FC-B847-B53CB58C805E} = {AE0F42C8-BEE2-4408-8A5D-4436ACBD09B2}
		{3FDD1F78-0457-46E1-8960-5D284D0538BD} = {35A6633D-383C-4FDD-92C4-0C169BAD94BD}
		{6CD67713-7FCB-4753-87CA-8C0AFBEB6C3C} = {3FDD1F78-0457-46E1-8960-5D284D0538BD}
		{0628E74A-CFA1-4791-B3B5-F55EC46A66FD} = {3FDD1F78-0457-46E1-8960-5D284D0538BD}
		{8BE7F76E-5CC9-40EA-AC13-A381EB3ED3F5} = {AE0F42C8-BEE2-4408-8A5D-4436ACBD09B2}
		{1FA3138A-4E3E-47C1-9C42-30F755739D16} = {AE0F42C8-BEE2-4408-8A5D-4436ACBD09B2}
		{F7463122-AF39-49BD-B2DC-2E12FB6C280F} = {AE0F42C8-BEE2-4408-8A5D-4436ACBD09B2}
		{CFDA7972-313C-439E-8536-61B7CD0EB014} = {AE0F42C8-BEE2-4408-8A5D-4436ACBD09B2}
		{4869C58D-F291-4C4F-83FF-D49FBA8B6BA0} = {AE0F42C8-BEE2-4408-8A5D-4436ACBD09B2}
		{4EF66B34-0BD9-40FA-940D-57319BE700EF} = {AE0F42C8-BEE2-4408-8A5D-4436ACBD09B2}
		{4F193CA5-B295-4F0D-9A10-BBBE4DEC33D8} = {75A1A333-3134-4204-8082-24AB0BF766A2}
		{07CB3093-206F-4D8A-8090-E60BE291656B} = {35A6633D-383C-4FDD-92C4-0C169BAD94BD}
		{574C54FD-00CF-4312-9ECA-67DF087A1BBE} = {07CB3093-206F-4D8A-8090-E60BE291656B}
		{88ECA4BA-609D-4C4F-84FF-246DA1F354F7} = {07CB3093-206F-4D8A-8090-E60BE291656B}
		{3A9C090B-F524-4A84-9540-77A5D4287C41} = {07CB3093-206F-4D8A-8090-E60BE291656B}
		{19ADEC53-F91D-475C-82C4-81E6B60B5C8C} = {35A6633D-383C-4FDD-92C4-0C169BAD94BD}
		{D3BCA22D-137B-4566-8A26-76CA83993E3D} = {19ADEC53-F91D-475C-82C4-81E6B60B5C8C}
		{6BEDA995-287D-47D9-BF02-FBCEB365C287} = {19ADEC53-F91D-475C-82C4-81E6B60B5C8C}
		{602DCA07-2F13-440F-A89C-126FBF89D278} = {19ADEC53-F91D-475C-82C4-81E6B60B5C8C}
		{1AD1DB43-434B-49B9-8D6B-212C111FC675} = {A547140B-6887-4A06-85A8-CEB43D75B586}
		{AA797FC1-5CE2-4745-9F2E-4FD39A91D6E0} = {136B7382-1EFD-44C6-9F08-91CC498DDB90}
		{5E90384A-06BE-4D79-BCBB-B81805E1B222} = {D5B6B8E8-BFDA-496F-969E-99256469EC29}
		{7D611513-0F4F-42F3-A356-2CF1785C281B} = {B53DD7F3-5B5F-4B4A-8774-51FC3E2E8B5D}
		{4F6514A9-8C84-4D7B-8FA4-BDA46DAF9DC8} = {35A6633D-383C-4FDD-92C4-0C169BAD94BD}
		{E47A3605-C142-4908-B99B-04079E4197A3} = {4F6514A9-8C84-4D7B-8FA4-BDA46DAF9DC8}
		{767BF545-6104-4EE3-A38B-358989B54824} = {4F6514A9-8C84-4D7B-8FA4-BDA46DAF9DC8}
		{3E1694BA-4DDE-4ADB-9B77-377570905FE4} = {4F6514A9-8C84-4D7B-8FA4-BDA46DAF9DC8}
		{20515369-DFD4-4C65-9CF3-44BE4E65566D} = {4F6514A9-8C84-4D7B-8FA4-BDA46DAF9DC8}
		{44E704EA-C01D-4B35-9A4A-D72E087DF73E} = {4F6514A9-8C84-4D7B-8FA4-BDA46DAF9DC8}
		{4C5BC51E-2E6B-4DBF-B4E7-0FFA01256CE1} = {4F6514A9-8C84-4D7B-8FA4-BDA46DAF9DC8}
		{45A5B933-6FF3-4609-B834-3C4A9DA77189} = {4F6514A9-8C84-4D7B-8FA4-BDA46DAF9DC8}
		{A417EF18-7394-4505-A1C2-D77E52D6AC0A} = {4F6514A9-8C84-4D7B-8FA4-BDA46DAF9DC8}
		{D14D79D0-3E07-4934-9AE9-E0B0A10BF453} = {4F6514A9-8C84-4D7B-8FA4-BDA46DAF9DC8}
		{00DA0173-6DE5-451E-95C8-5ECDEB50040A} = {35A6633D-383C-4FDD-92C4-0C169BAD94BD}
		{92EC9378-22B5-4A7E-83F0-9EAEAAD23A73} = {00DA0173-6DE5-451E-95C8-5ECDEB50040A}
		{EE1E7E82-A9F0-45A1-ABBB-04DBBAC0C157} = {136B7382-1EFD-44C6-9F08-91CC498DDB90}
	EndGlobalSection
EndGlobal
