
Microsoft Visual Studio Solution File, Format Version 12.00
# Visual Studio 15
VisualStudioVersion = 15.0.26206.0
MinimumVisualStudioVersion = 10.0.40219.1
Project("{2150E333-8FDC-42A3-9474-1A3956D46DE8}") = "src", "src", "{35A6633D-383C-4FDD-92C4-0C169BAD94BD}"
EndProject
Project("{2150E333-8FDC-42A3-9474-1A3956D46DE8}") = "Solution Items", "Solution Items", "{6973340F-57D8-4C2D-8D5B-4C594FBE417A}"
	ProjectSection(SolutionItems) = preProject
		global.json = global.json
	EndProjectSection
EndProject
Project("{9A19103F-16F7-4668-BE54-9A1E7A4F7556}") = "Qooba.Framework.Abstractions", "src\Qooba.Framework.Abstractions\Qooba.Framework.Abstractions.csproj", "{B6C550AF-E0E5-4E4A-BD49-B517A954BC6F}"
EndProject
Project("{9A19103F-16F7-4668-BE54-9A1E7A4F7556}") = "Qooba.Framework.DependencyInjection.Abstractions", "src\Qooba.Framework.DependencyInjection.Abstractions\Qooba.Framework.DependencyInjection.Abstractions.csproj", "{93E19E38-BF98-4064-9114-44CAA0B497C5}"
EndProject
Project("{2150E333-8FDC-42A3-9474-1A3956D46DE8}") = "DependencyInjection", "DependencyInjection", "{136B7382-1EFD-44C6-9F08-91CC498DDB90}"
EndProject
Project("{2150E333-8FDC-42A3-9474-1A3956D46DE8}") = "Specification", "Specification", "{477168AB-2117-45F0-AA01-A15AE58916CE}"
EndProject
Project("{9A19103F-16F7-4668-BE54-9A1E7A4F7556}") = "Qooba.Framework.Specification.Abstractions", "src\Qooba.Framework.Specification.Abstractions\Qooba.Framework.Specification.Abstractions.csproj", "{CCC14051-768F-4129-9A0E-18AFCAFC41D3}"
EndProject
Project("{9A19103F-16F7-4668-BE54-9A1E7A4F7556}") = "Qooba.Framework.Specification", "src\Qooba.Framework.Specification\Qooba.Framework.Specification.csproj", "{8C90BF0E-974B-4C90-A799-21D64A7EAC6A}"
EndProject
Global
	GlobalSection(SolutionConfigurationPlatforms) = preSolution
		Debug|Any CPU = Debug|Any CPU
		Debug|x64 = Debug|x64
		Debug|x86 = Debug|x86
		Release|Any CPU = Release|Any CPU
		Release|x64 = Release|x64
		Release|x86 = Release|x86
	EndGlobalSection
	GlobalSection(ProjectConfigurationPlatforms) = postSolution
		{B6C550AF-E0E5-4E4A-BD49-B517A954BC6F}.Debug|Any CPU.ActiveCfg = Debug|Any CPU
		{B6C550AF-E0E5-4E4A-BD49-B517A954BC6F}.Debug|Any CPU.Build.0 = Debug|Any CPU
		{B6C550AF-E0E5-4E4A-BD49-B517A954BC6F}.Debug|x64.ActiveCfg = Debug|x64
		{B6C550AF-E0E5-4E4A-BD49-B517A954BC6F}.Debug|x64.Build.0 = Debug|x64
		{B6C550AF-E0E5-4E4A-BD49-B517A954BC6F}.Debug|x86.ActiveCfg = Debug|x86
		{B6C550AF-E0E5-4E4A-BD49-B517A954BC6F}.Debug|x86.Build.0 = Debug|x86
		{B6C550AF-E0E5-4E4A-BD49-B517A954BC6F}.Release|Any CPU.ActiveCfg = Release|Any CPU
		{B6C550AF-E0E5-4E4A-BD49-B517A954BC6F}.Release|Any CPU.Build.0 = Release|Any CPU
		{B6C550AF-E0E5-4E4A-BD49-B517A954BC6F}.Release|x64.ActiveCfg = Release|x64
		{B6C550AF-E0E5-4E4A-BD49-B517A954BC6F}.Release|x64.Build.0 = Release|x64
		{B6C550AF-E0E5-4E4A-BD49-B517A954BC6F}.Release|x86.ActiveCfg = Release|x86
		{B6C550AF-E0E5-4E4A-BD49-B517A954BC6F}.Release|x86.Build.0 = Release|x86
		{93E19E38-BF98-4064-9114-44CAA0B497C5}.Debug|Any CPU.ActiveCfg = Debug|Any CPU
		{93E19E38-BF98-4064-9114-44CAA0B497C5}.Debug|Any CPU.Build.0 = Debug|Any CPU
		{93E19E38-BF98-4064-9114-44CAA0B497C5}.Debug|x64.ActiveCfg = Debug|x64
		{93E19E38-BF98-4064-9114-44CAA0B497C5}.Debug|x64.Build.0 = Debug|x64
		{93E19E38-BF98-4064-9114-44CAA0B497C5}.Debug|x86.ActiveCfg = Debug|x86
		{93E19E38-BF98-4064-9114-44CAA0B497C5}.Debug|x86.Build.0 = Debug|x86
		{93E19E38-BF98-4064-9114-44CAA0B497C5}.Release|Any CPU.ActiveCfg = Release|Any CPU
		{93E19E38-BF98-4064-9114-44CAA0B497C5}.Release|Any CPU.Build.0 = Release|Any CPU
		{93E19E38-BF98-4064-9114-44CAA0B497C5}.Release|x64.ActiveCfg = Release|x64
		{93E19E38-BF98-4064-9114-44CAA0B497C5}.Release|x64.Build.0 = Release|x64
		{93E19E38-BF98-4064-9114-44CAA0B497C5}.Release|x86.ActiveCfg = Release|x86
		{93E19E38-BF98-4064-9114-44CAA0B497C5}.Release|x86.Build.0 = Release|x86
		{CCC14051-768F-4129-9A0E-18AFCAFC41D3}.Debug|Any CPU.ActiveCfg = Debug|Any CPU
		{CCC14051-768F-4129-9A0E-18AFCAFC41D3}.Debug|Any CPU.Build.0 = Debug|Any CPU
		{CCC14051-768F-4129-9A0E-18AFCAFC41D3}.Debug|x64.ActiveCfg = Debug|x64
		{CCC14051-768F-4129-9A0E-18AFCAFC41D3}.Debug|x64.Build.0 = Debug|x64
		{CCC14051-768F-4129-9A0E-18AFCAFC41D3}.Debug|x86.ActiveCfg = Debug|x86
		{CCC14051-768F-4129-9A0E-18AFCAFC41D3}.Debug|x86.Build.0 = Debug|x86
		{CCC14051-768F-4129-9A0E-18AFCAFC41D3}.Release|Any CPU.ActiveCfg = Release|Any CPU
		{CCC14051-768F-4129-9A0E-18AFCAFC41D3}.Release|Any CPU.Build.0 = Release|Any CPU
		{CCC14051-768F-4129-9A0E-18AFCAFC41D3}.Release|x64.ActiveCfg = Release|x64
		{CCC14051-768F-4129-9A0E-18AFCAFC41D3}.Release|x64.Build.0 = Release|x64
		{CCC14051-768F-4129-9A0E-18AFCAFC41D3}.Release|x86.ActiveCfg = Release|x86
		{CCC14051-768F-4129-9A0E-18AFCAFC41D3}.Release|x86.Build.0 = Release|x86
		{8C90BF0E-974B-4C90-A799-21D64A7EAC6A}.Debug|Any CPU.ActiveCfg = Debug|Any CPU
		{8C90BF0E-974B-4C90-A799-21D64A7EAC6A}.Debug|Any CPU.Build.0 = Debug|Any CPU
		{8C90BF0E-974B-4C90-A799-21D64A7EAC6A}.Debug|x64.ActiveCfg = Debug|x64
		{8C90BF0E-974B-4C90-A799-21D64A7EAC6A}.Debug|x64.Build.0 = Debug|x64
		{8C90BF0E-974B-4C90-A799-21D64A7EAC6A}.Debug|x86.ActiveCfg = Debug|x86
		{8C90BF0E-974B-4C90-A799-21D64A7EAC6A}.Debug|x86.Build.0 = Debug|x86
		{8C90BF0E-974B-4C90-A799-21D64A7EAC6A}.Release|Any CPU.ActiveCfg = Release|Any CPU
		{8C90BF0E-974B-4C90-A799-21D64A7EAC6A}.Release|Any CPU.Build.0 = Release|Any CPU
		{8C90BF0E-974B-4C90-A799-21D64A7EAC6A}.Release|x64.ActiveCfg = Release|x64
		{8C90BF0E-974B-4C90-A799-21D64A7EAC6A}.Release|x64.Build.0 = Release|x64
		{8C90BF0E-974B-4C90-A799-21D64A7EAC6A}.Release|x86.ActiveCfg = Release|x86
		{8C90BF0E-974B-4C90-A799-21D64A7EAC6A}.Release|x86.Build.0 = Release|x86
	EndGlobalSection
	GlobalSection(SolutionProperties) = preSolution
		HideSolutionNode = FALSE
	EndGlobalSection
	GlobalSection(NestedProjects) = preSolution
		{B6C550AF-E0E5-4E4A-BD49-B517A954BC6F} = {35A6633D-383C-4FDD-92C4-0C169BAD94BD}
		{93E19E38-BF98-4064-9114-44CAA0B497C5} = {136B7382-1EFD-44C6-9F08-91CC498DDB90}
		{136B7382-1EFD-44C6-9F08-91CC498DDB90} = {35A6633D-383C-4FDD-92C4-0C169BAD94BD}
		{477168AB-2117-45F0-AA01-A15AE58916CE} = {35A6633D-383C-4FDD-92C4-0C169BAD94BD}
		{CCC14051-768F-4129-9A0E-18AFCAFC41D3} = {477168AB-2117-45F0-AA01-A15AE58916CE}
		{8C90BF0E-974B-4C90-A799-21D64A7EAC6A} = {477168AB-2117-45F0-AA01-A15AE58916CE}
	EndGlobalSection
EndGlobal
