
Microsoft Visual Studio Solution File, Format Version 12.00
# Visual Studio 14
VisualStudioVersion = 14.0.25420.1
MinimumVisualStudioVersion = 10.0.40219.1
Project("{2150E333-8FDC-42A3-9474-1A3956D46DE8}") = "src", "src", "{35A6633D-383C-4FDD-92C4-0C169BAD94BD}"
EndProject
Project("{2150E333-8FDC-42A3-9474-1A3956D46DE8}") = "Solution Items", "Solution Items", "{6973340F-57D8-4C2D-8D5B-4C594FBE417A}"
	ProjectSection(SolutionItems) = preProject
		global.json = global.json
	EndProjectSection
EndProject
Project("{8BB2217D-0F2D-49D1-97BC-3654ED321F3B}") = "Qooba.Framework", "src\Qooba.Framework\Qooba.Framework.xproj", "{A7A64EFF-4848-42A4-BBCF-69F0BEA5999F}"
EndProject
Project("{8BB2217D-0F2D-49D1-97BC-3654ED321F3B}") = "Qooba.Framework.Abstractions", "src\Qooba.Framework.Abstractions\Qooba.Framework.Abstractions.xproj", "{B6C550AF-E0E5-4E4A-BD49-B517A954BC6F}"
EndProject
Project("{8BB2217D-0F2D-49D1-97BC-3654ED321F3B}") = "Qooba.Framework.DependencyInjection.Abstractions", "src\Qooba.Framework.DependencyInjection.Abstractions\Qooba.Framework.DependencyInjection.Abstractions.xproj", "{93E19E38-BF98-4064-9114-44CAA0B497C5}"
EndProject
Project("{8BB2217D-0F2D-49D1-97BC-3654ED321F3B}") = "Qooba.Framework.DependencyInjection.SimpleContainer", "src\Qooba.Framework.DependencyInjection.SimpleContainer\Qooba.Framework.DependencyInjection.SimpleContainer.xproj", "{2FF2659D-8B29-4448-BA91-1569451D4575}"
EndProject
Project("{2150E333-8FDC-42A3-9474-1A3956D46DE8}") = "tests", "tests", "{B53DD7F3-5B5F-4B4A-8774-51FC3E2E8B5D}"
EndProject
Project("{8BB2217D-0F2D-49D1-97BC-3654ED321F3B}") = "Qooba.Framework.Tests", "test\Qooba.Framework.Tests\Qooba.Framework.Tests.xproj", "{4D79700A-C10C-4129-B209-7338C3DD8B36}"
EndProject
Project("{2150E333-8FDC-42A3-9474-1A3956D46DE8}") = "DependencyInjection", "DependencyInjection", "{136B7382-1EFD-44C6-9F08-91CC498DDB90}"
EndProject
Project("{8BB2217D-0F2D-49D1-97BC-3654ED321F3B}") = "Qooba.Framework.DependencyInjection.ContainerFactory", "src\Qooba.Framework.DependencyInjection.ContainerFactory\Qooba.Framework.DependencyInjection.ContainerFactory.xproj", "{02F52D3D-9224-4466-966C-C1FABC393DCC}"
EndProject
Project("{2150E333-8FDC-42A3-9474-1A3956D46DE8}") = "UnitOfWork", "UnitOfWork", "{BAA32A7F-6560-4430-8897-CEF60390C162}"
EndProject
Project("{8BB2217D-0F2D-49D1-97BC-3654ED321F3B}") = "Qooba.Framework.UnitOfWork.EntityFramework", "src\Qooba.Framework.UnitOfWork.EntityFramework\Qooba.Framework.UnitOfWork.EntityFramework.xproj", "{1D2B3AF7-6B6E-46A2-A24D-A22E893609A2}"
EndProject
Project("{8BB2217D-0F2D-49D1-97BC-3654ED321F3B}") = "Qooba.Framework.UnitOfWork.Abstractions", "src\Qooba.Framework.UnitOfWork.Abstractions\Qooba.Framework.UnitOfWork.Abstractions.xproj", "{EBD89277-B02D-4B91-85F4-29110BF46647}"
EndProject
Project("{2150E333-8FDC-42A3-9474-1A3956D46DE8}") = "Specification", "Specification", "{09E75E4E-ACDE-41EF-B506-DDE77B42EE9C}"
EndProject
Project("{8BB2217D-0F2D-49D1-97BC-3654ED321F3B}") = "Qooba.Framework.Specification.Abstractions", "src\Qooba.Framework.Specification.Abstractions\Qooba.Framework.Specification.Abstractions.xproj", "{0972CCDD-2C9A-4156-B6F7-99BB965D0A8D}"
EndProject
Project("{8BB2217D-0F2D-49D1-97BC-3654ED321F3B}") = "Qooba.Framework.Specification", "src\Qooba.Framework.Specification\Qooba.Framework.Specification.xproj", "{1772A0A9-5279-4F3A-B9F9-CB5983AF4A79}"
EndProject
Project("{8BB2217D-0F2D-49D1-97BC-3654ED321F3B}") = "Qooba.Framework.Expressions", "src\Qooba.Framework.Expressions\Qooba.Framework.Expressions.xproj", "{7AB08A19-31DE-4202-B261-AC806B4265FA}"
EndProject
Project("{2150E333-8FDC-42A3-9474-1A3956D46DE8}") = "Expressions", "Expressions", "{8F822956-A873-4744-9414-E6E21A9B1CB3}"
EndProject
Project("{8BB2217D-0F2D-49D1-97BC-3654ED321F3B}") = "Qooba.Framework.Expressions.Abstractions", "src\Qooba.Framework.Expressions.Abstractions\Qooba.Framework.Expressions.Abstractions.xproj", "{89B29B3A-DA77-4EF6-8E80-601DB2C44EC1}"
EndProject
Project("{8BB2217D-0F2D-49D1-97BC-3654ED321F3B}") = "Qooba.Framework.Serialization.Abstractions", "src\Qooba.Framework.Serialization.Abstractions\Qooba.Framework.Serialization.Abstractions.xproj", "{001619DA-6D74-44CC-892A-C4568A487911}"
EndProject
Project("{8BB2217D-0F2D-49D1-97BC-3654ED321F3B}") = "Qooba.Framework.Serialization", "src\Qooba.Framework.Serialization\Qooba.Framework.Serialization.xproj", "{CE9AF30F-BA9C-4CBA-986B-3430B9A15D6F}"
EndProject
Project("{2150E333-8FDC-42A3-9474-1A3956D46DE8}") = "Serialization", "Serialization", "{40BE223D-12E2-447E-9B3C-60BC4774F7E0}"
EndProject
Project("{2150E333-8FDC-42A3-9474-1A3956D46DE8}") = "Configuration", "Configuration", "{75A1A333-3134-4204-8082-24AB0BF766A2}"
EndProject
Project("{8BB2217D-0F2D-49D1-97BC-3654ED321F3B}") = "Qooba.Framework.Configuration.Abstractions", "src\Qooba.Framework.Configuration.Abstractions\Qooba.Framework.Configuration.Abstractions.xproj", "{6BE337A3-46E3-47C1-9053-F17B9B332D9A}"
EndProject
Project("{8BB2217D-0F2D-49D1-97BC-3654ED321F3B}") = "Qooba.Framework.Configuration", "src\Qooba.Framework.Configuration\Qooba.Framework.Configuration.xproj", "{FF884139-48F7-4E28-A562-A561074302F4}"
EndProject
Project("{2150E333-8FDC-42A3-9474-1A3956D46DE8}") = "Azure", "Azure", "{AE0F42C8-BEE2-4408-8A5D-4436ACBD09B2}"
EndProject
Project("{8BB2217D-0F2D-49D1-97BC-3654ED321F3B}") = "Qooba.Framework.DependencyInjection.DefaultContainer", "src\Qooba.Framework.DependencyInjection.DefaultContainer\Qooba.Framework.DependencyInjection.DefaultContainer.xproj", "{12474C07-9605-4F20-ADD9-3DD66F92005E}"
EndProject
Project("{2150E333-8FDC-42A3-9474-1A3956D46DE8}") = "Mapping", "Mapping", "{A547140B-6887-4A06-85A8-CEB43D75B586}"
EndProject
Project("{8BB2217D-0F2D-49D1-97BC-3654ED321F3B}") = "Qooba.Framework.Mapping.Abstractions", "src\Qooba.Framework.Mapping.Abstractions\Qooba.Framework.Mapping.Abstractions.xproj", "{C430B9DC-4829-4BF0-BAAE-7E0ADBF1D059}"
EndProject
Project("{8BB2217D-0F2D-49D1-97BC-3654ED321F3B}") = "Qooba.Framework.Mapping", "src\Qooba.Framework.Mapping\Qooba.Framework.Mapping.xproj", "{75C32B77-FCB3-4E99-BF7B-AE54A37BE4B1}"
EndProject
Project("{2150E333-8FDC-42A3-9474-1A3956D46DE8}") = "Web", "Web", "{D5B6B8E8-BFDA-496F-969E-99256469EC29}"
EndProject
Project("{8BB2217D-0F2D-49D1-97BC-3654ED321F3B}") = "Qooba.Framework.Web.Abstractions", "src\Qooba.Framework.Web.Abstractions\Qooba.Framework.Web.Abstractions.xproj", "{13CC5DCF-AB8F-499E-8FF3-1B159EE0AB0A}"
EndProject
Project("{8BB2217D-0F2D-49D1-97BC-3654ED321F3B}") = "Qooba.Framework.Web", "src\Qooba.Framework.Web\Qooba.Framework.Web.xproj", "{92E009F9-DF61-4706-AEA6-48F5E8F3202D}"
EndProject
Project("{2150E333-8FDC-42A3-9474-1A3956D46DE8}") = "Dnx", "Dnx", "{76FF931D-848F-445E-9A3D-9FCF7B3894BC}"
EndProject
Project("{8BB2217D-0F2D-49D1-97BC-3654ED321F3B}") = "Qooba.Framework.Dnx.Abstractions", "src\Qooba.Framework.Dnx.Abstractions\Qooba.Framework.Dnx.Abstractions.xproj", "{DC152CC9-D815-4527-B942-E7D3C784A287}"
EndProject
Project("{8BB2217D-0F2D-49D1-97BC-3654ED321F3B}") = "Qooba.Framework.Dnx", "src\Qooba.Framework.Dnx\Qooba.Framework.Dnx.xproj", "{51606C11-DDA2-4786-A367-072050EE63E8}"
EndProject
Project("{2150E333-8FDC-42A3-9474-1A3956D46DE8}") = "Authentication", "Authentication", "{9B87CF8F-0A0A-4DB0-9ED3-7BE4E7ACD387}"
EndProject
Project("{8BB2217D-0F2D-49D1-97BC-3654ED321F3B}") = "Qooba.Framework.Authentication.OAuth", "src\Qooba.Framework.Authentication.OAuth\Qooba.Framework.Authentication.OAuth.xproj", "{8A71DE1C-3F3D-4755-86FB-4135D17DFC0F}"
EndProject
Project("{8BB2217D-0F2D-49D1-97BC-3654ED321F3B}") = "Qooba.Framework.Authentication.OAuth.Abstractions", "src\Qooba.Framework.Authentication.OAuth.Abstractions\Qooba.Framework.Authentication.OAuth.Abstractions.xproj", "{4EF4FA8B-AAFA-4C3C-B9D6-1DCAB92B6A41}"
EndProject
Project("{8BB2217D-0F2D-49D1-97BC-3654ED321F3B}") = "Qooba.Framework.Authentication", "src\Qooba.Framework.Authentication\Qooba.Framework.Authentication.xproj", "{0D15069D-F6A6-41AA-97D6-C1DE38D8886C}"
EndProject
Project("{8BB2217D-0F2D-49D1-97BC-3654ED321F3B}") = "Qooba.Framework.Authentication.Abstractions", "src\Qooba.Framework.Authentication.Abstractions\Qooba.Framework.Authentication.Abstractions.xproj", "{1F3838B0-CDA4-46F7-8283-57DF87D18D5E}"
EndProject
Project("{2150E333-8FDC-42A3-9474-1A3956D46DE8}") = "Cqrs", "Cqrs", "{CE8A1246-0D5C-47BB-BDF0-D2DDC810C551}"
EndProject
Project("{8BB2217D-0F2D-49D1-97BC-3654ED321F3B}") = "Qooba.Framework.Cqrs.Abstractions", "src\Qooba.Framework.Cqrs.Abstractions\Qooba.Framework.Cqrs.Abstractions.xproj", "{6209B874-183D-4241-B9C4-B3FB12644E4E}"
EndProject
Project("{8BB2217D-0F2D-49D1-97BC-3654ED321F3B}") = "Qooba.Framework.Cqrs", "src\Qooba.Framework.Cqrs\Qooba.Framework.Cqrs.xproj", "{5A4AEA36-63DE-4F6A-BC83-AD11ABBA3C56}"
EndProject
Project("{2150E333-8FDC-42A3-9474-1A3956D46DE8}") = "ServiceFabric", "ServiceFabric", "{B09ACC34-62DF-4863-B347-02765810FE6F}"
EndProject
Project("{8BB2217D-0F2D-49D1-97BC-3654ED321F3B}") = "Qooba.Framework.ServiceFabric.Abstractions", "src\Qooba.Framework.ServiceFabric.Abstractions\Qooba.Framework.ServiceFabric.Abstractions.xproj", "{67036459-F365-4A57-9B1E-C4C450FAF6B1}"
EndProject
Project("{8BB2217D-0F2D-49D1-97BC-3654ED321F3B}") = "Qooba.Framework.ServiceFabric", "src\Qooba.Framework.ServiceFabric\Qooba.Framework.ServiceFabric.xproj", "{B65ACF84-B592-4EC8-AC14-545DDE26176D}"
EndProject
Project("{8BB2217D-0F2D-49D1-97BC-3654ED321F3B}") = "Qooba.Framework.Azure.IoT.Abstractions", "src\Qooba.Framework.Azure.IoT.Abstractions\Qooba.Framework.Azure.IoT.Abstractions.xproj", "{07DC5455-98D8-411B-AC53-7C3169160390}"
EndProject
Project("{8BB2217D-0F2D-49D1-97BC-3654ED321F3B}") = "Qooba.Framework.Azure.IoT", "src\Qooba.Framework.Azure.IoT\Qooba.Framework.Azure.IoT.xproj", "{1CF2ED7D-DB3D-47BD-8140-364DE5F36602}"
EndProject
Project("{8BB2217D-0F2D-49D1-97BC-3654ED321F3B}") = "Qooba.Framework.Azure.Storage", "src\Qooba.Framework.Azure.Storage\Qooba.Framework.Azure.Storage.xproj", "{06D55D98-8255-4987-83FB-448F96933CB0}"
EndProject
Project("{8BB2217D-0F2D-49D1-97BC-3654ED321F3B}") = "Qooba.Framework.Azure.Storage.Abstractions", "src\Qooba.Framework.Azure.Storage.Abstractions\Qooba.Framework.Azure.Storage.Abstractions.xproj", "{5AFDDCB3-C08D-40FC-B847-B53CB58C805E}"
EndProject
Project("{2150E333-8FDC-42A3-9474-1A3956D46DE8}") = "Services", "Services", "{3FDD1F78-0457-46E1-8960-5D284D0538BD}"
EndProject
Project("{8BB2217D-0F2D-49D1-97BC-3654ED321F3B}") = "Qooba.Framework.Services.Abstractions", "src\Qooba.Framework.Services.Abstractions\Qooba.Framework.Services.Abstractions.xproj", "{6CD67713-7FCB-4753-87CA-8C0AFBEB6C3C}"
EndProject
Project("{8BB2217D-0F2D-49D1-97BC-3654ED321F3B}") = "Qooba.Framework.Services", "src\Qooba.Framework.Services\Qooba.Framework.Services.xproj", "{0628E74A-CFA1-4791-B3B5-F55EC46A66FD}"
EndProject
Project("{8BB2217D-0F2D-49D1-97BC-3654ED321F3B}") = "Qooba.Framework.Azure.Search", "src\Qooba.Framework.Azure.Search\Qooba.Framework.Azure.Search.xproj", "{8BE7F76E-5CC9-40EA-AC13-A381EB3ED3F5}"
EndProject
Project("{8BB2217D-0F2D-49D1-97BC-3654ED321F3B}") = "Qooba.Framework.Azure.Search.Abstractions", "src\Qooba.Framework.Azure.Search.Abstractions\Qooba.Framework.Azure.Search.Abstractions.xproj", "{1FA3138A-4E3E-47C1-9C42-30F755739D16}"
EndProject
Project("{8BB2217D-0F2D-49D1-97BC-3654ED321F3B}") = "Qooba.Framework.Azure.DocumentDb", "src\Qooba.Framework.Azure.DocumentDb\Qooba.Framework.Azure.DocumentDb.xproj", "{F7463122-AF39-49BD-B2DC-2E12FB6C280F}"
EndProject
Project("{8BB2217D-0F2D-49D1-97BC-3654ED321F3B}") = "Qooba.Framework.Azure.DocumentDb.Abstractions", "src\Qooba.Framework.Azure.DocumentDb.Abstractions\Qooba.Framework.Azure.DocumentDb.Abstractions.xproj", "{CFDA7972-313C-439E-8536-61B7CD0EB014}"
EndProject
Project("{8BB2217D-0F2D-49D1-97BC-3654ED321F3B}") = "Qooba.Framework.Azure.Functions", "src\Qooba.Framework.Azure.Functions\Qooba.Framework.Azure.Functions.xproj", "{4869C58D-F291-4C4F-83FF-D49FBA8B6BA0}"
EndProject
Project("{8BB2217D-0F2D-49D1-97BC-3654ED321F3B}") = "Qooba.Framework.Azure.Functions.Abstractions", "src\Qooba.Framework.Azure.Functions.Abstractions\Qooba.Framework.Azure.Functions.Abstractions.xproj", "{4EF66B34-0BD9-40FA-940D-57319BE700EF}"
EndProject
Project("{8BB2217D-0F2D-49D1-97BC-3654ED321F3B}") = "Qooba.Framework.Configuration.AppConfiguration", "src\Qooba.Framework.Configuration.AppConfiguration\Qooba.Framework.Configuration.AppConfiguration.xproj", "{4F193CA5-B295-4F0D-9A10-BBBE4DEC33D8}"
EndProject
Project("{2150E333-8FDC-42A3-9474-1A3956D46DE8}") = "ServerlessFabric", "ServerlessFabric", "{07CB3093-206F-4D8A-8090-E60BE291656B}"
EndProject
Project("{8BB2217D-0F2D-49D1-97BC-3654ED321F3B}") = "Qooba.Framework.ServerlessFabric", "src\Qooba.Framework.ServerlessFabric\Qooba.Framework.ServerlessFabric.xproj", "{574C54FD-00CF-4312-9ECA-67DF087A1BBE}"
EndProject
Project("{8BB2217D-0F2D-49D1-97BC-3654ED321F3B}") = "Qooba.Framework.ServerlessFabric.Abstractions", "src\Qooba.Framework.ServerlessFabric.Abstractions\Qooba.Framework.ServerlessFabric.Abstractions.xproj", "{88ECA4BA-609D-4C4F-84FF-246DA1F354F7}"
EndProject
Project("{8BB2217D-0F2D-49D1-97BC-3654ED321F3B}") = "Qooba.Framework.ServerlessFabric.Client", "src\Qooba.Framework.ServerlessFabric.Client\Qooba.Framework.ServerlessFabric.Client.xproj", "{3A9C090B-F524-4A84-9540-77A5D4287C41}"
EndProject
Global
	GlobalSection(SolutionConfigurationPlatforms) = preSolution
		Debug|Any CPU = Debug|Any CPU
		Release|Any CPU = Release|Any CPU
	EndGlobalSection
	GlobalSection(ProjectConfigurationPlatforms) = postSolution
		{A7A64EFF-4848-42A4-BBCF-69F0BEA5999F}.Debug|Any CPU.ActiveCfg = Debug|Any CPU
		{A7A64EFF-4848-42A4-BBCF-69F0BEA5999F}.Debug|Any CPU.Build.0 = Debug|Any CPU
		{A7A64EFF-4848-42A4-BBCF-69F0BEA5999F}.Release|Any CPU.ActiveCfg = Release|Any CPU
		{A7A64EFF-4848-42A4-BBCF-69F0BEA5999F}.Release|Any CPU.Build.0 = Release|Any CPU
		{B6C550AF-E0E5-4E4A-BD49-B517A954BC6F}.Debug|Any CPU.ActiveCfg = Debug|Any CPU
		{B6C550AF-E0E5-4E4A-BD49-B517A954BC6F}.Debug|Any CPU.Build.0 = Debug|Any CPU
		{B6C550AF-E0E5-4E4A-BD49-B517A954BC6F}.Release|Any CPU.ActiveCfg = Release|Any CPU
		{B6C550AF-E0E5-4E4A-BD49-B517A954BC6F}.Release|Any CPU.Build.0 = Release|Any CPU
		{93E19E38-BF98-4064-9114-44CAA0B497C5}.Debug|Any CPU.ActiveCfg = Debug|Any CPU
		{93E19E38-BF98-4064-9114-44CAA0B497C5}.Debug|Any CPU.Build.0 = Debug|Any CPU
		{93E19E38-BF98-4064-9114-44CAA0B497C5}.Release|Any CPU.ActiveCfg = Release|Any CPU
		{93E19E38-BF98-4064-9114-44CAA0B497C5}.Release|Any CPU.Build.0 = Release|Any CPU
		{2FF2659D-8B29-4448-BA91-1569451D4575}.Debug|Any CPU.ActiveCfg = Debug|Any CPU
		{2FF2659D-8B29-4448-BA91-1569451D4575}.Debug|Any CPU.Build.0 = Debug|Any CPU
		{2FF2659D-8B29-4448-BA91-1569451D4575}.Release|Any CPU.ActiveCfg = Release|Any CPU
		{2FF2659D-8B29-4448-BA91-1569451D4575}.Release|Any CPU.Build.0 = Release|Any CPU
		{4D79700A-C10C-4129-B209-7338C3DD8B36}.Debug|Any CPU.ActiveCfg = Debug|Any CPU
		{4D79700A-C10C-4129-B209-7338C3DD8B36}.Debug|Any CPU.Build.0 = Debug|Any CPU
		{4D79700A-C10C-4129-B209-7338C3DD8B36}.Release|Any CPU.ActiveCfg = Release|Any CPU
		{4D79700A-C10C-4129-B209-7338C3DD8B36}.Release|Any CPU.Build.0 = Release|Any CPU
		{02F52D3D-9224-4466-966C-C1FABC393DCC}.Debug|Any CPU.ActiveCfg = Debug|Any CPU
		{02F52D3D-9224-4466-966C-C1FABC393DCC}.Debug|Any CPU.Build.0 = Debug|Any CPU
		{02F52D3D-9224-4466-966C-C1FABC393DCC}.Release|Any CPU.ActiveCfg = Release|Any CPU
		{02F52D3D-9224-4466-966C-C1FABC393DCC}.Release|Any CPU.Build.0 = Release|Any CPU
		{1D2B3AF7-6B6E-46A2-A24D-A22E893609A2}.Debug|Any CPU.ActiveCfg = Debug|Any CPU
		{1D2B3AF7-6B6E-46A2-A24D-A22E893609A2}.Debug|Any CPU.Build.0 = Debug|Any CPU
		{1D2B3AF7-6B6E-46A2-A24D-A22E893609A2}.Release|Any CPU.ActiveCfg = Release|Any CPU
		{1D2B3AF7-6B6E-46A2-A24D-A22E893609A2}.Release|Any CPU.Build.0 = Release|Any CPU
		{EBD89277-B02D-4B91-85F4-29110BF46647}.Debug|Any CPU.ActiveCfg = Debug|Any CPU
		{EBD89277-B02D-4B91-85F4-29110BF46647}.Debug|Any CPU.Build.0 = Debug|Any CPU
		{EBD89277-B02D-4B91-85F4-29110BF46647}.Release|Any CPU.ActiveCfg = Release|Any CPU
		{EBD89277-B02D-4B91-85F4-29110BF46647}.Release|Any CPU.Build.0 = Release|Any CPU
		{0972CCDD-2C9A-4156-B6F7-99BB965D0A8D}.Debug|Any CPU.ActiveCfg = Debug|Any CPU
		{0972CCDD-2C9A-4156-B6F7-99BB965D0A8D}.Debug|Any CPU.Build.0 = Debug|Any CPU
		{0972CCDD-2C9A-4156-B6F7-99BB965D0A8D}.Release|Any CPU.ActiveCfg = Release|Any CPU
		{0972CCDD-2C9A-4156-B6F7-99BB965D0A8D}.Release|Any CPU.Build.0 = Release|Any CPU
		{1772A0A9-5279-4F3A-B9F9-CB5983AF4A79}.Debug|Any CPU.ActiveCfg = Debug|Any CPU
		{1772A0A9-5279-4F3A-B9F9-CB5983AF4A79}.Debug|Any CPU.Build.0 = Debug|Any CPU
		{1772A0A9-5279-4F3A-B9F9-CB5983AF4A79}.Release|Any CPU.ActiveCfg = Release|Any CPU
		{1772A0A9-5279-4F3A-B9F9-CB5983AF4A79}.Release|Any CPU.Build.0 = Release|Any CPU
		{7AB08A19-31DE-4202-B261-AC806B4265FA}.Debug|Any CPU.ActiveCfg = Debug|Any CPU
		{7AB08A19-31DE-4202-B261-AC806B4265FA}.Debug|Any CPU.Build.0 = Debug|Any CPU
		{7AB08A19-31DE-4202-B261-AC806B4265FA}.Release|Any CPU.ActiveCfg = Release|Any CPU
		{7AB08A19-31DE-4202-B261-AC806B4265FA}.Release|Any CPU.Build.0 = Release|Any CPU
		{89B29B3A-DA77-4EF6-8E80-601DB2C44EC1}.Debug|Any CPU.ActiveCfg = Debug|Any CPU
		{89B29B3A-DA77-4EF6-8E80-601DB2C44EC1}.Debug|Any CPU.Build.0 = Debug|Any CPU
		{89B29B3A-DA77-4EF6-8E80-601DB2C44EC1}.Release|Any CPU.ActiveCfg = Release|Any CPU
		{89B29B3A-DA77-4EF6-8E80-601DB2C44EC1}.Release|Any CPU.Build.0 = Release|Any CPU
		{001619DA-6D74-44CC-892A-C4568A487911}.Debug|Any CPU.ActiveCfg = Debug|Any CPU
		{001619DA-6D74-44CC-892A-C4568A487911}.Debug|Any CPU.Build.0 = Debug|Any CPU
		{001619DA-6D74-44CC-892A-C4568A487911}.Release|Any CPU.ActiveCfg = Release|Any CPU
		{001619DA-6D74-44CC-892A-C4568A487911}.Release|Any CPU.Build.0 = Release|Any CPU
		{CE9AF30F-BA9C-4CBA-986B-3430B9A15D6F}.Debug|Any CPU.ActiveCfg = Debug|Any CPU
		{CE9AF30F-BA9C-4CBA-986B-3430B9A15D6F}.Debug|Any CPU.Build.0 = Debug|Any CPU
		{CE9AF30F-BA9C-4CBA-986B-3430B9A15D6F}.Release|Any CPU.ActiveCfg = Release|Any CPU
		{CE9AF30F-BA9C-4CBA-986B-3430B9A15D6F}.Release|Any CPU.Build.0 = Release|Any CPU
		{6BE337A3-46E3-47C1-9053-F17B9B332D9A}.Debug|Any CPU.ActiveCfg = Debug|Any CPU
		{6BE337A3-46E3-47C1-9053-F17B9B332D9A}.Debug|Any CPU.Build.0 = Debug|Any CPU
		{6BE337A3-46E3-47C1-9053-F17B9B332D9A}.Release|Any CPU.ActiveCfg = Release|Any CPU
		{6BE337A3-46E3-47C1-9053-F17B9B332D9A}.Release|Any CPU.Build.0 = Release|Any CPU
		{FF884139-48F7-4E28-A562-A561074302F4}.Debug|Any CPU.ActiveCfg = Debug|Any CPU
		{FF884139-48F7-4E28-A562-A561074302F4}.Debug|Any CPU.Build.0 = Debug|Any CPU
		{FF884139-48F7-4E28-A562-A561074302F4}.Release|Any CPU.ActiveCfg = Release|Any CPU
		{FF884139-48F7-4E28-A562-A561074302F4}.Release|Any CPU.Build.0 = Release|Any CPU
		{12474C07-9605-4F20-ADD9-3DD66F92005E}.Debug|Any CPU.ActiveCfg = Debug|Any CPU
		{12474C07-9605-4F20-ADD9-3DD66F92005E}.Debug|Any CPU.Build.0 = Debug|Any CPU
		{12474C07-9605-4F20-ADD9-3DD66F92005E}.Release|Any CPU.ActiveCfg = Release|Any CPU
		{12474C07-9605-4F20-ADD9-3DD66F92005E}.Release|Any CPU.Build.0 = Release|Any CPU
		{C430B9DC-4829-4BF0-BAAE-7E0ADBF1D059}.Debug|Any CPU.ActiveCfg = Debug|Any CPU
		{C430B9DC-4829-4BF0-BAAE-7E0ADBF1D059}.Debug|Any CPU.Build.0 = Debug|Any CPU
		{C430B9DC-4829-4BF0-BAAE-7E0ADBF1D059}.Release|Any CPU.ActiveCfg = Release|Any CPU
		{C430B9DC-4829-4BF0-BAAE-7E0ADBF1D059}.Release|Any CPU.Build.0 = Release|Any CPU
		{75C32B77-FCB3-4E99-BF7B-AE54A37BE4B1}.Debug|Any CPU.ActiveCfg = Debug|Any CPU
		{75C32B77-FCB3-4E99-BF7B-AE54A37BE4B1}.Debug|Any CPU.Build.0 = Debug|Any CPU
		{75C32B77-FCB3-4E99-BF7B-AE54A37BE4B1}.Release|Any CPU.ActiveCfg = Release|Any CPU
		{75C32B77-FCB3-4E99-BF7B-AE54A37BE4B1}.Release|Any CPU.Build.0 = Release|Any CPU
		{13CC5DCF-AB8F-499E-8FF3-1B159EE0AB0A}.Debug|Any CPU.ActiveCfg = Debug|Any CPU
		{13CC5DCF-AB8F-499E-8FF3-1B159EE0AB0A}.Debug|Any CPU.Build.0 = Debug|Any CPU
		{13CC5DCF-AB8F-499E-8FF3-1B159EE0AB0A}.Release|Any CPU.ActiveCfg = Release|Any CPU
		{13CC5DCF-AB8F-499E-8FF3-1B159EE0AB0A}.Release|Any CPU.Build.0 = Release|Any CPU
		{92E009F9-DF61-4706-AEA6-48F5E8F3202D}.Debug|Any CPU.ActiveCfg = Debug|Any CPU
		{92E009F9-DF61-4706-AEA6-48F5E8F3202D}.Debug|Any CPU.Build.0 = Debug|Any CPU
		{92E009F9-DF61-4706-AEA6-48F5E8F3202D}.Release|Any CPU.ActiveCfg = Release|Any CPU
		{92E009F9-DF61-4706-AEA6-48F5E8F3202D}.Release|Any CPU.Build.0 = Release|Any CPU
		{DC152CC9-D815-4527-B942-E7D3C784A287}.Debug|Any CPU.ActiveCfg = Debug|Any CPU
		{DC152CC9-D815-4527-B942-E7D3C784A287}.Debug|Any CPU.Build.0 = Debug|Any CPU
		{DC152CC9-D815-4527-B942-E7D3C784A287}.Release|Any CPU.ActiveCfg = Release|Any CPU
		{DC152CC9-D815-4527-B942-E7D3C784A287}.Release|Any CPU.Build.0 = Release|Any CPU
		{51606C11-DDA2-4786-A367-072050EE63E8}.Debug|Any CPU.ActiveCfg = Debug|Any CPU
		{51606C11-DDA2-4786-A367-072050EE63E8}.Debug|Any CPU.Build.0 = Debug|Any CPU
		{51606C11-DDA2-4786-A367-072050EE63E8}.Release|Any CPU.ActiveCfg = Release|Any CPU
		{51606C11-DDA2-4786-A367-072050EE63E8}.Release|Any CPU.Build.0 = Release|Any CPU
		{8A71DE1C-3F3D-4755-86FB-4135D17DFC0F}.Debug|Any CPU.ActiveCfg = Debug|Any CPU
		{8A71DE1C-3F3D-4755-86FB-4135D17DFC0F}.Debug|Any CPU.Build.0 = Debug|Any CPU
		{8A71DE1C-3F3D-4755-86FB-4135D17DFC0F}.Release|Any CPU.ActiveCfg = Release|Any CPU
		{8A71DE1C-3F3D-4755-86FB-4135D17DFC0F}.Release|Any CPU.Build.0 = Release|Any CPU
		{4EF4FA8B-AAFA-4C3C-B9D6-1DCAB92B6A41}.Debug|Any CPU.ActiveCfg = Debug|Any CPU
		{4EF4FA8B-AAFA-4C3C-B9D6-1DCAB92B6A41}.Debug|Any CPU.Build.0 = Debug|Any CPU
		{4EF4FA8B-AAFA-4C3C-B9D6-1DCAB92B6A41}.Release|Any CPU.ActiveCfg = Release|Any CPU
		{4EF4FA8B-AAFA-4C3C-B9D6-1DCAB92B6A41}.Release|Any CPU.Build.0 = Release|Any CPU
		{0D15069D-F6A6-41AA-97D6-C1DE38D8886C}.Debug|Any CPU.ActiveCfg = Debug|Any CPU
		{0D15069D-F6A6-41AA-97D6-C1DE38D8886C}.Debug|Any CPU.Build.0 = Debug|Any CPU
		{0D15069D-F6A6-41AA-97D6-C1DE38D8886C}.Release|Any CPU.ActiveCfg = Release|Any CPU
		{0D15069D-F6A6-41AA-97D6-C1DE38D8886C}.Release|Any CPU.Build.0 = Release|Any CPU
		{1F3838B0-CDA4-46F7-8283-57DF87D18D5E}.Debug|Any CPU.ActiveCfg = Debug|Any CPU
		{1F3838B0-CDA4-46F7-8283-57DF87D18D5E}.Debug|Any CPU.Build.0 = Debug|Any CPU
		{1F3838B0-CDA4-46F7-8283-57DF87D18D5E}.Release|Any CPU.ActiveCfg = Release|Any CPU
		{1F3838B0-CDA4-46F7-8283-57DF87D18D5E}.Release|Any CPU.Build.0 = Release|Any CPU
		{6209B874-183D-4241-B9C4-B3FB12644E4E}.Debug|Any CPU.ActiveCfg = Debug|Any CPU
		{6209B874-183D-4241-B9C4-B3FB12644E4E}.Debug|Any CPU.Build.0 = Debug|Any CPU
		{6209B874-183D-4241-B9C4-B3FB12644E4E}.Release|Any CPU.ActiveCfg = Release|Any CPU
		{6209B874-183D-4241-B9C4-B3FB12644E4E}.Release|Any CPU.Build.0 = Release|Any CPU
		{5A4AEA36-63DE-4F6A-BC83-AD11ABBA3C56}.Debug|Any CPU.ActiveCfg = Debug|Any CPU
		{5A4AEA36-63DE-4F6A-BC83-AD11ABBA3C56}.Debug|Any CPU.Build.0 = Debug|Any CPU
		{5A4AEA36-63DE-4F6A-BC83-AD11ABBA3C56}.Release|Any CPU.ActiveCfg = Release|Any CPU
		{5A4AEA36-63DE-4F6A-BC83-AD11ABBA3C56}.Release|Any CPU.Build.0 = Release|Any CPU
		{67036459-F365-4A57-9B1E-C4C450FAF6B1}.Debug|Any CPU.ActiveCfg = Debug|Any CPU
		{67036459-F365-4A57-9B1E-C4C450FAF6B1}.Debug|Any CPU.Build.0 = Debug|Any CPU
		{67036459-F365-4A57-9B1E-C4C450FAF6B1}.Release|Any CPU.ActiveCfg = Release|Any CPU
		{67036459-F365-4A57-9B1E-C4C450FAF6B1}.Release|Any CPU.Build.0 = Release|Any CPU
		{B65ACF84-B592-4EC8-AC14-545DDE26176D}.Debug|Any CPU.ActiveCfg = Debug|Any CPU
		{B65ACF84-B592-4EC8-AC14-545DDE26176D}.Debug|Any CPU.Build.0 = Debug|Any CPU
		{B65ACF84-B592-4EC8-AC14-545DDE26176D}.Release|Any CPU.ActiveCfg = Release|Any CPU
		{B65ACF84-B592-4EC8-AC14-545DDE26176D}.Release|Any CPU.Build.0 = Release|Any CPU
		{07DC5455-98D8-411B-AC53-7C3169160390}.Debug|Any CPU.ActiveCfg = Debug|Any CPU
		{07DC5455-98D8-411B-AC53-7C3169160390}.Debug|Any CPU.Build.0 = Debug|Any CPU
		{07DC5455-98D8-411B-AC53-7C3169160390}.Release|Any CPU.ActiveCfg = Release|Any CPU
		{07DC5455-98D8-411B-AC53-7C3169160390}.Release|Any CPU.Build.0 = Release|Any CPU
		{1CF2ED7D-DB3D-47BD-8140-364DE5F36602}.Debug|Any CPU.ActiveCfg = Debug|Any CPU
		{1CF2ED7D-DB3D-47BD-8140-364DE5F36602}.Debug|Any CPU.Build.0 = Debug|Any CPU
		{1CF2ED7D-DB3D-47BD-8140-364DE5F36602}.Release|Any CPU.ActiveCfg = Release|Any CPU
		{1CF2ED7D-DB3D-47BD-8140-364DE5F36602}.Release|Any CPU.Build.0 = Release|Any CPU
		{06D55D98-8255-4987-83FB-448F96933CB0}.Debug|Any CPU.ActiveCfg = Debug|Any CPU
		{06D55D98-8255-4987-83FB-448F96933CB0}.Debug|Any CPU.Build.0 = Debug|Any CPU
		{06D55D98-8255-4987-83FB-448F96933CB0}.Release|Any CPU.ActiveCfg = Release|Any CPU
		{06D55D98-8255-4987-83FB-448F96933CB0}.Release|Any CPU.Build.0 = Release|Any CPU
		{5AFDDCB3-C08D-40FC-B847-B53CB58C805E}.Debug|Any CPU.ActiveCfg = Debug|Any CPU
		{5AFDDCB3-C08D-40FC-B847-B53CB58C805E}.Debug|Any CPU.Build.0 = Debug|Any CPU
		{5AFDDCB3-C08D-40FC-B847-B53CB58C805E}.Release|Any CPU.ActiveCfg = Release|Any CPU
		{5AFDDCB3-C08D-40FC-B847-B53CB58C805E}.Release|Any CPU.Build.0 = Release|Any CPU
		{6CD67713-7FCB-4753-87CA-8C0AFBEB6C3C}.Debug|Any CPU.ActiveCfg = Debug|Any CPU
		{6CD67713-7FCB-4753-87CA-8C0AFBEB6C3C}.Debug|Any CPU.Build.0 = Debug|Any CPU
		{6CD67713-7FCB-4753-87CA-8C0AFBEB6C3C}.Release|Any CPU.ActiveCfg = Release|Any CPU
		{6CD67713-7FCB-4753-87CA-8C0AFBEB6C3C}.Release|Any CPU.Build.0 = Release|Any CPU
		{0628E74A-CFA1-4791-B3B5-F55EC46A66FD}.Debug|Any CPU.ActiveCfg = Debug|Any CPU
		{0628E74A-CFA1-4791-B3B5-F55EC46A66FD}.Debug|Any CPU.Build.0 = Debug|Any CPU
		{0628E74A-CFA1-4791-B3B5-F55EC46A66FD}.Release|Any CPU.ActiveCfg = Release|Any CPU
		{0628E74A-CFA1-4791-B3B5-F55EC46A66FD}.Release|Any CPU.Build.0 = Release|Any CPU
		{8BE7F76E-5CC9-40EA-AC13-A381EB3ED3F5}.Debug|Any CPU.ActiveCfg = Debug|Any CPU
		{8BE7F76E-5CC9-40EA-AC13-A381EB3ED3F5}.Debug|Any CPU.Build.0 = Debug|Any CPU
		{8BE7F76E-5CC9-40EA-AC13-A381EB3ED3F5}.Release|Any CPU.ActiveCfg = Release|Any CPU
		{8BE7F76E-5CC9-40EA-AC13-A381EB3ED3F5}.Release|Any CPU.Build.0 = Release|Any CPU
		{1FA3138A-4E3E-47C1-9C42-30F755739D16}.Debug|Any CPU.ActiveCfg = Debug|Any CPU
		{1FA3138A-4E3E-47C1-9C42-30F755739D16}.Debug|Any CPU.Build.0 = Debug|Any CPU
		{1FA3138A-4E3E-47C1-9C42-30F755739D16}.Release|Any CPU.ActiveCfg = Release|Any CPU
		{1FA3138A-4E3E-47C1-9C42-30F755739D16}.Release|Any CPU.Build.0 = Release|Any CPU
		{F7463122-AF39-49BD-B2DC-2E12FB6C280F}.Debug|Any CPU.ActiveCfg = Debug|Any CPU
		{F7463122-AF39-49BD-B2DC-2E12FB6C280F}.Debug|Any CPU.Build.0 = Debug|Any CPU
		{F7463122-AF39-49BD-B2DC-2E12FB6C280F}.Release|Any CPU.ActiveCfg = Release|Any CPU
		{F7463122-AF39-49BD-B2DC-2E12FB6C280F}.Release|Any CPU.Build.0 = Release|Any CPU
		{CFDA7972-313C-439E-8536-61B7CD0EB014}.Debug|Any CPU.ActiveCfg = Debug|Any CPU
		{CFDA7972-313C-439E-8536-61B7CD0EB014}.Debug|Any CPU.Build.0 = Debug|Any CPU
		{CFDA7972-313C-439E-8536-61B7CD0EB014}.Release|Any CPU.ActiveCfg = Release|Any CPU
		{CFDA7972-313C-439E-8536-61B7CD0EB014}.Release|Any CPU.Build.0 = Release|Any CPU
		{4869C58D-F291-4C4F-83FF-D49FBA8B6BA0}.Debug|Any CPU.ActiveCfg = Debug|Any CPU
		{4869C58D-F291-4C4F-83FF-D49FBA8B6BA0}.Debug|Any CPU.Build.0 = Debug|Any CPU
		{4869C58D-F291-4C4F-83FF-D49FBA8B6BA0}.Release|Any CPU.ActiveCfg = Release|Any CPU
		{4869C58D-F291-4C4F-83FF-D49FBA8B6BA0}.Release|Any CPU.Build.0 = Release|Any CPU
		{4EF66B34-0BD9-40FA-940D-57319BE700EF}.Debug|Any CPU.ActiveCfg = Debug|Any CPU
		{4EF66B34-0BD9-40FA-940D-57319BE700EF}.Debug|Any CPU.Build.0 = Debug|Any CPU
		{4EF66B34-0BD9-40FA-940D-57319BE700EF}.Release|Any CPU.ActiveCfg = Release|Any CPU
		{4EF66B34-0BD9-40FA-940D-57319BE700EF}.Release|Any CPU.Build.0 = Release|Any CPU
		{4F193CA5-B295-4F0D-9A10-BBBE4DEC33D8}.Debug|Any CPU.ActiveCfg = Debug|Any CPU
		{4F193CA5-B295-4F0D-9A10-BBBE4DEC33D8}.Debug|Any CPU.Build.0 = Debug|Any CPU
		{4F193CA5-B295-4F0D-9A10-BBBE4DEC33D8}.Release|Any CPU.ActiveCfg = Release|Any CPU
		{4F193CA5-B295-4F0D-9A10-BBBE4DEC33D8}.Release|Any CPU.Build.0 = Release|Any CPU
		{574C54FD-00CF-4312-9ECA-67DF087A1BBE}.Debug|Any CPU.ActiveCfg = Debug|Any CPU
		{574C54FD-00CF-4312-9ECA-67DF087A1BBE}.Debug|Any CPU.Build.0 = Debug|Any CPU
		{574C54FD-00CF-4312-9ECA-67DF087A1BBE}.Release|Any CPU.ActiveCfg = Release|Any CPU
		{574C54FD-00CF-4312-9ECA-67DF087A1BBE}.Release|Any CPU.Build.0 = Release|Any CPU
		{88ECA4BA-609D-4C4F-84FF-246DA1F354F7}.Debug|Any CPU.ActiveCfg = Debug|Any CPU
		{88ECA4BA-609D-4C4F-84FF-246DA1F354F7}.Debug|Any CPU.Build.0 = Debug|Any CPU
		{88ECA4BA-609D-4C4F-84FF-246DA1F354F7}.Release|Any CPU.ActiveCfg = Release|Any CPU
		{88ECA4BA-609D-4C4F-84FF-246DA1F354F7}.Release|Any CPU.Build.0 = Release|Any CPU
		{3A9C090B-F524-4A84-9540-77A5D4287C41}.Debug|Any CPU.ActiveCfg = Debug|Any CPU
		{3A9C090B-F524-4A84-9540-77A5D4287C41}.Debug|Any CPU.Build.0 = Debug|Any CPU
		{3A9C090B-F524-4A84-9540-77A5D4287C41}.Release|Any CPU.ActiveCfg = Release|Any CPU
		{3A9C090B-F524-4A84-9540-77A5D4287C41}.Release|Any CPU.Build.0 = Release|Any CPU
	EndGlobalSection
	GlobalSection(SolutionProperties) = preSolution
		HideSolutionNode = FALSE
	EndGlobalSection
	GlobalSection(NestedProjects) = preSolution
		{A7A64EFF-4848-42A4-BBCF-69F0BEA5999F} = {35A6633D-383C-4FDD-92C4-0C169BAD94BD}
		{B6C550AF-E0E5-4E4A-BD49-B517A954BC6F} = {35A6633D-383C-4FDD-92C4-0C169BAD94BD}
		{93E19E38-BF98-4064-9114-44CAA0B497C5} = {136B7382-1EFD-44C6-9F08-91CC498DDB90}
		{2FF2659D-8B29-4448-BA91-1569451D4575} = {136B7382-1EFD-44C6-9F08-91CC498DDB90}
		{4D79700A-C10C-4129-B209-7338C3DD8B36} = {B53DD7F3-5B5F-4B4A-8774-51FC3E2E8B5D}
		{136B7382-1EFD-44C6-9F08-91CC498DDB90} = {35A6633D-383C-4FDD-92C4-0C169BAD94BD}
		{02F52D3D-9224-4466-966C-C1FABC393DCC} = {136B7382-1EFD-44C6-9F08-91CC498DDB90}
		{BAA32A7F-6560-4430-8897-CEF60390C162} = {35A6633D-383C-4FDD-92C4-0C169BAD94BD}
		{1D2B3AF7-6B6E-46A2-A24D-A22E893609A2} = {BAA32A7F-6560-4430-8897-CEF60390C162}
		{EBD89277-B02D-4B91-85F4-29110BF46647} = {BAA32A7F-6560-4430-8897-CEF60390C162}
		{09E75E4E-ACDE-41EF-B506-DDE77B42EE9C} = {35A6633D-383C-4FDD-92C4-0C169BAD94BD}
		{0972CCDD-2C9A-4156-B6F7-99BB965D0A8D} = {09E75E4E-ACDE-41EF-B506-DDE77B42EE9C}
		{1772A0A9-5279-4F3A-B9F9-CB5983AF4A79} = {09E75E4E-ACDE-41EF-B506-DDE77B42EE9C}
		{7AB08A19-31DE-4202-B261-AC806B4265FA} = {8F822956-A873-4744-9414-E6E21A9B1CB3}
		{8F822956-A873-4744-9414-E6E21A9B1CB3} = {35A6633D-383C-4FDD-92C4-0C169BAD94BD}
		{89B29B3A-DA77-4EF6-8E80-601DB2C44EC1} = {8F822956-A873-4744-9414-E6E21A9B1CB3}
		{001619DA-6D74-44CC-892A-C4568A487911} = {40BE223D-12E2-447E-9B3C-60BC4774F7E0}
		{CE9AF30F-BA9C-4CBA-986B-3430B9A15D6F} = {40BE223D-12E2-447E-9B3C-60BC4774F7E0}
		{40BE223D-12E2-447E-9B3C-60BC4774F7E0} = {35A6633D-383C-4FDD-92C4-0C169BAD94BD}
		{75A1A333-3134-4204-8082-24AB0BF766A2} = {35A6633D-383C-4FDD-92C4-0C169BAD94BD}
		{6BE337A3-46E3-47C1-9053-F17B9B332D9A} = {75A1A333-3134-4204-8082-24AB0BF766A2}
		{FF884139-48F7-4E28-A562-A561074302F4} = {75A1A333-3134-4204-8082-24AB0BF766A2}
		{AE0F42C8-BEE2-4408-8A5D-4436ACBD09B2} = {35A6633D-383C-4FDD-92C4-0C169BAD94BD}
		{12474C07-9605-4F20-ADD9-3DD66F92005E} = {136B7382-1EFD-44C6-9F08-91CC498DDB90}
		{A547140B-6887-4A06-85A8-CEB43D75B586} = {35A6633D-383C-4FDD-92C4-0C169BAD94BD}
		{C430B9DC-4829-4BF0-BAAE-7E0ADBF1D059} = {A547140B-6887-4A06-85A8-CEB43D75B586}
		{75C32B77-FCB3-4E99-BF7B-AE54A37BE4B1} = {A547140B-6887-4A06-85A8-CEB43D75B586}
		{D5B6B8E8-BFDA-496F-969E-99256469EC29} = {35A6633D-383C-4FDD-92C4-0C169BAD94BD}
		{13CC5DCF-AB8F-499E-8FF3-1B159EE0AB0A} = {D5B6B8E8-BFDA-496F-969E-99256469EC29}
		{92E009F9-DF61-4706-AEA6-48F5E8F3202D} = {D5B6B8E8-BFDA-496F-969E-99256469EC29}
		{76FF931D-848F-445E-9A3D-9FCF7B3894BC} = {35A6633D-383C-4FDD-92C4-0C169BAD94BD}
		{DC152CC9-D815-4527-B942-E7D3C784A287} = {76FF931D-848F-445E-9A3D-9FCF7B3894BC}
		{51606C11-DDA2-4786-A367-072050EE63E8} = {76FF931D-848F-445E-9A3D-9FCF7B3894BC}
		{9B87CF8F-0A0A-4DB0-9ED3-7BE4E7ACD387} = {35A6633D-383C-4FDD-92C4-0C169BAD94BD}
		{8A71DE1C-3F3D-4755-86FB-4135D17DFC0F} = {9B87CF8F-0A0A-4DB0-9ED3-7BE4E7ACD387}
		{4EF4FA8B-AAFA-4C3C-B9D6-1DCAB92B6A41} = {9B87CF8F-0A0A-4DB0-9ED3-7BE4E7ACD387}
		{0D15069D-F6A6-41AA-97D6-C1DE38D8886C} = {9B87CF8F-0A0A-4DB0-9ED3-7BE4E7ACD387}
		{1F3838B0-CDA4-46F7-8283-57DF87D18D5E} = {9B87CF8F-0A0A-4DB0-9ED3-7BE4E7ACD387}
		{CE8A1246-0D5C-47BB-BDF0-D2DDC810C551} = {35A6633D-383C-4FDD-92C4-0C169BAD94BD}
		{6209B874-183D-4241-B9C4-B3FB12644E4E} = {CE8A1246-0D5C-47BB-BDF0-D2DDC810C551}
		{5A4AEA36-63DE-4F6A-BC83-AD11ABBA3C56} = {CE8A1246-0D5C-47BB-BDF0-D2DDC810C551}
		{B09ACC34-62DF-4863-B347-02765810FE6F} = {35A6633D-383C-4FDD-92C4-0C169BAD94BD}
		{67036459-F365-4A57-9B1E-C4C450FAF6B1} = {B09ACC34-62DF-4863-B347-02765810FE6F}
		{B65ACF84-B592-4EC8-AC14-545DDE26176D} = {B09ACC34-62DF-4863-B347-02765810FE6F}
		{07DC5455-98D8-411B-AC53-7C3169160390} = {AE0F42C8-BEE2-4408-8A5D-4436ACBD09B2}
		{1CF2ED7D-DB3D-47BD-8140-364DE5F36602} = {AE0F42C8-BEE2-4408-8A5D-4436ACBD09B2}
		{06D55D98-8255-4987-83FB-448F96933CB0} = {AE0F42C8-BEE2-4408-8A5D-4436ACBD09B2}
		{5AFDDCB3-C08D-40FC-B847-B53CB58C805E} = {AE0F42C8-BEE2-4408-8A5D-4436ACBD09B2}
		{3FDD1F78-0457-46E1-8960-5D284D0538BD} = {35A6633D-383C-4FDD-92C4-0C169BAD94BD}
		{6CD67713-7FCB-4753-87CA-8C0AFBEB6C3C} = {3FDD1F78-0457-46E1-8960-5D284D0538BD}
		{0628E74A-CFA1-4791-B3B5-F55EC46A66FD} = {3FDD1F78-0457-46E1-8960-5D284D0538BD}
		{8BE7F76E-5CC9-40EA-AC13-A381EB3ED3F5} = {AE0F42C8-BEE2-4408-8A5D-4436ACBD09B2}
		{1FA3138A-4E3E-47C1-9C42-30F755739D16} = {AE0F42C8-BEE2-4408-8A5D-4436ACBD09B2}
		{F7463122-AF39-49BD-B2DC-2E12FB6C280F} = {AE0F42C8-BEE2-4408-8A5D-4436ACBD09B2}
		{CFDA7972-313C-439E-8536-61B7CD0EB014} = {AE0F42C8-BEE2-4408-8A5D-4436ACBD09B2}
		{4869C58D-F291-4C4F-83FF-D49FBA8B6BA0} = {AE0F42C8-BEE2-4408-8A5D-4436ACBD09B2}
		{4EF66B34-0BD9-40FA-940D-57319BE700EF} = {AE0F42C8-BEE2-4408-8A5D-4436ACBD09B2}
		{4F193CA5-B295-4F0D-9A10-BBBE4DEC33D8} = {75A1A333-3134-4204-8082-24AB0BF766A2}
		{07CB3093-206F-4D8A-8090-E60BE291656B} = {35A6633D-383C-4FDD-92C4-0C169BAD94BD}
		{574C54FD-00CF-4312-9ECA-67DF087A1BBE} = {07CB3093-206F-4D8A-8090-E60BE291656B}
		{88ECA4BA-609D-4C4F-84FF-246DA1F354F7} = {07CB3093-206F-4D8A-8090-E60BE291656B}
		{3A9C090B-F524-4A84-9540-77A5D4287C41} = {07CB3093-206F-4D8A-8090-E60BE291656B}
	EndGlobalSection
EndGlobal
