
Microsoft Visual Studio Solution File, Format Version 12.00
# Visual Studio 15
VisualStudioVersion = 15.0.26228.4
MinimumVisualStudioVersion = 10.0.40219.1
Project("{2150E333-8FDC-42A3-9474-1A3956D46DE8}") = "src", "src", "{35A6633D-383C-4FDD-92C4-0C169BAD94BD}"
EndProject
Project("{2150E333-8FDC-42A3-9474-1A3956D46DE8}") = "Solution Items", "Solution Items", "{6973340F-57D8-4C2D-8D5B-4C594FBE417A}"
	ProjectSection(SolutionItems) = preProject
		global.json = global.json
	EndProjectSection
EndProject
Project("{9A19103F-16F7-4668-BE54-9A1E7A4F7556}") = "Qooba.Framework.Abstractions", "src\Qooba.Framework.Abstractions\Qooba.Framework.Abstractions.csproj", "{B6C550AF-E0E5-4E4A-BD49-B517A954BC6F}"
EndProject
Project("{9A19103F-16F7-4668-BE54-9A1E7A4F7556}") = "Qooba.Framework.DependencyInjection.Abstractions", "src\Qooba.Framework.DependencyInjection.Abstractions\Qooba.Framework.DependencyInjection.Abstractions.csproj", "{93E19E38-BF98-4064-9114-44CAA0B497C5}"
EndProject
Project("{2150E333-8FDC-42A3-9474-1A3956D46DE8}") = "DependencyInjection", "DependencyInjection", "{136B7382-1EFD-44C6-9F08-91CC498DDB90}"
EndProject
Project("{2150E333-8FDC-42A3-9474-1A3956D46DE8}") = "Bot", "Bot", "{BA5F342A-9FCF-4A6E-9D47-19592B669207}"
EndProject
Project("{9A19103F-16F7-4668-BE54-9A1E7A4F7556}") = "Qooba.Framework.Bot.Builder", "src\Qooba.Framework.Bot.Builder\Qooba.Framework.Bot.Builder.csproj", "{7E89CE5A-03A2-4342-B63E-76858D28E3AA}"
EndProject
Project("{9A19103F-16F7-4668-BE54-9A1E7A4F7556}") = "Qooba.Framework.Bot.Builder.Abstractions", "src\Qooba.Framework.Bot.Builder.Abstractions\Qooba.Framework.Bot.Builder.Abstractions.csproj", "{322D6E7D-4E1A-48EB-A707-232147277B28}"
EndProject
Project("{9A19103F-16F7-4668-BE54-9A1E7A4F7556}") = "Qooba.Framework.Bot.Connector.Abstractions", "src\Qooba.Framework.Bot.Connector.Abstractions\Qooba.Framework.Bot.Connector.Abstractions.csproj", "{B59F089E-D2CE-4D89-920A-D439CB749848}"
EndProject
Project("{9A19103F-16F7-4668-BE54-9A1E7A4F7556}") = "Qooba.Framework.Bot.State.Abstractions", "src\Qooba.Framework.Bot.State.Abstractions\Qooba.Framework.Bot.State.Abstractions.csproj", "{63E09EFF-62C4-455D-B573-EFA3EE85F643}"
EndProject
Project("{9A19103F-16F7-4668-BE54-9A1E7A4F7556}") = "Qooba.Framework.Bot.Builder.Tests", "src\Qooba.Framework.Bot.Builder.Tests\Qooba.Framework.Bot.Builder.Tests.csproj", "{DFF83E69-F6B7-4613-B240-8372CB00FCD0}"
EndProject
Project("{9A19103F-16F7-4668-BE54-9A1E7A4F7556}") = "Qooba.Framework.Bot.Abstractions", "src\Qooba.Framework.Bot.Abstractions\Qooba.Framework.Bot.Abstractions.csproj", "{0D3E0E6F-3739-44A5-9418-C1CFF14167CB}"
EndProject
Project("{9A19103F-16F7-4668-BE54-9A1E7A4F7556}") = "Qooba.Framework.Bot", "src\Qooba.Framework.Bot\Qooba.Framework.Bot.csproj", "{524013C7-245F-4DEE-8F68-588ED615ED47}"
EndProject
Project("{9A19103F-16F7-4668-BE54-9A1E7A4F7556}") = "Qooba.Framework.Bot.Tests", "src\Qooba.Framework.Bot.Tests\Qooba.Framework.Bot.Tests.csproj", "{B7D0E595-6883-41F9-A613-1CD55578C4E6}"
EndProject
Project("{9A19103F-16F7-4668-BE54-9A1E7A4F7556}") = "Qooba.Framework.Bot.State.Tests", "src\Qooba.Framework.Bot.State.Tests\Qooba.Framework.Bot.State.Tests.csproj", "{6B30701A-4FFB-496A-9FAA-22D864F6B531}"
EndProject
Project("{2150E333-8FDC-42A3-9474-1A3956D46DE8}") = "Logging", "Logging", "{1FA59BD0-6808-45E8-88C4-B830AB6E64BE}"
EndProject
Project("{9A19103F-16F7-4668-BE54-9A1E7A4F7556}") = "Qooba.Framework.Logging.Abstractions", "src\Qooba.Framework.Logging.Abstractions\Qooba.Framework.Logging.Abstractions.csproj", "{22CCFB9C-2F9D-48F7-961E-E62E6C110DF6}"
EndProject
Global
	GlobalSection(SolutionConfigurationPlatforms) = preSolution
		Debug|Any CPU = Debug|Any CPU
		Debug|x64 = Debug|x64
		Debug|x86 = Debug|x86
		Release|Any CPU = Release|Any CPU
		Release|x64 = Release|x64
		Release|x86 = Release|x86
	EndGlobalSection
	GlobalSection(ProjectConfigurationPlatforms) = postSolution
		{B6C550AF-E0E5-4E4A-BD49-B517A954BC6F}.Debug|Any CPU.ActiveCfg = Debug|Any CPU
		{B6C550AF-E0E5-4E4A-BD49-B517A954BC6F}.Debug|Any CPU.Build.0 = Debug|Any CPU
		{B6C550AF-E0E5-4E4A-BD49-B517A954BC6F}.Debug|x64.ActiveCfg = Debug|Any CPU
		{B6C550AF-E0E5-4E4A-BD49-B517A954BC6F}.Debug|x64.Build.0 = Debug|Any CPU
		{B6C550AF-E0E5-4E4A-BD49-B517A954BC6F}.Debug|x86.ActiveCfg = Debug|Any CPU
		{B6C550AF-E0E5-4E4A-BD49-B517A954BC6F}.Debug|x86.Build.0 = Debug|Any CPU
		{B6C550AF-E0E5-4E4A-BD49-B517A954BC6F}.Release|Any CPU.ActiveCfg = Release|Any CPU
		{B6C550AF-E0E5-4E4A-BD49-B517A954BC6F}.Release|Any CPU.Build.0 = Release|Any CPU
		{B6C550AF-E0E5-4E4A-BD49-B517A954BC6F}.Release|x64.ActiveCfg = Release|Any CPU
		{B6C550AF-E0E5-4E4A-BD49-B517A954BC6F}.Release|x64.Build.0 = Release|Any CPU
		{B6C550AF-E0E5-4E4A-BD49-B517A954BC6F}.Release|x86.ActiveCfg = Release|Any CPU
		{B6C550AF-E0E5-4E4A-BD49-B517A954BC6F}.Release|x86.Build.0 = Release|Any CPU
		{93E19E38-BF98-4064-9114-44CAA0B497C5}.Debug|Any CPU.ActiveCfg = Debug|Any CPU
		{93E19E38-BF98-4064-9114-44CAA0B497C5}.Debug|Any CPU.Build.0 = Debug|Any CPU
		{93E19E38-BF98-4064-9114-44CAA0B497C5}.Debug|x64.ActiveCfg = Debug|Any CPU
		{93E19E38-BF98-4064-9114-44CAA0B497C5}.Debug|x64.Build.0 = Debug|Any CPU
		{93E19E38-BF98-4064-9114-44CAA0B497C5}.Debug|x86.ActiveCfg = Debug|Any CPU
		{93E19E38-BF98-4064-9114-44CAA0B497C5}.Debug|x86.Build.0 = Debug|Any CPU
		{93E19E38-BF98-4064-9114-44CAA0B497C5}.Release|Any CPU.ActiveCfg = Release|Any CPU
		{93E19E38-BF98-4064-9114-44CAA0B497C5}.Release|Any CPU.Build.0 = Release|Any CPU
		{93E19E38-BF98-4064-9114-44CAA0B497C5}.Release|x64.ActiveCfg = Release|Any CPU
		{93E19E38-BF98-4064-9114-44CAA0B497C5}.Release|x64.Build.0 = Release|Any CPU
		{93E19E38-BF98-4064-9114-44CAA0B497C5}.Release|x86.ActiveCfg = Release|Any CPU
		{93E19E38-BF98-4064-9114-44CAA0B497C5}.Release|x86.Build.0 = Release|Any CPU
		{7E89CE5A-03A2-4342-B63E-76858D28E3AA}.Debug|Any CPU.ActiveCfg = Debug|Any CPU
		{7E89CE5A-03A2-4342-B63E-76858D28E3AA}.Debug|Any CPU.Build.0 = Debug|Any CPU
		{7E89CE5A-03A2-4342-B63E-76858D28E3AA}.Debug|x64.ActiveCfg = Debug|Any CPU
		{7E89CE5A-03A2-4342-B63E-76858D28E3AA}.Debug|x64.Build.0 = Debug|Any CPU
		{7E89CE5A-03A2-4342-B63E-76858D28E3AA}.Debug|x86.ActiveCfg = Debug|Any CPU
		{7E89CE5A-03A2-4342-B63E-76858D28E3AA}.Debug|x86.Build.0 = Debug|Any CPU
		{7E89CE5A-03A2-4342-B63E-76858D28E3AA}.Release|Any CPU.ActiveCfg = Release|Any CPU
		{7E89CE5A-03A2-4342-B63E-76858D28E3AA}.Release|Any CPU.Build.0 = Release|Any CPU
		{7E89CE5A-03A2-4342-B63E-76858D28E3AA}.Release|x64.ActiveCfg = Release|Any CPU
		{7E89CE5A-03A2-4342-B63E-76858D28E3AA}.Release|x64.Build.0 = Release|Any CPU
		{7E89CE5A-03A2-4342-B63E-76858D28E3AA}.Release|x86.ActiveCfg = Release|Any CPU
		{7E89CE5A-03A2-4342-B63E-76858D28E3AA}.Release|x86.Build.0 = Release|Any CPU
		{322D6E7D-4E1A-48EB-A707-232147277B28}.Debug|Any CPU.ActiveCfg = Debug|Any CPU
		{322D6E7D-4E1A-48EB-A707-232147277B28}.Debug|Any CPU.Build.0 = Debug|Any CPU
		{322D6E7D-4E1A-48EB-A707-232147277B28}.Debug|x64.ActiveCfg = Debug|Any CPU
		{322D6E7D-4E1A-48EB-A707-232147277B28}.Debug|x64.Build.0 = Debug|Any CPU
		{322D6E7D-4E1A-48EB-A707-232147277B28}.Debug|x86.ActiveCfg = Debug|Any CPU
		{322D6E7D-4E1A-48EB-A707-232147277B28}.Debug|x86.Build.0 = Debug|Any CPU
		{322D6E7D-4E1A-48EB-A707-232147277B28}.Release|Any CPU.ActiveCfg = Release|Any CPU
		{322D6E7D-4E1A-48EB-A707-232147277B28}.Release|Any CPU.Build.0 = Release|Any CPU
		{322D6E7D-4E1A-48EB-A707-232147277B28}.Release|x64.ActiveCfg = Release|Any CPU
		{322D6E7D-4E1A-48EB-A707-232147277B28}.Release|x64.Build.0 = Release|Any CPU
		{322D6E7D-4E1A-48EB-A707-232147277B28}.Release|x86.ActiveCfg = Release|Any CPU
		{322D6E7D-4E1A-48EB-A707-232147277B28}.Release|x86.Build.0 = Release|Any CPU
		{B59F089E-D2CE-4D89-920A-D439CB749848}.Debug|Any CPU.ActiveCfg = Debug|Any CPU
		{B59F089E-D2CE-4D89-920A-D439CB749848}.Debug|Any CPU.Build.0 = Debug|Any CPU
		{B59F089E-D2CE-4D89-920A-D439CB749848}.Debug|x64.ActiveCfg = Debug|Any CPU
		{B59F089E-D2CE-4D89-920A-D439CB749848}.Debug|x64.Build.0 = Debug|Any CPU
		{B59F089E-D2CE-4D89-920A-D439CB749848}.Debug|x86.ActiveCfg = Debug|Any CPU
		{B59F089E-D2CE-4D89-920A-D439CB749848}.Debug|x86.Build.0 = Debug|Any CPU
		{B59F089E-D2CE-4D89-920A-D439CB749848}.Release|Any CPU.ActiveCfg = Release|Any CPU
		{B59F089E-D2CE-4D89-920A-D439CB749848}.Release|Any CPU.Build.0 = Release|Any CPU
		{B59F089E-D2CE-4D89-920A-D439CB749848}.Release|x64.ActiveCfg = Release|Any CPU
		{B59F089E-D2CE-4D89-920A-D439CB749848}.Release|x64.Build.0 = Release|Any CPU
		{B59F089E-D2CE-4D89-920A-D439CB749848}.Release|x86.ActiveCfg = Release|Any CPU
		{B59F089E-D2CE-4D89-920A-D439CB749848}.Release|x86.Build.0 = Release|Any CPU
		{63E09EFF-62C4-455D-B573-EFA3EE85F643}.Debug|Any CPU.ActiveCfg = Debug|Any CPU
		{63E09EFF-62C4-455D-B573-EFA3EE85F643}.Debug|Any CPU.Build.0 = Debug|Any CPU
		{63E09EFF-62C4-455D-B573-EFA3EE85F643}.Debug|x64.ActiveCfg = Debug|Any CPU
		{63E09EFF-62C4-455D-B573-EFA3EE85F643}.Debug|x64.Build.0 = Debug|Any CPU
		{63E09EFF-62C4-455D-B573-EFA3EE85F643}.Debug|x86.ActiveCfg = Debug|Any CPU
		{63E09EFF-62C4-455D-B573-EFA3EE85F643}.Debug|x86.Build.0 = Debug|Any CPU
		{63E09EFF-62C4-455D-B573-EFA3EE85F643}.Release|Any CPU.ActiveCfg = Release|Any CPU
		{63E09EFF-62C4-455D-B573-EFA3EE85F643}.Release|Any CPU.Build.0 = Release|Any CPU
		{63E09EFF-62C4-455D-B573-EFA3EE85F643}.Release|x64.ActiveCfg = Release|Any CPU
		{63E09EFF-62C4-455D-B573-EFA3EE85F643}.Release|x64.Build.0 = Release|Any CPU
		{63E09EFF-62C4-455D-B573-EFA3EE85F643}.Release|x86.ActiveCfg = Release|Any CPU
		{63E09EFF-62C4-455D-B573-EFA3EE85F643}.Release|x86.Build.0 = Release|Any CPU
		{DFF83E69-F6B7-4613-B240-8372CB00FCD0}.Debug|Any CPU.ActiveCfg = Debug|Any CPU
		{DFF83E69-F6B7-4613-B240-8372CB00FCD0}.Debug|Any CPU.Build.0 = Debug|Any CPU
		{DFF83E69-F6B7-4613-B240-8372CB00FCD0}.Debug|x64.ActiveCfg = Debug|Any CPU
		{DFF83E69-F6B7-4613-B240-8372CB00FCD0}.Debug|x64.Build.0 = Debug|Any CPU
		{DFF83E69-F6B7-4613-B240-8372CB00FCD0}.Debug|x86.ActiveCfg = Debug|Any CPU
		{DFF83E69-F6B7-4613-B240-8372CB00FCD0}.Debug|x86.Build.0 = Debug|Any CPU
		{DFF83E69-F6B7-4613-B240-8372CB00FCD0}.Release|Any CPU.ActiveCfg = Release|Any CPU
		{DFF83E69-F6B7-4613-B240-8372CB00FCD0}.Release|Any CPU.Build.0 = Release|Any CPU
		{DFF83E69-F6B7-4613-B240-8372CB00FCD0}.Release|x64.ActiveCfg = Release|Any CPU
		{DFF83E69-F6B7-4613-B240-8372CB00FCD0}.Release|x64.Build.0 = Release|Any CPU
		{DFF83E69-F6B7-4613-B240-8372CB00FCD0}.Release|x86.ActiveCfg = Release|Any CPU
		{DFF83E69-F6B7-4613-B240-8372CB00FCD0}.Release|x86.Build.0 = Release|Any CPU
		{0D3E0E6F-3739-44A5-9418-C1CFF14167CB}.Debug|Any CPU.ActiveCfg = Debug|Any CPU
		{0D3E0E6F-3739-44A5-9418-C1CFF14167CB}.Debug|Any CPU.Build.0 = Debug|Any CPU
		{0D3E0E6F-3739-44A5-9418-C1CFF14167CB}.Debug|x64.ActiveCfg = Debug|Any CPU
		{0D3E0E6F-3739-44A5-9418-C1CFF14167CB}.Debug|x64.Build.0 = Debug|Any CPU
		{0D3E0E6F-3739-44A5-9418-C1CFF14167CB}.Debug|x86.ActiveCfg = Debug|Any CPU
		{0D3E0E6F-3739-44A5-9418-C1CFF14167CB}.Debug|x86.Build.0 = Debug|Any CPU
		{0D3E0E6F-3739-44A5-9418-C1CFF14167CB}.Release|Any CPU.ActiveCfg = Release|Any CPU
		{0D3E0E6F-3739-44A5-9418-C1CFF14167CB}.Release|Any CPU.Build.0 = Release|Any CPU
		{0D3E0E6F-3739-44A5-9418-C1CFF14167CB}.Release|x64.ActiveCfg = Release|Any CPU
		{0D3E0E6F-3739-44A5-9418-C1CFF14167CB}.Release|x64.Build.0 = Release|Any CPU
		{0D3E0E6F-3739-44A5-9418-C1CFF14167CB}.Release|x86.ActiveCfg = Release|Any CPU
		{0D3E0E6F-3739-44A5-9418-C1CFF14167CB}.Release|x86.Build.0 = Release|Any CPU
		{524013C7-245F-4DEE-8F68-588ED615ED47}.Debug|Any CPU.ActiveCfg = Debug|Any CPU
		{524013C7-245F-4DEE-8F68-588ED615ED47}.Debug|Any CPU.Build.0 = Debug|Any CPU
		{524013C7-245F-4DEE-8F68-588ED615ED47}.Debug|x64.ActiveCfg = Debug|Any CPU
		{524013C7-245F-4DEE-8F68-588ED615ED47}.Debug|x64.Build.0 = Debug|Any CPU
		{524013C7-245F-4DEE-8F68-588ED615ED47}.Debug|x86.ActiveCfg = Debug|Any CPU
		{524013C7-245F-4DEE-8F68-588ED615ED47}.Debug|x86.Build.0 = Debug|Any CPU
		{524013C7-245F-4DEE-8F68-588ED615ED47}.Release|Any CPU.ActiveCfg = Release|Any CPU
		{524013C7-245F-4DEE-8F68-588ED615ED47}.Release|Any CPU.Build.0 = Release|Any CPU
		{524013C7-245F-4DEE-8F68-588ED615ED47}.Release|x64.ActiveCfg = Release|Any CPU
		{524013C7-245F-4DEE-8F68-588ED615ED47}.Release|x64.Build.0 = Release|Any CPU
		{524013C7-245F-4DEE-8F68-588ED615ED47}.Release|x86.ActiveCfg = Release|Any CPU
		{524013C7-245F-4DEE-8F68-588ED615ED47}.Release|x86.Build.0 = Release|Any CPU
		{B7D0E595-6883-41F9-A613-1CD55578C4E6}.Debug|Any CPU.ActiveCfg = Debug|Any CPU
		{B7D0E595-6883-41F9-A613-1CD55578C4E6}.Debug|Any CPU.Build.0 = Debug|Any CPU
		{B7D0E595-6883-41F9-A613-1CD55578C4E6}.Debug|x64.ActiveCfg = Debug|Any CPU
		{B7D0E595-6883-41F9-A613-1CD55578C4E6}.Debug|x64.Build.0 = Debug|Any CPU
		{B7D0E595-6883-41F9-A613-1CD55578C4E6}.Debug|x86.ActiveCfg = Debug|Any CPU
		{B7D0E595-6883-41F9-A613-1CD55578C4E6}.Debug|x86.Build.0 = Debug|Any CPU
		{B7D0E595-6883-41F9-A613-1CD55578C4E6}.Release|Any CPU.ActiveCfg = Release|Any CPU
		{B7D0E595-6883-41F9-A613-1CD55578C4E6}.Release|Any CPU.Build.0 = Release|Any CPU
		{B7D0E595-6883-41F9-A613-1CD55578C4E6}.Release|x64.ActiveCfg = Release|Any CPU
		{B7D0E595-6883-41F9-A613-1CD55578C4E6}.Release|x64.Build.0 = Release|Any CPU
		{B7D0E595-6883-41F9-A613-1CD55578C4E6}.Release|x86.ActiveCfg = Release|Any CPU
		{B7D0E595-6883-41F9-A613-1CD55578C4E6}.Release|x86.Build.0 = Release|Any CPU
		{6B30701A-4FFB-496A-9FAA-22D864F6B531}.Debug|Any CPU.ActiveCfg = Debug|Any CPU
		{6B30701A-4FFB-496A-9FAA-22D864F6B531}.Debug|Any CPU.Build.0 = Debug|Any CPU
		{6B30701A-4FFB-496A-9FAA-22D864F6B531}.Debug|x64.ActiveCfg = Debug|Any CPU
		{6B30701A-4FFB-496A-9FAA-22D864F6B531}.Debug|x64.Build.0 = Debug|Any CPU
		{6B30701A-4FFB-496A-9FAA-22D864F6B531}.Debug|x86.ActiveCfg = Debug|Any CPU
		{6B30701A-4FFB-496A-9FAA-22D864F6B531}.Debug|x86.Build.0 = Debug|Any CPU
		{6B30701A-4FFB-496A-9FAA-22D864F6B531}.Release|Any CPU.ActiveCfg = Release|Any CPU
		{6B30701A-4FFB-496A-9FAA-22D864F6B531}.Release|Any CPU.Build.0 = Release|Any CPU
		{6B30701A-4FFB-496A-9FAA-22D864F6B531}.Release|x64.ActiveCfg = Release|Any CPU
		{6B30701A-4FFB-496A-9FAA-22D864F6B531}.Release|x64.Build.0 = Release|Any CPU
		{6B30701A-4FFB-496A-9FAA-22D864F6B531}.Release|x86.ActiveCfg = Release|Any CPU
		{6B30701A-4FFB-496A-9FAA-22D864F6B531}.Release|x86.Build.0 = Release|Any CPU
		{22CCFB9C-2F9D-48F7-961E-E62E6C110DF6}.Debug|Any CPU.ActiveCfg = Debug|Any CPU
		{22CCFB9C-2F9D-48F7-961E-E62E6C110DF6}.Debug|Any CPU.Build.0 = Debug|Any CPU
		{22CCFB9C-2F9D-48F7-961E-E62E6C110DF6}.Debug|x64.ActiveCfg = Debug|Any CPU
		{22CCFB9C-2F9D-48F7-961E-E62E6C110DF6}.Debug|x64.Build.0 = Debug|Any CPU
		{22CCFB9C-2F9D-48F7-961E-E62E6C110DF6}.Debug|x86.ActiveCfg = Debug|Any CPU
		{22CCFB9C-2F9D-48F7-961E-E62E6C110DF6}.Debug|x86.Build.0 = Debug|Any CPU
		{22CCFB9C-2F9D-48F7-961E-E62E6C110DF6}.Release|Any CPU.ActiveCfg = Release|Any CPU
		{22CCFB9C-2F9D-48F7-961E-E62E6C110DF6}.Release|Any CPU.Build.0 = Release|Any CPU
		{22CCFB9C-2F9D-48F7-961E-E62E6C110DF6}.Release|x64.ActiveCfg = Release|Any CPU
		{22CCFB9C-2F9D-48F7-961E-E62E6C110DF6}.Release|x64.Build.0 = Release|Any CPU
		{22CCFB9C-2F9D-48F7-961E-E62E6C110DF6}.Release|x86.ActiveCfg = Release|Any CPU
		{22CCFB9C-2F9D-48F7-961E-E62E6C110DF6}.Release|x86.Build.0 = Release|Any CPU
	EndGlobalSection
	GlobalSection(SolutionProperties) = preSolution
		HideSolutionNode = FALSE
	EndGlobalSection
	GlobalSection(NestedProjects) = preSolution
		{B6C550AF-E0E5-4E4A-BD49-B517A954BC6F} = {35A6633D-383C-4FDD-92C4-0C169BAD94BD}
		{93E19E38-BF98-4064-9114-44CAA0B497C5} = {136B7382-1EFD-44C6-9F08-91CC498DDB90}
		{136B7382-1EFD-44C6-9F08-91CC498DDB90} = {35A6633D-383C-4FDD-92C4-0C169BAD94BD}
		{BA5F342A-9FCF-4A6E-9D47-19592B669207} = {35A6633D-383C-4FDD-92C4-0C169BAD94BD}
		{7E89CE5A-03A2-4342-B63E-76858D28E3AA} = {BA5F342A-9FCF-4A6E-9D47-19592B669207}
		{322D6E7D-4E1A-48EB-A707-232147277B28} = {BA5F342A-9FCF-4A6E-9D47-19592B669207}
		{B59F089E-D2CE-4D89-920A-D439CB749848} = {BA5F342A-9FCF-4A6E-9D47-19592B669207}
		{63E09EFF-62C4-455D-B573-EFA3EE85F643} = {BA5F342A-9FCF-4A6E-9D47-19592B669207}
		{DFF83E69-F6B7-4613-B240-8372CB00FCD0} = {BA5F342A-9FCF-4A6E-9D47-19592B669207}
		{0D3E0E6F-3739-44A5-9418-C1CFF14167CB} = {BA5F342A-9FCF-4A6E-9D47-19592B669207}
		{524013C7-245F-4DEE-8F68-588ED615ED47} = {BA5F342A-9FCF-4A6E-9D47-19592B669207}
		{B7D0E595-6883-41F9-A613-1CD55578C4E6} = {BA5F342A-9FCF-4A6E-9D47-19592B669207}
		{6B30701A-4FFB-496A-9FAA-22D864F6B531} = {BA5F342A-9FCF-4A6E-9D47-19592B669207}
		{1FA59BD0-6808-45E8-88C4-B830AB6E64BE} = {35A6633D-383C-4FDD-92C4-0C169BAD94BD}
		{22CCFB9C-2F9D-48F7-961E-E62E6C110DF6} = {1FA59BD0-6808-45E8-88C4-B830AB6E64BE}
	EndGlobalSection
EndGlobal
