
Microsoft Visual Studio Solution File, Format Version 12.00
# Visual Studio 15
VisualStudioVersion = 15.0.26206.0
MinimumVisualStudioVersion = 10.0.40219.1
Project("{2150E333-8FDC-42A3-9474-1A3956D46DE8}") = "src", "src", "{35A6633D-383C-4FDD-92C4-0C169BAD94BD}"
EndProject
Project("{2150E333-8FDC-42A3-9474-1A3956D46DE8}") = "Solution Items", "Solution Items", "{6973340F-57D8-4C2D-8D5B-4C594FBE417A}"
	ProjectSection(SolutionItems) = preProject
		global.json = global.json
	EndProjectSection
EndProject
Project("{9A19103F-16F7-4668-BE54-9A1E7A4F7556}") = "Qooba.Framework.Abstractions", "src\Qooba.Framework.Abstractions\Qooba.Framework.Abstractions.csproj", "{B6C550AF-E0E5-4E4A-BD49-B517A954BC6F}"
EndProject
Project("{9A19103F-16F7-4668-BE54-9A1E7A4F7556}") = "Qooba.Framework.DependencyInjection.Abstractions", "src\Qooba.Framework.DependencyInjection.Abstractions\Qooba.Framework.DependencyInjection.Abstractions.csproj", "{93E19E38-BF98-4064-9114-44CAA0B497C5}"
EndProject
Project("{2150E333-8FDC-42A3-9474-1A3956D46DE8}") = "DependencyInjection", "DependencyInjection", "{136B7382-1EFD-44C6-9F08-91CC498DDB90}"
EndProject
Project("{2150E333-8FDC-42A3-9474-1A3956D46DE8}") = "Configuration", "Configuration", "{79636734-02E8-4A1C-A1FF-3DECDA9CBD02}"
EndProject
Project("{9A19103F-16F7-4668-BE54-9A1E7A4F7556}") = "Qooba.Framework.Configuration.Abstractions", "src\Qooba.Framework.Configuration.Abstractions\Qooba.Framework.Configuration.Abstractions.csproj", "{2F88C6EA-AAB2-4B3A-896F-6CC60E7D912B}"
EndProject
Project("{2150E333-8FDC-42A3-9474-1A3956D46DE8}") = "Azure", "Azure", "{44DFD15B-25CC-42C9-A0C8-4AC30C0B1699}"
EndProject
Project("{9A19103F-16F7-4668-BE54-9A1E7A4F7556}") = "Qooba.Framework.Azure.DocumentDb.Abstractions", "src\Qooba.Framework.Azure.DocumentDb.Abstractions\Qooba.Framework.Azure.DocumentDb.Abstractions.csproj", "{FA81538A-6A15-4C35-BAC7-50B760182BDF}"
EndProject
Project("{9A19103F-16F7-4668-BE54-9A1E7A4F7556}") = "Qooba.Framework.Azure.DocumentDb", "src\Qooba.Framework.Azure.DocumentDb\Qooba.Framework.Azure.DocumentDb.csproj", "{B32BE6A4-C9CB-4A7F-964B-02AD29457E38}"
EndProject
Project("{9A19103F-16F7-4668-BE54-9A1E7A4F7556}") = "Qooba.Framework.Azure.Functions.Abstractions", "src\Qooba.Framework.Azure.Functions.Abstractions\Qooba.Framework.Azure.Functions.Abstractions.csproj", "{4E194090-9A06-4134-A6DD-D81A09D41FD7}"
EndProject
Project("{9A19103F-16F7-4668-BE54-9A1E7A4F7556}") = "Qooba.Framework.Azure.Functions", "src\Qooba.Framework.Azure.Functions\Qooba.Framework.Azure.Functions.csproj", "{2DD2AE7C-34ED-4A58-B0CE-3B50CBCB0CEF}"
EndProject
Project("{9A19103F-16F7-4668-BE54-9A1E7A4F7556}") = "Qooba.Framework.Azure.IoT.Abstractions", "src\Qooba.Framework.Azure.IoT.Abstractions\Qooba.Framework.Azure.IoT.Abstractions.csproj", "{700C7C0C-7E3D-4282-B9C4-0782C0740F7A}"
EndProject
Project("{9A19103F-16F7-4668-BE54-9A1E7A4F7556}") = "Qooba.Framework.Azure.IoT", "src\Qooba.Framework.Azure.IoT\Qooba.Framework.Azure.IoT.csproj", "{B9A0D201-D081-44F4-BC3C-7AD8B4151EFD}"
EndProject
Project("{9A19103F-16F7-4668-BE54-9A1E7A4F7556}") = "Qooba.Framework.Azure.Search.Abstractions", "src\Qooba.Framework.Azure.Search.Abstractions\Qooba.Framework.Azure.Search.Abstractions.csproj", "{A9CD06A6-E66F-4957-9D8F-DBC233DC0E81}"
EndProject
Project("{9A19103F-16F7-4668-BE54-9A1E7A4F7556}") = "Qooba.Framework.Azure.Search", "src\Qooba.Framework.Azure.Search\Qooba.Framework.Azure.Search.csproj", "{252DD4D1-05DA-4601-BC13-95D98E5ED064}"
EndProject
Project("{9A19103F-16F7-4668-BE54-9A1E7A4F7556}") = "Qooba.Framework.Azure.Storage.Abstractions", "src\Qooba.Framework.Azure.Storage.Abstractions\Qooba.Framework.Azure.Storage.Abstractions.csproj", "{0ACF9663-5AF7-413C-8294-3BFD30DA51F1}"
EndProject
Project("{9A19103F-16F7-4668-BE54-9A1E7A4F7556}") = "Qooba.Framework.Azure.Storage", "src\Qooba.Framework.Azure.Storage\Qooba.Framework.Azure.Storage.csproj", "{5FC051ED-C899-4319-A692-2ECC4F442F0D}"
EndProject
Project("{2150E333-8FDC-42A3-9474-1A3956D46DE8}") = "Serialization", "Serialization", "{590D8BD8-36F1-4C4D-A3D0-42921BC4DA4A}"
EndProject
Project("{9A19103F-16F7-4668-BE54-9A1E7A4F7556}") = "Qooba.Framework.Serialization.Abstractions", "src\Qooba.Framework.Serialization.Abstractions\Qooba.Framework.Serialization.Abstractions.csproj", "{E265F38F-A771-49BF-97C2-764CBD5DA231}"
EndProject
Project("{2150E333-8FDC-42A3-9474-1A3956D46DE8}") = "UnitOfWork", "UnitOfWork", "{40987646-A9AA-494F-81AF-D61557B87AFE}"
EndProject
Project("{9A19103F-16F7-4668-BE54-9A1E7A4F7556}") = "Qooba.Framework.UnitOfWork.Abstractions", "src\Qooba.Framework.UnitOfWork.Abstractions\Qooba.Framework.UnitOfWork.Abstractions.csproj", "{24213BA4-2219-4B55-AB03-E3C81B7A0308}"
EndProject
Project("{9A19103F-16F7-4668-BE54-9A1E7A4F7556}") = "Qooba.Framework.DependencyInjection.SimpleContainer", "src\Qooba.Framework.DependencyInjection.SimpleContainer\Qooba.Framework.DependencyInjection.SimpleContainer.csproj", "{F9582C21-ED16-4689-8CD9-C4BAAC03BDD8}"
EndProject
Project("{2150E333-8FDC-42A3-9474-1A3956D46DE8}") = "Specification", "Specification", "{3971B12E-FF55-456A-AA11-7AC545E8A3E2}"
EndProject
Project("{9A19103F-16F7-4668-BE54-9A1E7A4F7556}") = "Qooba.Framework.Specification.Abstractions", "src\Qooba.Framework.Specification.Abstractions\Qooba.Framework.Specification.Abstractions.csproj", "{5ECDECE9-F21E-4A32-9A8A-CE5014DEE312}"
EndProject
Global
	GlobalSection(SolutionConfigurationPlatforms) = preSolution
		Debug|Any CPU = Debug|Any CPU
		Debug|x64 = Debug|x64
		Debug|x86 = Debug|x86
		Release|Any CPU = Release|Any CPU
		Release|x64 = Release|x64
		Release|x86 = Release|x86
	EndGlobalSection
	GlobalSection(ProjectConfigurationPlatforms) = postSolution
		{B6C550AF-E0E5-4E4A-BD49-B517A954BC6F}.Debug|Any CPU.ActiveCfg = Debug|Any CPU
		{B6C550AF-E0E5-4E4A-BD49-B517A954BC6F}.Debug|Any CPU.Build.0 = Debug|Any CPU
		{B6C550AF-E0E5-4E4A-BD49-B517A954BC6F}.Debug|x64.ActiveCfg = Debug|x64
		{B6C550AF-E0E5-4E4A-BD49-B517A954BC6F}.Debug|x64.Build.0 = Debug|x64
		{B6C550AF-E0E5-4E4A-BD49-B517A954BC6F}.Debug|x86.ActiveCfg = Debug|x86
		{B6C550AF-E0E5-4E4A-BD49-B517A954BC6F}.Debug|x86.Build.0 = Debug|x86
		{B6C550AF-E0E5-4E4A-BD49-B517A954BC6F}.Release|Any CPU.ActiveCfg = Release|Any CPU
		{B6C550AF-E0E5-4E4A-BD49-B517A954BC6F}.Release|Any CPU.Build.0 = Release|Any CPU
		{B6C550AF-E0E5-4E4A-BD49-B517A954BC6F}.Release|x64.ActiveCfg = Release|x64
		{B6C550AF-E0E5-4E4A-BD49-B517A954BC6F}.Release|x64.Build.0 = Release|x64
		{B6C550AF-E0E5-4E4A-BD49-B517A954BC6F}.Release|x86.ActiveCfg = Release|x86
		{B6C550AF-E0E5-4E4A-BD49-B517A954BC6F}.Release|x86.Build.0 = Release|x86
		{93E19E38-BF98-4064-9114-44CAA0B497C5}.Debug|Any CPU.ActiveCfg = Debug|Any CPU
		{93E19E38-BF98-4064-9114-44CAA0B497C5}.Debug|Any CPU.Build.0 = Debug|Any CPU
		{93E19E38-BF98-4064-9114-44CAA0B497C5}.Debug|x64.ActiveCfg = Debug|x64
		{93E19E38-BF98-4064-9114-44CAA0B497C5}.Debug|x64.Build.0 = Debug|x64
		{93E19E38-BF98-4064-9114-44CAA0B497C5}.Debug|x86.ActiveCfg = Debug|x86
		{93E19E38-BF98-4064-9114-44CAA0B497C5}.Debug|x86.Build.0 = Debug|x86
		{93E19E38-BF98-4064-9114-44CAA0B497C5}.Release|Any CPU.ActiveCfg = Release|Any CPU
		{93E19E38-BF98-4064-9114-44CAA0B497C5}.Release|Any CPU.Build.0 = Release|Any CPU
		{93E19E38-BF98-4064-9114-44CAA0B497C5}.Release|x64.ActiveCfg = Release|x64
		{93E19E38-BF98-4064-9114-44CAA0B497C5}.Release|x64.Build.0 = Release|x64
		{93E19E38-BF98-4064-9114-44CAA0B497C5}.Release|x86.ActiveCfg = Release|x86
		{93E19E38-BF98-4064-9114-44CAA0B497C5}.Release|x86.Build.0 = Release|x86
		{2F88C6EA-AAB2-4B3A-896F-6CC60E7D912B}.Debug|Any CPU.ActiveCfg = Debug|Any CPU
		{2F88C6EA-AAB2-4B3A-896F-6CC60E7D912B}.Debug|Any CPU.Build.0 = Debug|Any CPU
		{2F88C6EA-AAB2-4B3A-896F-6CC60E7D912B}.Debug|x64.ActiveCfg = Debug|x64
		{2F88C6EA-AAB2-4B3A-896F-6CC60E7D912B}.Debug|x64.Build.0 = Debug|x64
		{2F88C6EA-AAB2-4B3A-896F-6CC60E7D912B}.Debug|x86.ActiveCfg = Debug|x86
		{2F88C6EA-AAB2-4B3A-896F-6CC60E7D912B}.Debug|x86.Build.0 = Debug|x86
		{2F88C6EA-AAB2-4B3A-896F-6CC60E7D912B}.Release|Any CPU.ActiveCfg = Release|Any CPU
		{2F88C6EA-AAB2-4B3A-896F-6CC60E7D912B}.Release|Any CPU.Build.0 = Release|Any CPU
		{2F88C6EA-AAB2-4B3A-896F-6CC60E7D912B}.Release|x64.ActiveCfg = Release|x64
		{2F88C6EA-AAB2-4B3A-896F-6CC60E7D912B}.Release|x64.Build.0 = Release|x64
		{2F88C6EA-AAB2-4B3A-896F-6CC60E7D912B}.Release|x86.ActiveCfg = Release|x86
		{2F88C6EA-AAB2-4B3A-896F-6CC60E7D912B}.Release|x86.Build.0 = Release|x86
		{FA81538A-6A15-4C35-BAC7-50B760182BDF}.Debug|Any CPU.ActiveCfg = Debug|Any CPU
		{FA81538A-6A15-4C35-BAC7-50B760182BDF}.Debug|Any CPU.Build.0 = Debug|Any CPU
		{FA81538A-6A15-4C35-BAC7-50B760182BDF}.Debug|x64.ActiveCfg = Debug|x64
		{FA81538A-6A15-4C35-BAC7-50B760182BDF}.Debug|x64.Build.0 = Debug|x64
		{FA81538A-6A15-4C35-BAC7-50B760182BDF}.Debug|x86.ActiveCfg = Debug|x86
		{FA81538A-6A15-4C35-BAC7-50B760182BDF}.Debug|x86.Build.0 = Debug|x86
		{FA81538A-6A15-4C35-BAC7-50B760182BDF}.Release|Any CPU.ActiveCfg = Release|Any CPU
		{FA81538A-6A15-4C35-BAC7-50B760182BDF}.Release|Any CPU.Build.0 = Release|Any CPU
		{FA81538A-6A15-4C35-BAC7-50B760182BDF}.Release|x64.ActiveCfg = Release|x64
		{FA81538A-6A15-4C35-BAC7-50B760182BDF}.Release|x64.Build.0 = Release|x64
		{FA81538A-6A15-4C35-BAC7-50B760182BDF}.Release|x86.ActiveCfg = Release|x86
		{FA81538A-6A15-4C35-BAC7-50B760182BDF}.Release|x86.Build.0 = Release|x86
		{B32BE6A4-C9CB-4A7F-964B-02AD29457E38}.Debug|Any CPU.ActiveCfg = Debug|Any CPU
		{B32BE6A4-C9CB-4A7F-964B-02AD29457E38}.Debug|Any CPU.Build.0 = Debug|Any CPU
		{B32BE6A4-C9CB-4A7F-964B-02AD29457E38}.Debug|x64.ActiveCfg = Debug|x64
		{B32BE6A4-C9CB-4A7F-964B-02AD29457E38}.Debug|x64.Build.0 = Debug|x64
		{B32BE6A4-C9CB-4A7F-964B-02AD29457E38}.Debug|x86.ActiveCfg = Debug|x86
		{B32BE6A4-C9CB-4A7F-964B-02AD29457E38}.Debug|x86.Build.0 = Debug|x86
		{B32BE6A4-C9CB-4A7F-964B-02AD29457E38}.Release|Any CPU.ActiveCfg = Release|Any CPU
		{B32BE6A4-C9CB-4A7F-964B-02AD29457E38}.Release|Any CPU.Build.0 = Release|Any CPU
		{B32BE6A4-C9CB-4A7F-964B-02AD29457E38}.Release|x64.ActiveCfg = Release|x64
		{B32BE6A4-C9CB-4A7F-964B-02AD29457E38}.Release|x64.Build.0 = Release|x64
		{B32BE6A4-C9CB-4A7F-964B-02AD29457E38}.Release|x86.ActiveCfg = Release|x86
		{B32BE6A4-C9CB-4A7F-964B-02AD29457E38}.Release|x86.Build.0 = Release|x86
		{4E194090-9A06-4134-A6DD-D81A09D41FD7}.Debug|Any CPU.ActiveCfg = Debug|Any CPU
		{4E194090-9A06-4134-A6DD-D81A09D41FD7}.Debug|Any CPU.Build.0 = Debug|Any CPU
		{4E194090-9A06-4134-A6DD-D81A09D41FD7}.Debug|x64.ActiveCfg = Debug|x64
		{4E194090-9A06-4134-A6DD-D81A09D41FD7}.Debug|x64.Build.0 = Debug|x64
		{4E194090-9A06-4134-A6DD-D81A09D41FD7}.Debug|x86.ActiveCfg = Debug|x86
		{4E194090-9A06-4134-A6DD-D81A09D41FD7}.Debug|x86.Build.0 = Debug|x86
		{4E194090-9A06-4134-A6DD-D81A09D41FD7}.Release|Any CPU.ActiveCfg = Release|Any CPU
		{4E194090-9A06-4134-A6DD-D81A09D41FD7}.Release|Any CPU.Build.0 = Release|Any CPU
		{4E194090-9A06-4134-A6DD-D81A09D41FD7}.Release|x64.ActiveCfg = Release|x64
		{4E194090-9A06-4134-A6DD-D81A09D41FD7}.Release|x64.Build.0 = Release|x64
		{4E194090-9A06-4134-A6DD-D81A09D41FD7}.Release|x86.ActiveCfg = Release|x86
		{4E194090-9A06-4134-A6DD-D81A09D41FD7}.Release|x86.Build.0 = Release|x86
		{2DD2AE7C-34ED-4A58-B0CE-3B50CBCB0CEF}.Debug|Any CPU.ActiveCfg = Debug|Any CPU
		{2DD2AE7C-34ED-4A58-B0CE-3B50CBCB0CEF}.Debug|Any CPU.Build.0 = Debug|Any CPU
		{2DD2AE7C-34ED-4A58-B0CE-3B50CBCB0CEF}.Debug|x64.ActiveCfg = Debug|x64
		{2DD2AE7C-34ED-4A58-B0CE-3B50CBCB0CEF}.Debug|x64.Build.0 = Debug|x64
		{2DD2AE7C-34ED-4A58-B0CE-3B50CBCB0CEF}.Debug|x86.ActiveCfg = Debug|x86
		{2DD2AE7C-34ED-4A58-B0CE-3B50CBCB0CEF}.Debug|x86.Build.0 = Debug|x86
		{2DD2AE7C-34ED-4A58-B0CE-3B50CBCB0CEF}.Release|Any CPU.ActiveCfg = Release|Any CPU
		{2DD2AE7C-34ED-4A58-B0CE-3B50CBCB0CEF}.Release|Any CPU.Build.0 = Release|Any CPU
		{2DD2AE7C-34ED-4A58-B0CE-3B50CBCB0CEF}.Release|x64.ActiveCfg = Release|x64
		{2DD2AE7C-34ED-4A58-B0CE-3B50CBCB0CEF}.Release|x64.Build.0 = Release|x64
		{2DD2AE7C-34ED-4A58-B0CE-3B50CBCB0CEF}.Release|x86.ActiveCfg = Release|x86
		{2DD2AE7C-34ED-4A58-B0CE-3B50CBCB0CEF}.Release|x86.Build.0 = Release|x86
		{700C7C0C-7E3D-4282-B9C4-0782C0740F7A}.Debug|Any CPU.ActiveCfg = Debug|Any CPU
		{700C7C0C-7E3D-4282-B9C4-0782C0740F7A}.Debug|Any CPU.Build.0 = Debug|Any CPU
		{700C7C0C-7E3D-4282-B9C4-0782C0740F7A}.Debug|x64.ActiveCfg = Debug|x64
		{700C7C0C-7E3D-4282-B9C4-0782C0740F7A}.Debug|x64.Build.0 = Debug|x64
		{700C7C0C-7E3D-4282-B9C4-0782C0740F7A}.Debug|x86.ActiveCfg = Debug|x86
		{700C7C0C-7E3D-4282-B9C4-0782C0740F7A}.Debug|x86.Build.0 = Debug|x86
		{700C7C0C-7E3D-4282-B9C4-0782C0740F7A}.Release|Any CPU.ActiveCfg = Release|Any CPU
		{700C7C0C-7E3D-4282-B9C4-0782C0740F7A}.Release|Any CPU.Build.0 = Release|Any CPU
		{700C7C0C-7E3D-4282-B9C4-0782C0740F7A}.Release|x64.ActiveCfg = Release|x64
		{700C7C0C-7E3D-4282-B9C4-0782C0740F7A}.Release|x64.Build.0 = Release|x64
		{700C7C0C-7E3D-4282-B9C4-0782C0740F7A}.Release|x86.ActiveCfg = Release|x86
		{700C7C0C-7E3D-4282-B9C4-0782C0740F7A}.Release|x86.Build.0 = Release|x86
		{B9A0D201-D081-44F4-BC3C-7AD8B4151EFD}.Debug|Any CPU.ActiveCfg = Debug|Any CPU
		{B9A0D201-D081-44F4-BC3C-7AD8B4151EFD}.Debug|Any CPU.Build.0 = Debug|Any CPU
		{B9A0D201-D081-44F4-BC3C-7AD8B4151EFD}.Debug|x64.ActiveCfg = Debug|x64
		{B9A0D201-D081-44F4-BC3C-7AD8B4151EFD}.Debug|x64.Build.0 = Debug|x64
		{B9A0D201-D081-44F4-BC3C-7AD8B4151EFD}.Debug|x86.ActiveCfg = Debug|x86
		{B9A0D201-D081-44F4-BC3C-7AD8B4151EFD}.Debug|x86.Build.0 = Debug|x86
		{B9A0D201-D081-44F4-BC3C-7AD8B4151EFD}.Release|Any CPU.ActiveCfg = Release|Any CPU
		{B9A0D201-D081-44F4-BC3C-7AD8B4151EFD}.Release|Any CPU.Build.0 = Release|Any CPU
		{B9A0D201-D081-44F4-BC3C-7AD8B4151EFD}.Release|x64.ActiveCfg = Release|x64
		{B9A0D201-D081-44F4-BC3C-7AD8B4151EFD}.Release|x64.Build.0 = Release|x64
		{B9A0D201-D081-44F4-BC3C-7AD8B4151EFD}.Release|x86.ActiveCfg = Release|x86
		{B9A0D201-D081-44F4-BC3C-7AD8B4151EFD}.Release|x86.Build.0 = Release|x86
		{A9CD06A6-E66F-4957-9D8F-DBC233DC0E81}.Debug|Any CPU.ActiveCfg = Debug|Any CPU
		{A9CD06A6-E66F-4957-9D8F-DBC233DC0E81}.Debug|Any CPU.Build.0 = Debug|Any CPU
		{A9CD06A6-E66F-4957-9D8F-DBC233DC0E81}.Debug|x64.ActiveCfg = Debug|x64
		{A9CD06A6-E66F-4957-9D8F-DBC233DC0E81}.Debug|x64.Build.0 = Debug|x64
		{A9CD06A6-E66F-4957-9D8F-DBC233DC0E81}.Debug|x86.ActiveCfg = Debug|x86
		{A9CD06A6-E66F-4957-9D8F-DBC233DC0E81}.Debug|x86.Build.0 = Debug|x86
		{A9CD06A6-E66F-4957-9D8F-DBC233DC0E81}.Release|Any CPU.ActiveCfg = Release|Any CPU
		{A9CD06A6-E66F-4957-9D8F-DBC233DC0E81}.Release|Any CPU.Build.0 = Release|Any CPU
		{A9CD06A6-E66F-4957-9D8F-DBC233DC0E81}.Release|x64.ActiveCfg = Release|x64
		{A9CD06A6-E66F-4957-9D8F-DBC233DC0E81}.Release|x64.Build.0 = Release|x64
		{A9CD06A6-E66F-4957-9D8F-DBC233DC0E81}.Release|x86.ActiveCfg = Release|x86
		{A9CD06A6-E66F-4957-9D8F-DBC233DC0E81}.Release|x86.Build.0 = Release|x86
		{252DD4D1-05DA-4601-BC13-95D98E5ED064}.Debug|Any CPU.ActiveCfg = Debug|Any CPU
		{252DD4D1-05DA-4601-BC13-95D98E5ED064}.Debug|Any CPU.Build.0 = Debug|Any CPU
		{252DD4D1-05DA-4601-BC13-95D98E5ED064}.Debug|x64.ActiveCfg = Debug|x64
		{252DD4D1-05DA-4601-BC13-95D98E5ED064}.Debug|x64.Build.0 = Debug|x64
		{252DD4D1-05DA-4601-BC13-95D98E5ED064}.Debug|x86.ActiveCfg = Debug|x86
		{252DD4D1-05DA-4601-BC13-95D98E5ED064}.Debug|x86.Build.0 = Debug|x86
		{252DD4D1-05DA-4601-BC13-95D98E5ED064}.Release|Any CPU.ActiveCfg = Release|Any CPU
		{252DD4D1-05DA-4601-BC13-95D98E5ED064}.Release|Any CPU.Build.0 = Release|Any CPU
		{252DD4D1-05DA-4601-BC13-95D98E5ED064}.Release|x64.ActiveCfg = Release|x64
		{252DD4D1-05DA-4601-BC13-95D98E5ED064}.Release|x64.Build.0 = Release|x64
		{252DD4D1-05DA-4601-BC13-95D98E5ED064}.Release|x86.ActiveCfg = Release|x86
		{252DD4D1-05DA-4601-BC13-95D98E5ED064}.Release|x86.Build.0 = Release|x86
		{0ACF9663-5AF7-413C-8294-3BFD30DA51F1}.Debug|Any CPU.ActiveCfg = Debug|Any CPU
		{0ACF9663-5AF7-413C-8294-3BFD30DA51F1}.Debug|Any CPU.Build.0 = Debug|Any CPU
		{0ACF9663-5AF7-413C-8294-3BFD30DA51F1}.Debug|x64.ActiveCfg = Debug|x64
		{0ACF9663-5AF7-413C-8294-3BFD30DA51F1}.Debug|x64.Build.0 = Debug|x64
		{0ACF9663-5AF7-413C-8294-3BFD30DA51F1}.Debug|x86.ActiveCfg = Debug|x86
		{0ACF9663-5AF7-413C-8294-3BFD30DA51F1}.Debug|x86.Build.0 = Debug|x86
		{0ACF9663-5AF7-413C-8294-3BFD30DA51F1}.Release|Any CPU.ActiveCfg = Release|Any CPU
		{0ACF9663-5AF7-413C-8294-3BFD30DA51F1}.Release|Any CPU.Build.0 = Release|Any CPU
		{0ACF9663-5AF7-413C-8294-3BFD30DA51F1}.Release|x64.ActiveCfg = Release|x64
		{0ACF9663-5AF7-413C-8294-3BFD30DA51F1}.Release|x64.Build.0 = Release|x64
		{0ACF9663-5AF7-413C-8294-3BFD30DA51F1}.Release|x86.ActiveCfg = Release|x86
		{0ACF9663-5AF7-413C-8294-3BFD30DA51F1}.Release|x86.Build.0 = Release|x86
		{5FC051ED-C899-4319-A692-2ECC4F442F0D}.Debug|Any CPU.ActiveCfg = Debug|Any CPU
		{5FC051ED-C899-4319-A692-2ECC4F442F0D}.Debug|Any CPU.Build.0 = Debug|Any CPU
		{5FC051ED-C899-4319-A692-2ECC4F442F0D}.Debug|x64.ActiveCfg = Debug|x64
		{5FC051ED-C899-4319-A692-2ECC4F442F0D}.Debug|x64.Build.0 = Debug|x64
		{5FC051ED-C899-4319-A692-2ECC4F442F0D}.Debug|x86.ActiveCfg = Debug|x86
		{5FC051ED-C899-4319-A692-2ECC4F442F0D}.Debug|x86.Build.0 = Debug|x86
		{5FC051ED-C899-4319-A692-2ECC4F442F0D}.Release|Any CPU.ActiveCfg = Release|Any CPU
		{5FC051ED-C899-4319-A692-2ECC4F442F0D}.Release|Any CPU.Build.0 = Release|Any CPU
		{5FC051ED-C899-4319-A692-2ECC4F442F0D}.Release|x64.ActiveCfg = Release|x64
		{5FC051ED-C899-4319-A692-2ECC4F442F0D}.Release|x64.Build.0 = Release|x64
		{5FC051ED-C899-4319-A692-2ECC4F442F0D}.Release|x86.ActiveCfg = Release|x86
		{5FC051ED-C899-4319-A692-2ECC4F442F0D}.Release|x86.Build.0 = Release|x86
		{E265F38F-A771-49BF-97C2-764CBD5DA231}.Debug|Any CPU.ActiveCfg = Debug|Any CPU
		{E265F38F-A771-49BF-97C2-764CBD5DA231}.Debug|Any CPU.Build.0 = Debug|Any CPU
		{E265F38F-A771-49BF-97C2-764CBD5DA231}.Debug|x64.ActiveCfg = Debug|x64
		{E265F38F-A771-49BF-97C2-764CBD5DA231}.Debug|x64.Build.0 = Debug|x64
		{E265F38F-A771-49BF-97C2-764CBD5DA231}.Debug|x86.ActiveCfg = Debug|x86
		{E265F38F-A771-49BF-97C2-764CBD5DA231}.Debug|x86.Build.0 = Debug|x86
		{E265F38F-A771-49BF-97C2-764CBD5DA231}.Release|Any CPU.ActiveCfg = Release|Any CPU
		{E265F38F-A771-49BF-97C2-764CBD5DA231}.Release|Any CPU.Build.0 = Release|Any CPU
		{E265F38F-A771-49BF-97C2-764CBD5DA231}.Release|x64.ActiveCfg = Release|x64
		{E265F38F-A771-49BF-97C2-764CBD5DA231}.Release|x64.Build.0 = Release|x64
		{E265F38F-A771-49BF-97C2-764CBD5DA231}.Release|x86.ActiveCfg = Release|x86
		{E265F38F-A771-49BF-97C2-764CBD5DA231}.Release|x86.Build.0 = Release|x86
		{24213BA4-2219-4B55-AB03-E3C81B7A0308}.Debug|Any CPU.ActiveCfg = Debug|Any CPU
		{24213BA4-2219-4B55-AB03-E3C81B7A0308}.Debug|Any CPU.Build.0 = Debug|Any CPU
		{24213BA4-2219-4B55-AB03-E3C81B7A0308}.Debug|x64.ActiveCfg = Debug|x64
		{24213BA4-2219-4B55-AB03-E3C81B7A0308}.Debug|x64.Build.0 = Debug|x64
		{24213BA4-2219-4B55-AB03-E3C81B7A0308}.Debug|x86.ActiveCfg = Debug|x86
		{24213BA4-2219-4B55-AB03-E3C81B7A0308}.Debug|x86.Build.0 = Debug|x86
		{24213BA4-2219-4B55-AB03-E3C81B7A0308}.Release|Any CPU.ActiveCfg = Release|Any CPU
		{24213BA4-2219-4B55-AB03-E3C81B7A0308}.Release|Any CPU.Build.0 = Release|Any CPU
		{24213BA4-2219-4B55-AB03-E3C81B7A0308}.Release|x64.ActiveCfg = Release|x64
		{24213BA4-2219-4B55-AB03-E3C81B7A0308}.Release|x64.Build.0 = Release|x64
		{24213BA4-2219-4B55-AB03-E3C81B7A0308}.Release|x86.ActiveCfg = Release|x86
		{24213BA4-2219-4B55-AB03-E3C81B7A0308}.Release|x86.Build.0 = Release|x86
		{F9582C21-ED16-4689-8CD9-C4BAAC03BDD8}.Debug|Any CPU.ActiveCfg = Debug|Any CPU
		{F9582C21-ED16-4689-8CD9-C4BAAC03BDD8}.Debug|Any CPU.Build.0 = Debug|Any CPU
		{F9582C21-ED16-4689-8CD9-C4BAAC03BDD8}.Debug|x64.ActiveCfg = Debug|x64
		{F9582C21-ED16-4689-8CD9-C4BAAC03BDD8}.Debug|x64.Build.0 = Debug|x64
		{F9582C21-ED16-4689-8CD9-C4BAAC03BDD8}.Debug|x86.ActiveCfg = Debug|x86
		{F9582C21-ED16-4689-8CD9-C4BAAC03BDD8}.Debug|x86.Build.0 = Debug|x86
		{F9582C21-ED16-4689-8CD9-C4BAAC03BDD8}.Release|Any CPU.ActiveCfg = Release|Any CPU
		{F9582C21-ED16-4689-8CD9-C4BAAC03BDD8}.Release|Any CPU.Build.0 = Release|Any CPU
		{F9582C21-ED16-4689-8CD9-C4BAAC03BDD8}.Release|x64.ActiveCfg = Release|x64
		{F9582C21-ED16-4689-8CD9-C4BAAC03BDD8}.Release|x64.Build.0 = Release|x64
		{F9582C21-ED16-4689-8CD9-C4BAAC03BDD8}.Release|x86.ActiveCfg = Release|x86
		{F9582C21-ED16-4689-8CD9-C4BAAC03BDD8}.Release|x86.Build.0 = Release|x86
		{5ECDECE9-F21E-4A32-9A8A-CE5014DEE312}.Debug|Any CPU.ActiveCfg = Debug|Any CPU
		{5ECDECE9-F21E-4A32-9A8A-CE5014DEE312}.Debug|Any CPU.Build.0 = Debug|Any CPU
		{5ECDECE9-F21E-4A32-9A8A-CE5014DEE312}.Debug|x64.ActiveCfg = Debug|x64
		{5ECDECE9-F21E-4A32-9A8A-CE5014DEE312}.Debug|x64.Build.0 = Debug|x64
		{5ECDECE9-F21E-4A32-9A8A-CE5014DEE312}.Debug|x86.ActiveCfg = Debug|x86
		{5ECDECE9-F21E-4A32-9A8A-CE5014DEE312}.Debug|x86.Build.0 = Debug|x86
		{5ECDECE9-F21E-4A32-9A8A-CE5014DEE312}.Release|Any CPU.ActiveCfg = Release|Any CPU
		{5ECDECE9-F21E-4A32-9A8A-CE5014DEE312}.Release|Any CPU.Build.0 = Release|Any CPU
		{5ECDECE9-F21E-4A32-9A8A-CE5014DEE312}.Release|x64.ActiveCfg = Release|x64
		{5ECDECE9-F21E-4A32-9A8A-CE5014DEE312}.Release|x64.Build.0 = Release|x64
		{5ECDECE9-F21E-4A32-9A8A-CE5014DEE312}.Release|x86.ActiveCfg = Release|x86
		{5ECDECE9-F21E-4A32-9A8A-CE5014DEE312}.Release|x86.Build.0 = Release|x86
	EndGlobalSection
	GlobalSection(SolutionProperties) = preSolution
		HideSolutionNode = FALSE
	EndGlobalSection
	GlobalSection(NestedProjects) = preSolution
		{B6C550AF-E0E5-4E4A-BD49-B517A954BC6F} = {35A6633D-383C-4FDD-92C4-0C169BAD94BD}
		{93E19E38-BF98-4064-9114-44CAA0B497C5} = {136B7382-1EFD-44C6-9F08-91CC498DDB90}
		{136B7382-1EFD-44C6-9F08-91CC498DDB90} = {35A6633D-383C-4FDD-92C4-0C169BAD94BD}
		{79636734-02E8-4A1C-A1FF-3DECDA9CBD02} = {35A6633D-383C-4FDD-92C4-0C169BAD94BD}
		{2F88C6EA-AAB2-4B3A-896F-6CC60E7D912B} = {79636734-02E8-4A1C-A1FF-3DECDA9CBD02}
		{44DFD15B-25CC-42C9-A0C8-4AC30C0B1699} = {35A6633D-383C-4FDD-92C4-0C169BAD94BD}
		{FA81538A-6A15-4C35-BAC7-50B760182BDF} = {44DFD15B-25CC-42C9-A0C8-4AC30C0B1699}
		{B32BE6A4-C9CB-4A7F-964B-02AD29457E38} = {44DFD15B-25CC-42C9-A0C8-4AC30C0B1699}
		{4E194090-9A06-4134-A6DD-D81A09D41FD7} = {44DFD15B-25CC-42C9-A0C8-4AC30C0B1699}
		{2DD2AE7C-34ED-4A58-B0CE-3B50CBCB0CEF} = {44DFD15B-25CC-42C9-A0C8-4AC30C0B1699}
		{700C7C0C-7E3D-4282-B9C4-0782C0740F7A} = {44DFD15B-25CC-42C9-A0C8-4AC30C0B1699}
		{B9A0D201-D081-44F4-BC3C-7AD8B4151EFD} = {44DFD15B-25CC-42C9-A0C8-4AC30C0B1699}
		{A9CD06A6-E66F-4957-9D8F-DBC233DC0E81} = {44DFD15B-25CC-42C9-A0C8-4AC30C0B1699}
		{252DD4D1-05DA-4601-BC13-95D98E5ED064} = {44DFD15B-25CC-42C9-A0C8-4AC30C0B1699}
		{0ACF9663-5AF7-413C-8294-3BFD30DA51F1} = {44DFD15B-25CC-42C9-A0C8-4AC30C0B1699}
		{5FC051ED-C899-4319-A692-2ECC4F442F0D} = {44DFD15B-25CC-42C9-A0C8-4AC30C0B1699}
		{590D8BD8-36F1-4C4D-A3D0-42921BC4DA4A} = {35A6633D-383C-4FDD-92C4-0C169BAD94BD}
		{E265F38F-A771-49BF-97C2-764CBD5DA231} = {590D8BD8-36F1-4C4D-A3D0-42921BC4DA4A}
		{40987646-A9AA-494F-81AF-D61557B87AFE} = {35A6633D-383C-4FDD-92C4-0C169BAD94BD}
		{24213BA4-2219-4B55-AB03-E3C81B7A0308} = {40987646-A9AA-494F-81AF-D61557B87AFE}
		{F9582C21-ED16-4689-8CD9-C4BAAC03BDD8} = {136B7382-1EFD-44C6-9F08-91CC498DDB90}
		{3971B12E-FF55-456A-AA11-7AC545E8A3E2} = {35A6633D-383C-4FDD-92C4-0C169BAD94BD}
		{5ECDECE9-F21E-4A32-9A8A-CE5014DEE312} = {3971B12E-FF55-456A-AA11-7AC545E8A3E2}
	EndGlobalSection
EndGlobal
